// !$*UTF8*$!
{
	archiveVersion = 1;
	classes = {
	};
	objectVersion = 55;
	objects = {

/* Begin PBXBuildFile section */
		2E6247572840404B00BB2A48 /* CountdownApp.swift in Sources */ = {isa = PBXBuildFile; fileRef = 2E6247562840404B00BB2A48 /* CountdownApp.swift */; };
		2E6247592840404B00BB2A48 /* ContentView.swift in Sources */ = {isa = PBXBuildFile; fileRef = 2E6247582840404B00BB2A48 /* ContentView.swift */; };
		2E62475B2840404C00BB2A48 /* Assets.xcassets in Resources */ = {isa = PBXBuildFile; fileRef = 2E62475A2840404C00BB2A48 /* Assets.xcassets */; };
		2E62475E2840404C00BB2A48 /* Preview Assets.xcassets in Resources */ = {isa = PBXBuildFile; fileRef = 2E62475D2840404C00BB2A48 /* Preview Assets.xcassets */; };
		2E6247682840404C00BB2A48 /* CountdownTests.swift in Sources */ = {isa = PBXBuildFile; fileRef = 2E6247672840404C00BB2A48 /* CountdownTests.swift */; };
		2E6247722840404C00BB2A48 /* CountdownUITests.swift in Sources */ = {isa = PBXBuildFile; fileRef = 2E6247712840404C00BB2A48 /* CountdownUITests.swift */; };
		2E6247742840404C00BB2A48 /* CountdownUITestsLaunchTests.swift in Sources */ = {isa = PBXBuildFile; fileRef = 2E6247732840404C00BB2A48 /* CountdownUITestsLaunchTests.swift */; };
/* End PBXBuildFile section */

/* Begin PBXContainerItemProxy section */
		2E6247642840404C00BB2A48 /* PBXContainerItemProxy */ = {
			isa = PBXContainerItemProxy;
			containerPortal = 2E62474B2840404B00BB2A48 /* Project object */;
			proxyType = 1;
			remoteGlobalIDString = 2E6247522840404B00BB2A48;
			remoteInfo = Countdown;
		};
		2E62476E2840404C00BB2A48 /* PBXContainerItemProxy */ = {
			isa = PBXContainerItemProxy;
			containerPortal = 2E62474B2840404B00BB2A48 /* Project object */;
			proxyType = 1;
			remoteGlobalIDString = 2E6247522840404B00BB2A48;
			remoteInfo = Countdown;
		};
/* End PBXContainerItemProxy section */

/* Begin PBXFileReference section */
		2E6247532840404B00BB2A48 /* Countdown.app */ = {isa = PBXFileReference; explicitFileType = wrapper.application; includeInIndex = 0; path = Countdown.app; sourceTree = BUILT_PRODUCTS_DIR; };
		2E6247562840404B00BB2A48 /* CountdownApp.swift */ = {isa = PBXFileReference; lastKnownFileType = sourcecode.swift; path = CountdownApp.swift; sourceTree = "<group>"; };
		2E6247582840404B00BB2A48 /* ContentView.swift */ = {isa = PBXFileReference; lastKnownFileType = sourcecode.swift; path = ContentView.swift; sourceTree = "<group>"; };
		2E62475A2840404C00BB2A48 /* Assets.xcassets */ = {isa = PBXFileReference; lastKnownFileType = folder.assetcatalog; path = Assets.xcassets; sourceTree = "<group>"; };
		2E62475D2840404C00BB2A48 /* Preview Assets.xcassets */ = {isa = PBXFileReference; lastKnownFileType = folder.assetcatalog; path = "Preview Assets.xcassets"; sourceTree = "<group>"; };
		2E6247632840404C00BB2A48 /* CountdownTests.xctest */ = {isa = PBXFileReference; explicitFileType = wrapper.cfbundle; includeInIndex = 0; path = CountdownTests.xctest; sourceTree = BUILT_PRODUCTS_DIR; };
		2E6247672840404C00BB2A48 /* CountdownTests.swift */ = {isa = PBXFileReference; lastKnownFileType = sourcecode.swift; path = CountdownTests.swift; sourceTree = "<group>"; };
		2E62476D2840404C00BB2A48 /* CountdownUITests.xctest */ = {isa = PBXFileReference; explicitFileType = wrapper.cfbundle; includeInIndex = 0; path = CountdownUITests.xctest; sourceTree = BUILT_PRODUCTS_DIR; };
		2E6247712840404C00BB2A48 /* CountdownUITests.swift */ = {isa = PBXFileReference; lastKnownFileType = sourcecode.swift; path = CountdownUITests.swift; sourceTree = "<group>"; };
		2E6247732840404C00BB2A48 /* CountdownUITestsLaunchTests.swift */ = {isa = PBXFileReference; lastKnownFileType = sourcecode.swift; path = CountdownUITestsLaunchTests.swift; sourceTree = "<group>"; };
/* End PBXFileReference section */

/* Begin PBXFrameworksBuildPhase section */
		2E6247502840404B00BB2A48 /* Frameworks */ = {
			isa = PBXFrameworksBuildPhase;
			buildActionMask = 2147483647;
			files = (
			);
			runOnlyForDeploymentPostprocessing = 0;
		};
		2E6247602840404C00BB2A48 /* Frameworks */ = {
			isa = PBXFrameworksBuildPhase;
			buildActionMask = 2147483647;
			files = (
			);
			runOnlyForDeploymentPostprocessing = 0;
		};
		2E62476A2840404C00BB2A48 /* Frameworks */ = {
			isa = PBXFrameworksBuildPhase;
			buildActionMask = 2147483647;
			files = (
			);
			runOnlyForDeploymentPostprocessing = 0;
		};
/* End PBXFrameworksBuildPhase section */

/* Begin PBXGroup section */
		2E62474A2840404B00BB2A48 = {
			isa = PBXGroup;
			children = (
				2E6247552840404B00BB2A48 /* Countdown */,
				2E6247662840404C00BB2A48 /* CountdownTests */,
				2E6247702840404C00BB2A48 /* CountdownUITests */,
				2E6247542840404B00BB2A48 /* Products */,
			);
			sourceTree = "<group>";
		};
		2E6247542840404B00BB2A48 /* Products */ = {
			isa = PBXGroup;
			children = (
				2E6247532840404B00BB2A48 /* Countdown.app */,
				2E6247632840404C00BB2A48 /* CountdownTests.xctest */,
				2E62476D2840404C00BB2A48 /* CountdownUITests.xctest */,
			);
			name = Products;
			sourceTree = "<group>";
		};
		2E6247552840404B00BB2A48 /* Countdown */ = {
			isa = PBXGroup;
			children = (
				2E6247562840404B00BB2A48 /* CountdownApp.swift */,
				2E6247582840404B00BB2A48 /* ContentView.swift */,
				2E62475A2840404C00BB2A48 /* Assets.xcassets */,
				2E62475C2840404C00BB2A48 /* Preview Content */,
			);
			path = Countdown;
			sourceTree = "<group>";
		};
		2E62475C2840404C00BB2A48 /* Preview Content */ = {
			isa = PBXGroup;
			children = (
				2E62475D2840404C00BB2A48 /* Preview Assets.xcassets */,
			);
			path = "Preview Content";
			sourceTree = "<group>";
		};
		2E6247662840404C00BB2A48 /* CountdownTests */ = {
			isa = PBXGroup;
			children = (
				2E6247672840404C00BB2A48 /* CountdownTests.swift */,
			);
			path = CountdownTests;
			sourceTree = "<group>";
		};
		2E6247702840404C00BB2A48 /* CountdownUITests */ = {
			isa = PBXGroup;
			children = (
				2E6247712840404C00BB2A48 /* CountdownUITests.swift */,
				2E6247732840404C00BB2A48 /* CountdownUITestsLaunchTests.swift */,
			);
			path = CountdownUITests;
			sourceTree = "<group>";
		};
/* End PBXGroup section */

/* Begin PBXNativeTarget section */
		2E6247522840404B00BB2A48 /* Countdown */ = {
			isa = PBXNativeTarget;
			buildConfigurationList = 2E6247772840404C00BB2A48 /* Build configuration list for PBXNativeTarget "Countdown" */;
			buildPhases = (
				2E62474F2840404B00BB2A48 /* Sources */,
				2E6247502840404B00BB2A48 /* Frameworks */,
				2E6247512840404B00BB2A48 /* Resources */,
			);
			buildRules = (
			);
			dependencies = (
			);
			name = Countdown;
			productName = Countdown;
			productReference = 2E6247532840404B00BB2A48 /* Countdown.app */;
			productType = "com.apple.product-type.application";
		};
		2E6247622840404C00BB2A48 /* CountdownTests */ = {
			isa = PBXNativeTarget;
			buildConfigurationList = 2E62477A2840404C00BB2A48 /* Build configuration list for PBXNativeTarget "CountdownTests" */;
			buildPhases = (
				2E62475F2840404C00BB2A48 /* Sources */,
				2E6247602840404C00BB2A48 /* Frameworks */,
				2E6247612840404C00BB2A48 /* Resources */,
			);
			buildRules = (
			);
			dependencies = (
				2E6247652840404C00BB2A48 /* PBXTargetDependency */,
			);
			name = CountdownTests;
			productName = CountdownTests;
			productReference = 2E6247632840404C00BB2A48 /* CountdownTests.xctest */;
			productType = "com.apple.product-type.bundle.unit-test";
		};
		2E62476C2840404C00BB2A48 /* CountdownUITests */ = {
			isa = PBXNativeTarget;
			buildConfigurationList = 2E62477D2840404C00BB2A48 /* Build configuration list for PBXNativeTarget "CountdownUITests" */;
			buildPhases = (
				2E6247692840404C00BB2A48 /* Sources */,
				2E62476A2840404C00BB2A48 /* Frameworks */,
				2E62476B2840404C00BB2A48 /* Resources */,
			);
			buildRules = (
			);
			dependencies = (
				2E62476F2840404C00BB2A48 /* PBXTargetDependency */,
			);
			name = CountdownUITests;
			productName = CountdownUITests;
			productReference = 2E62476D2840404C00BB2A48 /* CountdownUITests.xctest */;
			productType = "com.apple.product-type.bundle.ui-testing";
		};
/* End PBXNativeTarget section */

/* Begin PBXProject section */
		2E62474B2840404B00BB2A48 /* Project object */ = {
			isa = PBXProject;
			attributes = {
				BuildIndependentTargetsInParallel = 1;
				LastSwiftUpdateCheck = 1340;
				LastUpgradeCheck = 1340;
				TargetAttributes = {
					2E6247522840404B00BB2A48 = {
						CreatedOnToolsVersion = 13.4;
					};
					2E6247622840404C00BB2A48 = {
						CreatedOnToolsVersion = 13.4;
						TestTargetID = 2E6247522840404B00BB2A48;
					};
					2E62476C2840404C00BB2A48 = {
						CreatedOnToolsVersion = 13.4;
						TestTargetID = 2E6247522840404B00BB2A48;
					};
				};
			};
			buildConfigurationList = 2E62474E2840404B00BB2A48 /* Build configuration list for PBXProject "Countdown" */;
			compatibilityVersion = "Xcode 13.0";
			developmentRegion = en;
			hasScannedForEncodings = 0;
			knownRegions = (
				en,
				Base,
			);
			mainGroup = 2E62474A2840404B00BB2A48;
			productRefGroup = 2E6247542840404B00BB2A48 /* Products */;
			projectDirPath = "";
			projectRoot = "";
			targets = (
				2E6247522840404B00BB2A48 /* Countdown */,
				2E6247622840404C00BB2A48 /* CountdownTests */,
				2E62476C2840404C00BB2A48 /* CountdownUITests */,
			);
		};
/* End PBXProject section */

/* Begin PBXResourcesBuildPhase section */
		2E6247512840404B00BB2A48 /* Resources */ = {
			isa = PBXResourcesBuildPhase;
			buildActionMask = 2147483647;
			files = (
				2E62475E2840404C00BB2A48 /* Preview Assets.xcassets in Resources */,
				2E62475B2840404C00BB2A48 /* Assets.xcassets in Resources */,
			);
			runOnlyForDeploymentPostprocessing = 0;
		};
		2E6247612840404C00BB2A48 /* Resources */ = {
			isa = PBXResourcesBuildPhase;
			buildActionMask = 2147483647;
			files = (
			);
			runOnlyForDeploymentPostprocessing = 0;
		};
		2E62476B2840404C00BB2A48 /* Resources */ = {
			isa = PBXResourcesBuildPhase;
			buildActionMask = 2147483647;
			files = (
			);
			runOnlyForDeploymentPostprocessing = 0;
		};
/* End PBXResourcesBuildPhase section */

/* Begin PBXSourcesBuildPhase section */
		2E62474F2840404B00BB2A48 /* Sources */ = {
			isa = PBXSourcesBuildPhase;
			buildActionMask = 2147483647;
			files = (
				2E6247592840404B00BB2A48 /* ContentView.swift in Sources */,
				2E6247572840404B00BB2A48 /* CountdownApp.swift in Sources */,
			);
			runOnlyForDeploymentPostprocessing = 0;
		};
		2E62475F2840404C00BB2A48 /* Sources */ = {
			isa = PBXSourcesBuildPhase;
			buildActionMask = 2147483647;
			files = (
				2E6247682840404C00BB2A48 /* CountdownTests.swift in Sources */,
			);
			runOnlyForDeploymentPostprocessing = 0;
		};
		2E6247692840404C00BB2A48 /* Sources */ = {
			isa = PBXSourcesBuildPhase;
			buildActionMask = 2147483647;
			files = (
				2E6247742840404C00BB2A48 /* CountdownUITestsLaunchTests.swift in Sources */,
				2E6247722840404C00BB2A48 /* CountdownUITests.swift in Sources */,
			);
			runOnlyForDeploymentPostprocessing = 0;
		};
/* End PBXSourcesBuildPhase section */

/* Begin PBXTargetDependency section */
		2E6247652840404C00BB2A48 /* PBXTargetDependency */ = {
			isa = PBXTargetDependency;
			target = 2E6247522840404B00BB2A48 /* Countdown */;
			targetProxy = 2E6247642840404C00BB2A48 /* PBXContainerItemProxy */;
		};
		2E62476F2840404C00BB2A48 /* PBXTargetDependency */ = {
			isa = PBXTargetDependency;
			target = 2E6247522840404B00BB2A48 /* Countdown */;
			targetProxy = 2E62476E2840404C00BB2A48 /* PBXContainerItemProxy */;
		};
/* End PBXTargetDependency section */

/* Begin XCBuildConfiguration section */
		2E6247752840404C00BB2A48 /* Debug */ = {
			isa = XCBuildConfiguration;
			buildSettings = {
				ALWAYS_SEARCH_USER_PATHS = NO;
				CLANG_ANALYZER_NONNULL = YES;
				CLANG_ANALYZER_NUMBER_OBJECT_CONVERSION = YES_AGGRESSIVE;
				CLANG_CXX_LANGUAGE_STANDARD = "gnu++17";
				CLANG_ENABLE_MODULES = YES;
				CLANG_ENABLE_OBJC_ARC = YES;
				CLANG_ENABLE_OBJC_WEAK = YES;
				CLANG_WARN_BLOCK_CAPTURE_AUTORELEASING = YES;
				CLANG_WARN_BOOL_CONVERSION = YES;
				CLANG_WARN_COMMA = YES;
				CLANG_WARN_CONSTANT_CONVERSION = YES;
				CLANG_WARN_DEPRECATED_OBJC_IMPLEMENTATIONS = YES;
				CLANG_WARN_DIRECT_OBJC_ISA_USAGE = YES_ERROR;
				CLANG_WARN_DOCUMENTATION_COMMENTS = YES;
				CLANG_WARN_EMPTY_BODY = YES;
				CLANG_WARN_ENUM_CONVERSION = YES;
				CLANG_WARN_INFINITE_RECURSION = YES;
				CLANG_WARN_INT_CONVERSION = YES;
				CLANG_WARN_NON_LITERAL_NULL_CONVERSION = YES;
				CLANG_WARN_OBJC_IMPLICIT_RETAIN_SELF = YES;
				CLANG_WARN_OBJC_LITERAL_CONVERSION = YES;
				CLANG_WARN_OBJC_ROOT_CLASS = YES_ERROR;
				CLANG_WARN_QUOTED_INCLUDE_IN_FRAMEWORK_HEADER = YES;
				CLANG_WARN_RANGE_LOOP_ANALYSIS = YES;
				CLANG_WARN_STRICT_PROTOTYPES = YES;
				CLANG_WARN_SUSPICIOUS_MOVE = YES;
				CLANG_WARN_UNGUARDED_AVAILABILITY = YES_AGGRESSIVE;
				CLANG_WARN_UNREACHABLE_CODE = YES;
				CLANG_WARN__DUPLICATE_METHOD_MATCH = YES;
				COPY_PHASE_STRIP = NO;
				DEBUG_INFORMATION_FORMAT = dwarf;
				ENABLE_STRICT_OBJC_MSGSEND = YES;
				ENABLE_TESTABILITY = YES;
				GCC_C_LANGUAGE_STANDARD = gnu11;
				GCC_DYNAMIC_NO_PIC = NO;
				GCC_NO_COMMON_BLOCKS = YES;
				GCC_OPTIMIZATION_LEVEL = 0;
				GCC_PREPROCESSOR_DEFINITIONS = (
					"DEBUG=1",
					"$(inherited)",
				);
				GCC_WARN_64_TO_32_BIT_CONVERSION = YES;
				GCC_WARN_ABOUT_RETURN_TYPE = YES_ERROR;
				GCC_WARN_UNDECLARED_SELECTOR = YES;
				GCC_WARN_UNINITIALIZED_AUTOS = YES_AGGRESSIVE;
				GCC_WARN_UNUSED_FUNCTION = YES;
				GCC_WARN_UNUSED_VARIABLE = YES;
				IPHONEOS_DEPLOYMENT_TARGET = 15.5;
				MTL_ENABLE_DEBUG_INFO = INCLUDE_SOURCE;
				MTL_FAST_MATH = YES;
				ONLY_ACTIVE_ARCH = YES;
				SDKROOT = iphoneos;
				SWIFT_ACTIVE_COMPILATION_CONDITIONS = DEBUG;
				SWIFT_OPTIMIZATION_LEVEL = "-Onone";
			};
			name = Debug;
		};
		2E6247762840404C00BB2A48 /* Release */ = {
			isa = XCBuildConfiguration;
			buildSettings = {
				ALWAYS_SEARCH_USER_PATHS = NO;
				CLANG_ANALYZER_NONNULL = YES;
				CLANG_ANALYZER_NUMBER_OBJECT_CONVERSION = YES_AGGRESSIVE;
				CLANG_CXX_LANGUAGE_STANDARD = "gnu++17";
				CLANG_ENABLE_MODULES = YES;
				CLANG_ENABLE_OBJC_ARC = YES;
				CLANG_ENABLE_OBJC_WEAK = YES;
				CLANG_WARN_BLOCK_CAPTURE_AUTORELEASING = YES;
				CLANG_WARN_BOOL_CONVERSION = YES;
				CLANG_WARN_COMMA = YES;
				CLANG_WARN_CONSTANT_CONVERSION = YES;
				CLANG_WARN_DEPRECATED_OBJC_IMPLEMENTATIONS = YES;
				CLANG_WARN_DIRECT_OBJC_ISA_USAGE = YES_ERROR;
				CLANG_WARN_DOCUMENTATION_COMMENTS = YES;
				CLANG_WARN_EMPTY_BODY = YES;
				CLANG_WARN_ENUM_CONVERSION = YES;
				CLANG_WARN_INFINITE_RECURSION = YES;
				CLANG_WARN_INT_CONVERSION = YES;
				CLANG_WARN_NON_LITERAL_NULL_CONVERSION = YES;
				CLANG_WARN_OBJC_IMPLICIT_RETAIN_SELF = YES;
				CLANG_WARN_OBJC_LITERAL_CONVERSION = YES;
				CLANG_WARN_OBJC_ROOT_CLASS = YES_ERROR;
				CLANG_WARN_QUOTED_INCLUDE_IN_FRAMEWORK_HEADER = YES;
				CLANG_WARN_RANGE_LOOP_ANALYSIS = YES;
				CLANG_WARN_STRICT_PROTOTYPES = YES;
				CLANG_WARN_SUSPICIOUS_MOVE = YES;
				CLANG_WARN_UNGUARDED_AVAILABILITY = YES_AGGRESSIVE;
				CLANG_WARN_UNREACHABLE_CODE = YES;
				CLANG_WARN__DUPLICATE_METHOD_MATCH = YES;
				COPY_PHASE_STRIP = NO;
				DEBUG_INFORMATION_FORMAT = "dwarf-with-dsym";
				ENABLE_NS_ASSERTIONS = NO;
				ENABLE_STRICT_OBJC_MSGSEND = YES;
				GCC_C_LANGUAGE_STANDARD = gnu11;
				GCC_NO_COMMON_BLOCKS = YES;
				GCC_WARN_64_TO_32_BIT_CONVERSION = YES;
				GCC_WARN_ABOUT_RETURN_TYPE = YES_ERROR;
				GCC_WARN_UNDECLARED_SELECTOR = YES;
				GCC_WARN_UNINITIALIZED_AUTOS = YES_AGGRESSIVE;
				GCC_WARN_UNUSED_FUNCTION = YES;
				GCC_WARN_UNUSED_VARIABLE = YES;
				IPHONEOS_DEPLOYMENT_TARGET = 15.5;
				MTL_ENABLE_DEBUG_INFO = NO;
				MTL_FAST_MATH = YES;
				SDKROOT = iphoneos;
				SWIFT_COMPILATION_MODE = wholemodule;
				SWIFT_OPTIMIZATION_LEVEL = "-O";
				VALIDATE_PRODUCT = YES;
			};
			name = Release;
		};
		2E6247782840404C00BB2A48 /* Debug */ = {
			isa = XCBuildConfiguration;
			buildSettings = {
				ASSETCATALOG_COMPILER_APPICON_NAME = AppIcon;
				ASSETCATALOG_COMPILER_GLOBAL_ACCENT_COLOR_NAME = AccentColor;
				CODE_SIGN_STYLE = Automatic;
				CURRENT_PROJECT_VERSION = 1;
				DEVELOPMENT_ASSET_PATHS = "\"Countdown/Preview Content\"";
				DEVELOPMENT_TEAM = 3S8XC6A264;
				ENABLE_PREVIEWS = YES;
				GENERATE_INFOPLIST_FILE = YES;
				INFOPLIST_KEY_UIApplicationSceneManifest_Generation = YES;
				INFOPLIST_KEY_UIApplicationSupportsIndirectInputEvents = YES;
				INFOPLIST_KEY_UILaunchScreen_Generation = YES;
				INFOPLIST_KEY_UISupportedInterfaceOrientations_iPad = "UIInterfaceOrientationPortrait UIInterfaceOrientationPortraitUpsideDown UIInterfaceOrientationLandscapeLeft UIInterfaceOrientationLandscapeRight";
				INFOPLIST_KEY_UISupportedInterfaceOrientations_iPhone = "UIInterfaceOrientationPortrait UIInterfaceOrientationLandscapeLeft UIInterfaceOrientationLandscapeRight";
				LD_RUNPATH_SEARCH_PATHS = (
					"$(inherited)",
					"@executable_path/Frameworks",
				);
				MARKETING_VERSION = 1.0;
				PRODUCT_BUNDLE_IDENTIFIER = com.Cameron.Slash.Countdown;
				PRODUCT_NAME = "$(TARGET_NAME)";
				SWIFT_EMIT_LOC_STRINGS = YES;
				SWIFT_VERSION = 5.0;
				TARGETED_DEVICE_FAMILY = "1,2";
			};
			name = Debug;
		};
		2E6247792840404C00BB2A48 /* Release */ = {
			isa = XCBuildConfiguration;
			buildSettings = {
				ASSETCATALOG_COMPILER_APPICON_NAME = AppIcon;
				ASSETCATALOG_COMPILER_GLOBAL_ACCENT_COLOR_NAME = AccentColor;
				CODE_SIGN_STYLE = Automatic;
				CURRENT_PROJECT_VERSION = 1;
				DEVELOPMENT_ASSET_PATHS = "\"Countdown/Preview Content\"";
				DEVELOPMENT_TEAM = 3S8XC6A264;
				ENABLE_PREVIEWS = YES;
				GENERATE_INFOPLIST_FILE = YES;
				INFOPLIST_KEY_UIApplicationSceneManifest_Generation = YES;
				INFOPLIST_KEY_UIApplicationSupportsIndirectInputEvents = YES;
				INFOPLIST_KEY_UILaunchScreen_Generation = YES;
				INFOPLIST_KEY_UISupportedInterfaceOrientations_iPad = "UIInterfaceOrientationPortrait UIInterfaceOrientationPortraitUpsideDown UIInterfaceOrientationLandscapeLeft UIInterfaceOrientationLandscapeRight";
				INFOPLIST_KEY_UISupportedInterfaceOrientations_iPhone = "UIInterfaceOrientationPortrait UIInterfaceOrientationLandscapeLeft UIInterfaceOrientationLandscapeRight";
				LD_RUNPATH_SEARCH_PATHS = (
					"$(inherited)",
					"@executable_path/Frameworks",
				);
				MARKETING_VERSION = 1.0;
				PRODUCT_BUNDLE_IDENTIFIER = com.Cameron.Slash.Countdown;
				PRODUCT_NAME = "$(TARGET_NAME)";
				SWIFT_EMIT_LOC_STRINGS = YES;
				SWIFT_VERSION = 5.0;
				TARGETED_DEVICE_FAMILY = "1,2";
			};
			name = Release;
		};
		2E62477B2840404C00BB2A48 /* Debug */ = {
			isa = XCBuildConfiguration;
			buildSettings = {
				ALWAYS_EMBED_SWIFT_STANDARD_LIBRARIES = YES;
				BUNDLE_LOADER = "$(TEST_HOST)";
				CODE_SIGN_STYLE = Automatic;
				CURRENT_PROJECT_VERSION = 1;
				DEVELOPMENT_TEAM = 3S8XC6A264;
				GENERATE_INFOPLIST_FILE = YES;
				IPHONEOS_DEPLOYMENT_TARGET = 15.5;
				MARKETING_VERSION = 1.0;
				PRODUCT_BUNDLE_IDENTIFIER = com.Cameron.Slash.CountdownTests;
				PRODUCT_NAME = "$(TARGET_NAME)";
				SWIFT_EMIT_LOC_STRINGS = NO;
				SWIFT_VERSION = 5.0;
				TARGETED_DEVICE_FAMILY = "1,2";
				TEST_HOST = "$(BUILT_PRODUCTS_DIR)/Countdown.app/Countdown";
			};
			name = Debug;
		};
		2E62477C2840404C00BB2A48 /* Release */ = {
			isa = XCBuildConfiguration;
			buildSettings = {
				ALWAYS_EMBED_SWIFT_STANDARD_LIBRARIES = YES;
				BUNDLE_LOADER = "$(TEST_HOST)";
				CODE_SIGN_STYLE = Automatic;
				CURRENT_PROJECT_VERSION = 1;
				DEVELOPMENT_TEAM = 3S8XC6A264;
				GENERATE_INFOPLIST_FILE = YES;
				IPHONEOS_DEPLOYMENT_TARGET = 15.5;
				MARKETING_VERSION = 1.0;
				PRODUCT_BUNDLE_IDENTIFIER = com.Cameron.Slash.CountdownTests;
				PRODUCT_NAME = "$(TARGET_NAME)";
				SWIFT_EMIT_LOC_STRINGS = NO;
				SWIFT_VERSION = 5.0;
				TARGETED_DEVICE_FAMILY = "1,2";
				TEST_HOST = "$(BUILT_PRODUCTS_DIR)/Countdown.app/Countdown";
			};
			name = Release;
		};
		2E62477E2840404C00BB2A48 /* Debug */ = {
			isa = XCBuildConfiguration;
			buildSettings = {
				ALWAYS_EMBED_SWIFT_STANDARD_LIBRARIES = YES;
				CODE_SIGN_STYLE = Automatic;
				CURRENT_PROJECT_VERSION = 1;
				DEVELOPMENT_TEAM = 3S8XC6A264;
				GENERATE_INFOPLIST_FILE = YES;
				MARKETING_VERSION = 1.0;
				PRODUCT_BUNDLE_IDENTIFIER = com.Cameron.Slash.CountdownUITests;
				PRODUCT_NAME = "$(TARGET_NAME)";
				SWIFT_EMIT_LOC_STRINGS = NO;
				SWIFT_VERSION = 5.0;
				TARGETED_DEVICE_FAMILY = "1,2";
				TEST_TARGET_NAME = Countdown;
			};
			name = Debug;
		};
		2E62477F2840404C00BB2A48 /* Release */ = {
			isa = XCBuildConfiguration;
			buildSettings = {
				ALWAYS_EMBED_SWIFT_STANDARD_LIBRARIES = YES;
				CODE_SIGN_STYLE = Automatic;
				CURRENT_PROJECT_VERSION = 1;
				DEVELOPMENT_TEAM = 3S8XC6A264;
				GENERATE_INFOPLIST_FILE = YES;
				MARKETING_VERSION = 1.0;
				PRODUCT_BUNDLE_IDENTIFIER = com.Cameron.Slash.CountdownUITests;
				PRODUCT_NAME = "$(TARGET_NAME)";
				SWIFT_EMIT_LOC_STRINGS = NO;
				SWIFT_VERSION = 5.0;
				TARGETED_DEVICE_FAMILY = "1,2";
				TEST_TARGET_NAME = Countdown;
			};
			name = Release;
		};
/* End XCBuildConfiguration section */

/* Begin XCConfigurationList section */
		2E62474E2840404B00BB2A48 /* Build configuration list for PBXProject "Countdown" */ = {
			isa = XCConfigurationList;
			buildConfigurations = (
				2E6247752840404C00BB2A48 /* Debug */,
				2E6247762840404C00BB2A48 /* Release */,
			);
			defaultConfigurationIsVisible = 0;
			defaultConfigurationName = Release;
		};
		2E6247772840404C00BB2A48 /* Build configuration list for PBXNativeTarget "Countdown" */ = {
			isa = XCConfigurationList;
			buildConfigurations = (
				2E6247782840404C00BB2A48 /* Debug */,
				2E6247792840404C00BB2A48 /* Release */,
			);
			defaultConfigurationIsVisible = 0;
			defaultConfigurationName = Release;
		};
		2E62477A2840404C00BB2A48 /* Build configuration list for PBXNativeTarget "CountdownTests" */ = {
			isa = XCConfigurationList;
			buildConfigurations = (
				2E62477B2840404C00BB2A48 /* Debug */,
				2E62477C2840404C00BB2A48 /* Release */,
			);
			defaultConfigurationIsVisible = 0;
			defaultConfigurationName = Release;
		};
		2E62477D2840404C00BB2A48 /* Build configuration list for PBXNativeTarget "CountdownUITests" */ = {
			isa = XCConfigurationList;
			buildConfigurations = (
				2E62477E2840404C00BB2A48 /* Debug */,
				2E62477F2840404C00BB2A48 /* Release */,
			);
			defaultConfigurationIsVisible = 0;
			defaultConfigurationName = Release;
		};
/* End XCConfigurationList section */
	};
	rootObject = 2E62474B2840404B00BB2A48 /* Project object */;
}
