// !$*UTF8*$!
{
	archiveVersion = 1;
	classes = {
	};
	objectVersion = 56;
	objects = {

/* Begin PBXBuildFile section */
		2E01056F2B5E177B00A03873 /* CounterDownWatchApp.swift in Sources */ = {isa = PBXBuildFile; fileRef = 2E01056E2B5E177B00A03873 /* CounterDownWatchApp.swift */; };
		2E0105712B5E177B00A03873 /* ContentView.swift in Sources */ = {isa = PBXBuildFile; fileRef = 2E0105702B5E177B00A03873 /* ContentView.swift */; };
		2E0105732B5E177C00A03873 /* Assets.xcassets in Resources */ = {isa = PBXBuildFile; fileRef = 2E0105722B5E177C00A03873 /* Assets.xcassets */; };
		2E0105792B5E177C00A03873 /* CounterDown.app in Embed Watch Content */ = {isa = PBXBuildFile; fileRef = 2E01056C2B5E177B00A03873 /* CounterDown.app */; settings = {ATTRIBUTES = (RemoveHeadersOnCopy, ); }; };
		2E01057E2B5E17A600A03873 /* DynamicColor in Frameworks */ = {isa = PBXBuildFile; productRef = 2E01057D2B5E17A600A03873 /* DynamicColor */; };
		2E0105802B5E17A900A03873 /* CounterKit.framework in Frameworks */ = {isa = PBXBuildFile; fileRef = 2E01057F2B5E17A900A03873 /* CounterKit.framework */; };
		2E0105812B5E17A900A03873 /* CounterKit.framework in Embed Frameworks */ = {isa = PBXBuildFile; fileRef = 2E01057F2B5E17A900A03873 /* CounterKit.framework */; settings = {ATTRIBUTES = (CodeSignOnCopy, RemoveHeadersOnCopy, ); }; };
		2E0105872B5E1A1F00A03873 /* Widgets.appex in Embed Foundation Extensions */ = {isa = PBXBuildFile; fileRef = 2EBAA4FA2B58D3A100F3005D /* Widgets.appex */; settings = {ATTRIBUTES = (RemoveHeadersOnCopy, ); }; };
		2E1AD5422B5A372900F405A4 /* DynamicColor in Frameworks */ = {isa = PBXBuildFile; productRef = 2E1AD5412B5A372900F405A4 /* DynamicColor */; };
		2E1AD5432B5A37EE00F405A4 /* EventView.swift in Sources */ = {isa = PBXBuildFile; fileRef = 2E66C1B02B5A08910032249C /* EventView.swift */; };
		2E1AD5492B5A394100F405A4 /* SystemSmallEventView.swift in Sources */ = {isa = PBXBuildFile; fileRef = 2E1AD5452B5A382B00F405A4 /* SystemSmallEventView.swift */; };
		2E1AD54A2B5A394500F405A4 /* SystemMediumEventView.swift in Sources */ = {isa = PBXBuildFile; fileRef = 2E1AD5472B5A387F00F405A4 /* SystemMediumEventView.swift */; };
		2E66C1AA2B58DE4C0032249C /* CounterKit.framework in Frameworks */ = {isa = PBXBuildFile; fileRef = 2E66C1A92B58DE4C0032249C /* CounterKit.framework */; };
		2E66C1B62B5A1E0D0032249C /* DynamicColor in Frameworks */ = {isa = PBXBuildFile; productRef = 2E66C1B52B5A1E0D0032249C /* DynamicColor */; };
		2EA86A9E2B5C715300E4B1FD /* AccessoryRectangularEventView.swift in Sources */ = {isa = PBXBuildFile; fileRef = 2EA86A9D2B5C715300E4B1FD /* AccessoryRectangularEventView.swift */; };
		2EA86AA02B5CE21100E4B1FD /* EventListView.swift in Sources */ = {isa = PBXBuildFile; fileRef = 2EA86A9F2B5CE21100E4B1FD /* EventListView.swift */; };
		2EA86AA22B5CE6BB00E4B1FD /* EventGridView.swift in Sources */ = {isa = PBXBuildFile; fileRef = 2EA86AA12B5CE6BB00E4B1FD /* EventGridView.swift */; };
		2EBAA44F2B54AE7600F3005D /* CounterKit.framework in Frameworks */ = {isa = PBXBuildFile; fileRef = 2EBAA44E2B54AE7600F3005D /* CounterKit.framework */; };
		2EBAA4502B54AE7600F3005D /* CounterKit.framework in Embed Frameworks */ = {isa = PBXBuildFile; fileRef = 2EBAA44E2B54AE7600F3005D /* CounterKit.framework */; settings = {ATTRIBUTES = (CodeSignOnCopy, RemoveHeadersOnCopy, ); }; };
		2EBAA4622B57802D00F3005D /* EventEditorView.swift in Sources */ = {isa = PBXBuildFile; fileRef = 2EBAA4612B57802D00F3005D /* EventEditorView.swift */; };
		2EBAA4642B57885000F3005D /* SettingsView.swift in Sources */ = {isa = PBXBuildFile; fileRef = 2EBAA4632B57885000F3005D /* SettingsView.swift */; };
		2EBAA4662B5788AF00F3005D /* CalendarChooser.swift in Sources */ = {isa = PBXBuildFile; fileRef = 2EBAA4652B5788AF00F3005D /* CalendarChooser.swift */; };
		2EBAA4FB2B58D3A100F3005D /* WidgetKit.framework in Frameworks */ = {isa = PBXBuildFile; fileRef = 2EBAA46D2B58BE0100F3005D /* WidgetKit.framework */; };
		2EBAA4FC2B58D3A100F3005D /* SwiftUI.framework in Frameworks */ = {isa = PBXBuildFile; fileRef = 2EBAA46F2B58BE0100F3005D /* SwiftUI.framework */; };
		2EBAA4FF2B58D3A100F3005D /* WidgetsBundle.swift in Sources */ = {isa = PBXBuildFile; fileRef = 2EBAA4FE2B58D3A100F3005D /* WidgetsBundle.swift */; };
		2EBAA5012B58D3A100F3005D /* EventWidget.swift in Sources */ = {isa = PBXBuildFile; fileRef = 2EBAA5002B58D3A100F3005D /* EventWidget.swift */; };
		2EBAA5032B58D3A100F3005D /* EventWidgetIntent.swift in Sources */ = {isa = PBXBuildFile; fileRef = 2EBAA5022B58D3A100F3005D /* EventWidgetIntent.swift */; };
		2EBAA5052B58D3A300F3005D /* Assets.xcassets in Resources */ = {isa = PBXBuildFile; fileRef = 2EBAA5042B58D3A300F3005D /* Assets.xcassets */; };
		2EBAA50A2B58D3A300F3005D /* Widgets.appex in Embed Foundation Extensions */ = {isa = PBXBuildFile; fileRef = 2EBAA4FA2B58D3A100F3005D /* Widgets.appex */; settings = {ATTRIBUTES = (RemoveHeadersOnCopy, ); }; };
		2EBAA5112B58D7AC00F3005D /* EventTimelineProvider.swift in Sources */ = {isa = PBXBuildFile; fileRef = 2EBAA5102B58D7AC00F3005D /* EventTimelineProvider.swift */; };
		2EBAA5182B58DC5C00F3005D /* EventWidgetView.swift in Sources */ = {isa = PBXBuildFile; fileRef = 2EBAA5172B58DC5C00F3005D /* EventWidgetView.swift */; };
		2ECE3EFF2B5E1E5300B68BE7 /* EventView.swift in Sources */ = {isa = PBXBuildFile; fileRef = 2ECE3EFE2B5E1E5300B68BE7 /* EventView.swift */; };
		2EFEBA3B2B525F4000AE19F3 /* CounterDownApp.swift in Sources */ = {isa = PBXBuildFile; fileRef = 2EFEBA3A2B525F4000AE19F3 /* CounterDownApp.swift */; };
		2EFEBA3D2B525F4000AE19F3 /* ContentView.swift in Sources */ = {isa = PBXBuildFile; fileRef = 2EFEBA3C2B525F4000AE19F3 /* ContentView.swift */; };
		2EFEBA3F2B525F4100AE19F3 /* Assets.xcassets in Resources */ = {isa = PBXBuildFile; fileRef = 2EFEBA3E2B525F4100AE19F3 /* Assets.xcassets */; };
		2EFEBA432B525F4100AE19F3 /* Preview Assets.xcassets in Resources */ = {isa = PBXBuildFile; fileRef = 2EFEBA422B525F4100AE19F3 /* Preview Assets.xcassets */; };
/* End PBXBuildFile section */

/* Begin PBXContainerItemProxy section */
		2E0105772B5E177C00A03873 /* PBXContainerItemProxy */ = {
			isa = PBXContainerItemProxy;
			containerPortal = 2EFEBA2F2B525F4000AE19F3 /* Project object */;
			proxyType = 1;
			remoteGlobalIDString = 2E01056B2B5E177A00A03873;
			remoteInfo = "CounterDown (Watch) Watch App";
		};
		2E0105882B5E1A1F00A03873 /* PBXContainerItemProxy */ = {
			isa = PBXContainerItemProxy;
			containerPortal = 2EFEBA2F2B525F4000AE19F3 /* Project object */;
			proxyType = 1;
			remoteGlobalIDString = 2EBAA4F92B58D3A100F3005D;
			remoteInfo = Widgets;
		};
		2EBAA5082B58D3A300F3005D /* PBXContainerItemProxy */ = {
			isa = PBXContainerItemProxy;
			containerPortal = 2EFEBA2F2B525F4000AE19F3 /* Project object */;
			proxyType = 1;
			remoteGlobalIDString = 2EBAA4F92B58D3A100F3005D;
			remoteInfo = WidgetsExtension;
		};
/* End PBXContainerItemProxy section */

/* Begin PBXCopyFilesBuildPhase section */
		2E0105822B5E17A900A03873 /* Embed Frameworks */ = {
			isa = PBXCopyFilesBuildPhase;
			buildActionMask = 2147483647;
			dstPath = "";
			dstSubfolderSpec = 10;
			files = (
				2E0105812B5E17A900A03873 /* CounterKit.framework in Embed Frameworks */,
			);
			name = "Embed Frameworks";
			runOnlyForDeploymentPostprocessing = 0;
		};
		2E01058A2B5E1A1F00A03873 /* Embed Foundation Extensions */ = {
			isa = PBXCopyFilesBuildPhase;
			buildActionMask = 2147483647;
			dstPath = "";
			dstSubfolderSpec = 13;
			files = (
				2E0105872B5E1A1F00A03873 /* Widgets.appex in Embed Foundation Extensions */,
			);
			name = "Embed Foundation Extensions";
			runOnlyForDeploymentPostprocessing = 0;
		};
		2EBAA4512B54AE7600F3005D /* Embed Frameworks */ = {
			isa = PBXCopyFilesBuildPhase;
			buildActionMask = 2147483647;
			dstPath = "";
			dstSubfolderSpec = 10;
			files = (
				2EBAA4502B54AE7600F3005D /* CounterKit.framework in Embed Frameworks */,
			);
			name = "Embed Frameworks";
			runOnlyForDeploymentPostprocessing = 0;
		};
		2EBAA4822B58BE0300F3005D /* Embed Foundation Extensions */ = {
			isa = PBXCopyFilesBuildPhase;
			buildActionMask = 2147483647;
			dstPath = "";
			dstSubfolderSpec = 13;
			files = (
				2EBAA50A2B58D3A300F3005D /* Widgets.appex in Embed Foundation Extensions */,
			);
			name = "Embed Foundation Extensions";
			runOnlyForDeploymentPostprocessing = 0;
		};
		2ECAD4612B5E0D0F00EC42D1 /* Embed Watch Content */ = {
			isa = PBXCopyFilesBuildPhase;
			buildActionMask = 12;
			dstPath = "$(CONTENTS_FOLDER_PATH)/Watch";
			dstSubfolderSpec = 16;
			files = (
				2E0105792B5E177C00A03873 /* CounterDown.app in Embed Watch Content */,
			);
			name = "Embed Watch Content";
			runOnlyForDeploymentPostprocessing = 0;
		};
/* End PBXCopyFilesBuildPhase section */

/* Begin PBXFileReference section */
		2E01056C2B5E177B00A03873 /* CounterDown.app */ = {isa = PBXFileReference; explicitFileType = wrapper.application; includeInIndex = 0; path = CounterDown.app; sourceTree = BUILT_PRODUCTS_DIR; };
		2E01056E2B5E177B00A03873 /* CounterDownWatchApp.swift */ = {isa = PBXFileReference; lastKnownFileType = sourcecode.swift; path = CounterDownWatchApp.swift; sourceTree = "<group>"; };
		2E0105702B5E177B00A03873 /* ContentView.swift */ = {isa = PBXFileReference; lastKnownFileType = sourcecode.swift; path = ContentView.swift; sourceTree = "<group>"; };
		2E0105722B5E177C00A03873 /* Assets.xcassets */ = {isa = PBXFileReference; lastKnownFileType = folder.assetcatalog; path = Assets.xcassets; sourceTree = "<group>"; };
		2E01057F2B5E17A900A03873 /* CounterKit.framework */ = {isa = PBXFileReference; explicitFileType = wrapper.framework; path = CounterKit.framework; sourceTree = BUILT_PRODUCTS_DIR; };
		2E020E0F2B60C31800B1F8A6 /* CloudKit.framework */ = {isa = PBXFileReference; lastKnownFileType = wrapper.framework; name = CloudKit.framework; path = Platforms/iPhoneOS.platform/Developer/SDKs/iPhoneOS17.2.sdk/System/Library/Frameworks/CloudKit.framework; sourceTree = DEVELOPER_DIR; };
		2E020E112B60C32300B1F8A6 /* CloudKit.framework */ = {isa = PBXFileReference; lastKnownFileType = wrapper.framework; name = CloudKit.framework; path = Platforms/WatchOS.platform/Developer/SDKs/WatchOS10.2.sdk/System/Library/Frameworks/CloudKit.framework; sourceTree = DEVELOPER_DIR; };
		2E1AD5452B5A382B00F405A4 /* SystemSmallEventView.swift */ = {isa = PBXFileReference; lastKnownFileType = sourcecode.swift; path = SystemSmallEventView.swift; sourceTree = "<group>"; };
		2E1AD5472B5A387F00F405A4 /* SystemMediumEventView.swift */ = {isa = PBXFileReference; lastKnownFileType = sourcecode.swift; path = SystemMediumEventView.swift; sourceTree = "<group>"; };
		2E66C1A92B58DE4C0032249C /* CounterKit.framework */ = {isa = PBXFileReference; explicitFileType = wrapper.framework; path = CounterKit.framework; sourceTree = BUILT_PRODUCTS_DIR; };
		2E66C1B02B5A08910032249C /* EventView.swift */ = {isa = PBXFileReference; lastKnownFileType = sourcecode.swift; path = EventView.swift; sourceTree = "<group>"; };
		2E72BC0B2B5E0D88002F75F1 /* CounterKit.framework */ = {isa = PBXFileReference; explicitFileType = wrapper.framework; path = CounterKit.framework; sourceTree = BUILT_PRODUCTS_DIR; };
		2EA86A9D2B5C715300E4B1FD /* AccessoryRectangularEventView.swift */ = {isa = PBXFileReference; lastKnownFileType = sourcecode.swift; path = AccessoryRectangularEventView.swift; sourceTree = "<group>"; };
		2EA86A9F2B5CE21100E4B1FD /* EventListView.swift */ = {isa = PBXFileReference; lastKnownFileType = sourcecode.swift; path = EventListView.swift; sourceTree = "<group>"; };
		2EA86AA12B5CE6BB00E4B1FD /* EventGridView.swift */ = {isa = PBXFileReference; lastKnownFileType = sourcecode.swift; path = EventGridView.swift; sourceTree = "<group>"; };
		2EBAA44C2B549E4200F3005D /* Info.plist */ = {isa = PBXFileReference; lastKnownFileType = text.plist; path = Info.plist; sourceTree = "<group>"; };
		2EBAA44E2B54AE7600F3005D /* CounterKit.framework */ = {isa = PBXFileReference; explicitFileType = wrapper.framework; path = CounterKit.framework; sourceTree = BUILT_PRODUCTS_DIR; };
		2EBAA4612B57802D00F3005D /* EventEditorView.swift */ = {isa = PBXFileReference; lastKnownFileType = sourcecode.swift; path = EventEditorView.swift; sourceTree = "<group>"; };
		2EBAA4632B57885000F3005D /* SettingsView.swift */ = {isa = PBXFileReference; lastKnownFileType = sourcecode.swift; path = SettingsView.swift; sourceTree = "<group>"; };
		2EBAA4652B5788AF00F3005D /* CalendarChooser.swift */ = {isa = PBXFileReference; fileEncoding = 4; lastKnownFileType = sourcecode.swift; path = CalendarChooser.swift; sourceTree = "<group>"; };
		2EBAA46D2B58BE0100F3005D /* WidgetKit.framework */ = {isa = PBXFileReference; lastKnownFileType = wrapper.framework; name = WidgetKit.framework; path = /System/Library/Frameworks/WidgetKit.framework; sourceTree = "<absolute>"; };
		2EBAA46F2B58BE0100F3005D /* SwiftUI.framework */ = {isa = PBXFileReference; lastKnownFileType = wrapper.framework; name = SwiftUI.framework; path = /System/Library/Frameworks/SwiftUI.framework; sourceTree = "<absolute>"; };
		2EBAA4882B58BE3300F3005D /* Intents.framework */ = {isa = PBXFileReference; lastKnownFileType = wrapper.framework; name = Intents.framework; path = System/Library/Frameworks/Intents.framework; sourceTree = SDKROOT; };
		2EBAA4932B58BE3300F3005D /* IntentsUI.framework */ = {isa = PBXFileReference; lastKnownFileType = wrapper.framework; name = IntentsUI.framework; path = System/Library/Frameworks/IntentsUI.framework; sourceTree = SDKROOT; };
		2EBAA4AD2B58C4DF00F3005D /* CounterKit.framework */ = {isa = PBXFileReference; explicitFileType = wrapper.framework; path = CounterKit.framework; sourceTree = BUILT_PRODUCTS_DIR; };
		2EBAA4FA2B58D3A100F3005D /* Widgets.appex */ = {isa = PBXFileReference; explicitFileType = "wrapper.app-extension"; includeInIndex = 0; path = Widgets.appex; sourceTree = BUILT_PRODUCTS_DIR; };
		2EBAA4FE2B58D3A100F3005D /* WidgetsBundle.swift */ = {isa = PBXFileReference; lastKnownFileType = sourcecode.swift; path = WidgetsBundle.swift; sourceTree = "<group>"; };
		2EBAA5002B58D3A100F3005D /* EventWidget.swift */ = {isa = PBXFileReference; lastKnownFileType = sourcecode.swift; path = EventWidget.swift; sourceTree = "<group>"; };
		2EBAA5022B58D3A100F3005D /* EventWidgetIntent.swift */ = {isa = PBXFileReference; lastKnownFileType = sourcecode.swift; path = EventWidgetIntent.swift; sourceTree = "<group>"; };
		2EBAA5042B58D3A300F3005D /* Assets.xcassets */ = {isa = PBXFileReference; lastKnownFileType = folder.assetcatalog; path = Assets.xcassets; sourceTree = "<group>"; };
		2EBAA5062B58D3A300F3005D /* Info.plist */ = {isa = PBXFileReference; lastKnownFileType = text.plist.xml; path = Info.plist; sourceTree = "<group>"; };
		2EBAA5072B58D3A300F3005D /* Widgets.entitlements */ = {isa = PBXFileReference; lastKnownFileType = text.plist.entitlements; path = Widgets.entitlements; sourceTree = "<group>"; };
		2EBAA5102B58D7AC00F3005D /* EventTimelineProvider.swift */ = {isa = PBXFileReference; lastKnownFileType = sourcecode.swift; path = EventTimelineProvider.swift; sourceTree = "<group>"; };
		2EBAA5172B58DC5C00F3005D /* EventWidgetView.swift */ = {isa = PBXFileReference; lastKnownFileType = sourcecode.swift; path = EventWidgetView.swift; sourceTree = "<group>"; };
		2ECE3EFE2B5E1E5300B68BE7 /* EventView.swift */ = {isa = PBXFileReference; lastKnownFileType = sourcecode.swift; path = EventView.swift; sourceTree = "<group>"; };
		2ECE3F002B5E28A100B68BE7 /* CounterDown (Watch).entitlements */ = {isa = PBXFileReference; lastKnownFileType = text.plist.entitlements; path = "CounterDown (Watch).entitlements"; sourceTree = "<group>"; };
		2ECE3F012B5E2D1600B68BE7 /* CounterDownWatchInfo.plist */ = {isa = PBXFileReference; lastKnownFileType = text.plist.xml; path = CounterDownWatchInfo.plist; sourceTree = "<group>"; };
		2EFEBA372B525F4000AE19F3 /* CounterDown.app */ = {isa = PBXFileReference; explicitFileType = wrapper.application; includeInIndex = 0; path = CounterDown.app; sourceTree = BUILT_PRODUCTS_DIR; };
		2EFEBA3A2B525F4000AE19F3 /* CounterDownApp.swift */ = {isa = PBXFileReference; lastKnownFileType = sourcecode.swift; path = CounterDownApp.swift; sourceTree = "<group>"; };
		2EFEBA3C2B525F4000AE19F3 /* ContentView.swift */ = {isa = PBXFileReference; lastKnownFileType = sourcecode.swift; path = ContentView.swift; sourceTree = "<group>"; };
		2EFEBA3E2B525F4100AE19F3 /* Assets.xcassets */ = {isa = PBXFileReference; lastKnownFileType = folder.assetcatalog; path = Assets.xcassets; sourceTree = "<group>"; };
		2EFEBA402B525F4100AE19F3 /* CounterDown.entitlements */ = {isa = PBXFileReference; lastKnownFileType = text.plist.entitlements; path = CounterDown.entitlements; sourceTree = "<group>"; };
		2EFEBA422B525F4100AE19F3 /* Preview Assets.xcassets */ = {isa = PBXFileReference; lastKnownFileType = folder.assetcatalog; path = "Preview Assets.xcassets"; sourceTree = "<group>"; };
/* End PBXFileReference section */

/* Begin PBXFrameworksBuildPhase section */
		2E0105692B5E177A00A03873 /* Frameworks */ = {
			isa = PBXFrameworksBuildPhase;
			buildActionMask = 2147483647;
			files = (
				2E0105802B5E17A900A03873 /* CounterKit.framework in Frameworks */,
				2E01057E2B5E17A600A03873 /* DynamicColor in Frameworks */,
			);
			runOnlyForDeploymentPostprocessing = 0;
		};
		2EBAA4F72B58D3A100F3005D /* Frameworks */ = {
			isa = PBXFrameworksBuildPhase;
			buildActionMask = 2147483647;
			files = (
				2E1AD5422B5A372900F405A4 /* DynamicColor in Frameworks */,
				2E66C1AA2B58DE4C0032249C /* CounterKit.framework in Frameworks */,
				2EBAA4FC2B58D3A100F3005D /* SwiftUI.framework in Frameworks */,
				2EBAA4FB2B58D3A100F3005D /* WidgetKit.framework in Frameworks */,
			);
			runOnlyForDeploymentPostprocessing = 0;
		};
		2EFEBA342B525F4000AE19F3 /* Frameworks */ = {
			isa = PBXFrameworksBuildPhase;
			buildActionMask = 2147483647;
			files = (
				2E66C1B62B5A1E0D0032249C /* DynamicColor in Frameworks */,
				2EBAA44F2B54AE7600F3005D /* CounterKit.framework in Frameworks */,
			);
			runOnlyForDeploymentPostprocessing = 0;
		};
/* End PBXFrameworksBuildPhase section */

/* Begin PBXGroup section */
		2E01056D2B5E177B00A03873 /* Watch */ = {
			isa = PBXGroup;
			children = (
				2ECE3F012B5E2D1600B68BE7 /* CounterDownWatchInfo.plist */,
				2E01056E2B5E177B00A03873 /* CounterDownWatchApp.swift */,
				2E0105702B5E177B00A03873 /* ContentView.swift */,
				2ECE3EFE2B5E1E5300B68BE7 /* EventView.swift */,
				2E0105722B5E177C00A03873 /* Assets.xcassets */,
				2ECE3F002B5E28A100B68BE7 /* CounterDown (Watch).entitlements */,
			);
			path = Watch;
			sourceTree = "<group>";
		};
		2E1AD5442B5A382000F405A4 /* Views */ = {
			isa = PBXGroup;
			children = (
				2E1AD5452B5A382B00F405A4 /* SystemSmallEventView.swift */,
				2E1AD5472B5A387F00F405A4 /* SystemMediumEventView.swift */,
				2EA86A9D2B5C715300E4B1FD /* AccessoryRectangularEventView.swift */,
			);
			path = Views;
			sourceTree = "<group>";
		};
		2EBAA44D2B54AE7600F3005D /* Frameworks */ = {
			isa = PBXGroup;
			children = (
				2E020E0F2B60C31800B1F8A6 /* CloudKit.framework */,
				2E020E112B60C32300B1F8A6 /* CloudKit.framework */,
				2E01057F2B5E17A900A03873 /* CounterKit.framework */,
				2E72BC0B2B5E0D88002F75F1 /* CounterKit.framework */,
				2E66C1A92B58DE4C0032249C /* CounterKit.framework */,
				2EBAA4AD2B58C4DF00F3005D /* CounterKit.framework */,
				2EBAA44E2B54AE7600F3005D /* CounterKit.framework */,
				2EBAA46D2B58BE0100F3005D /* WidgetKit.framework */,
				2EBAA46F2B58BE0100F3005D /* SwiftUI.framework */,
				2EBAA4882B58BE3300F3005D /* Intents.framework */,
				2EBAA4932B58BE3300F3005D /* IntentsUI.framework */,
			);
			name = Frameworks;
			sourceTree = "<group>";
		};
		2EBAA4552B56258400F3005D /* Views */ = {
			isa = PBXGroup;
			children = (
				2EBAA4672B5788B200F3005D /* Components */,
				2EBAA4612B57802D00F3005D /* EventEditorView.swift */,
				2EBAA4632B57885000F3005D /* SettingsView.swift */,
			);
			path = Views;
			sourceTree = "<group>";
		};
		2EBAA4672B5788B200F3005D /* Components */ = {
			isa = PBXGroup;
			children = (
				2EBAA4652B5788AF00F3005D /* CalendarChooser.swift */,
				2E66C1B02B5A08910032249C /* EventView.swift */,
				2EA86A9F2B5CE21100E4B1FD /* EventListView.swift */,
				2EA86AA12B5CE6BB00E4B1FD /* EventGridView.swift */,
			);
			path = Components;
			sourceTree = "<group>";
		};
		2EBAA4FD2B58D3A100F3005D /* Widgets */ = {
			isa = PBXGroup;
			children = (
				2EBAA4FE2B58D3A100F3005D /* WidgetsBundle.swift */,
				2EBAA50E2B58D74400F3005D /* Event */,
				2EBAA5042B58D3A300F3005D /* Assets.xcassets */,
				2EBAA5062B58D3A300F3005D /* Info.plist */,
				2EBAA5072B58D3A300F3005D /* Widgets.entitlements */,
			);
			path = Widgets;
			sourceTree = "<group>";
		};
		2EBAA50E2B58D74400F3005D /* Event */ = {
			isa = PBXGroup;
			children = (
				2EBAA5002B58D3A100F3005D /* EventWidget.swift */,
				2EBAA5022B58D3A100F3005D /* EventWidgetIntent.swift */,
				2EBAA5102B58D7AC00F3005D /* EventTimelineProvider.swift */,
				2EBAA5172B58DC5C00F3005D /* EventWidgetView.swift */,
				2E1AD5442B5A382000F405A4 /* Views */,
			);
			path = Event;
			sourceTree = "<group>";
		};
		2EFEBA2E2B525F4000AE19F3 = {
			isa = PBXGroup;
			children = (
				2EFEBA392B525F4000AE19F3 /* CounterDown */,
				2E01056D2B5E177B00A03873 /* Watch */,
				2EBAA4FD2B58D3A100F3005D /* Widgets */,
				2EBAA44D2B54AE7600F3005D /* Frameworks */,
			);
			sourceTree = "<group>";
		};
		2EFEBA382B525F4000AE19F3 /* Products */ = {
			isa = PBXGroup;
			children = (
				2EFEBA372B525F4000AE19F3 /* CounterDown.app */,
				2EBAA4FA2B58D3A100F3005D /* Widgets.appex */,
				2E01056C2B5E177B00A03873 /* CounterDown.app */,
			);
			name = Products;
			path = ..;
			sourceTree = "<group>";
		};
		2EFEBA392B525F4000AE19F3 /* CounterDown */ = {
			isa = PBXGroup;
			children = (
				2EBAA44C2B549E4200F3005D /* Info.plist */,
				2EFEBA3A2B525F4000AE19F3 /* CounterDownApp.swift */,
				2EFEBA3C2B525F4000AE19F3 /* ContentView.swift */,
				2EFEBA3E2B525F4100AE19F3 /* Assets.xcassets */,
				2EFEBA402B525F4100AE19F3 /* CounterDown.entitlements */,
				2EFEBA382B525F4000AE19F3 /* Products */,
				2EBAA4552B56258400F3005D /* Views */,
				2EFEBA412B525F4100AE19F3 /* Preview Content */,
			);
			path = CounterDown;
			sourceTree = "<group>";
		};
		2EFEBA412B525F4100AE19F3 /* Preview Content */ = {
			isa = PBXGroup;
			children = (
				2EFEBA422B525F4100AE19F3 /* Preview Assets.xcassets */,
			);
			path = "Preview Content";
			sourceTree = "<group>";
		};
/* End PBXGroup section */

/* Begin PBXNativeTarget section */
		2E01056B2B5E177A00A03873 /* CounterDown (Watch) */ = {
			isa = PBXNativeTarget;
			buildConfigurationList = 2E01057C2B5E177C00A03873 /* Build configuration list for PBXNativeTarget "CounterDown (Watch)" */;
			buildPhases = (
				2E0105682B5E177A00A03873 /* Sources */,
				2E0105692B5E177A00A03873 /* Frameworks */,
				2E01056A2B5E177A00A03873 /* Resources */,
				2E0105822B5E17A900A03873 /* Embed Frameworks */,
				2E01058A2B5E1A1F00A03873 /* Embed Foundation Extensions */,
			);
			buildRules = (
			);
			dependencies = (
				2E0105892B5E1A1F00A03873 /* PBXTargetDependency */,
			);
			name = "CounterDown (Watch)";
			packageProductDependencies = (
				2E01057D2B5E17A600A03873 /* DynamicColor */,
			);
			productName = "CounterDown (Watch) Watch App";
			productReference = 2E01056C2B5E177B00A03873 /* CounterDown.app */;
			productType = "com.apple.product-type.application";
		};
		2EBAA4F92B58D3A100F3005D /* Widgets */ = {
			isa = PBXNativeTarget;
			buildConfigurationList = 2EBAA50B2B58D3A300F3005D /* Build configuration list for PBXNativeTarget "Widgets" */;
			buildPhases = (
				2EBAA4F62B58D3A100F3005D /* Sources */,
				2EBAA4F72B58D3A100F3005D /* Frameworks */,
				2EBAA4F82B58D3A100F3005D /* Resources */,
			);
			buildRules = (
			);
			dependencies = (
			);
			name = Widgets;
			packageProductDependencies = (
				2E1AD5412B5A372900F405A4 /* DynamicColor */,
			);
			productName = WidgetsExtension;
			productReference = 2EBAA4FA2B58D3A100F3005D /* Widgets.appex */;
			productType = "com.apple.product-type.app-extension";
		};
		2EFEBA362B525F4000AE19F3 /* CounterDown */ = {
			isa = PBXNativeTarget;
			buildConfigurationList = 2EFEBA462B525F4100AE19F3 /* Build configuration list for PBXNativeTarget "CounterDown" */;
			buildPhases = (
				2EFEBA332B525F4000AE19F3 /* Sources */,
				2EFEBA342B525F4000AE19F3 /* Frameworks */,
				2EFEBA352B525F4000AE19F3 /* Resources */,
				2EBAA4512B54AE7600F3005D /* Embed Frameworks */,
				2EBAA4822B58BE0300F3005D /* Embed Foundation Extensions */,
				2ECAD4612B5E0D0F00EC42D1 /* Embed Watch Content */,
			);
			buildRules = (
			);
			dependencies = (
				2EBAA5092B58D3A300F3005D /* PBXTargetDependency */,
				2E0105782B5E177C00A03873 /* PBXTargetDependency */,
			);
			name = CounterDown;
			packageProductDependencies = (
				2E66C1B52B5A1E0D0032249C /* DynamicColor */,
			);
			productName = CounterDown;
			productReference = 2EFEBA372B525F4000AE19F3 /* CounterDown.app */;
			productType = "com.apple.product-type.application";
		};
/* End PBXNativeTarget section */

/* Begin PBXProject section */
		2EFEBA2F2B525F4000AE19F3 /* Project object */ = {
			isa = PBXProject;
			attributes = {
				BuildIndependentTargetsInParallel = 1;
				LastSwiftUpdateCheck = 1520;
				LastUpgradeCheck = 1520;
				TargetAttributes = {
					2E01056B2B5E177A00A03873 = {
						CreatedOnToolsVersion = 15.2;
					};
					2EBAA4F92B58D3A100F3005D = {
						CreatedOnToolsVersion = 15.2;
					};
					2EFEBA362B525F4000AE19F3 = {
						CreatedOnToolsVersion = 15.2;
					};
				};
			};
			buildConfigurationList = 2EFEBA322B525F4000AE19F3 /* Build configuration list for PBXProject "CounterDown" */;
			compatibilityVersion = "Xcode 14.0";
			developmentRegion = en;
			hasScannedForEncodings = 0;
			knownRegions = (
				en,
				Base,
			);
			mainGroup = 2EFEBA2E2B525F4000AE19F3;
			packageReferences = (
				2E66C1B42B5A1E0D0032249C /* XCRemoteSwiftPackageReference "DynamicColor" */,
			);
			productRefGroup = 2EFEBA382B525F4000AE19F3 /* Products */;
			projectDirPath = "";
			projectRoot = "";
			targets = (
				2EFEBA362B525F4000AE19F3 /* CounterDown */,
				2E01056B2B5E177A00A03873 /* CounterDown (Watch) */,
				2EBAA4F92B58D3A100F3005D /* Widgets */,
			);
		};
/* End PBXProject section */

/* Begin PBXResourcesBuildPhase section */
		2E01056A2B5E177A00A03873 /* Resources */ = {
			isa = PBXResourcesBuildPhase;
			buildActionMask = 2147483647;
			files = (
				2E0105732B5E177C00A03873 /* Assets.xcassets in Resources */,
			);
			runOnlyForDeploymentPostprocessing = 0;
		};
		2EBAA4F82B58D3A100F3005D /* Resources */ = {
			isa = PBXResourcesBuildPhase;
			buildActionMask = 2147483647;
			files = (
				2EBAA5052B58D3A300F3005D /* Assets.xcassets in Resources */,
			);
			runOnlyForDeploymentPostprocessing = 0;
		};
		2EFEBA352B525F4000AE19F3 /* Resources */ = {
			isa = PBXResourcesBuildPhase;
			buildActionMask = 2147483647;
			files = (
				2EFEBA432B525F4100AE19F3 /* Preview Assets.xcassets in Resources */,
				2EFEBA3F2B525F4100AE19F3 /* Assets.xcassets in Resources */,
			);
			runOnlyForDeploymentPostprocessing = 0;
		};
/* End PBXResourcesBuildPhase section */

/* Begin PBXSourcesBuildPhase section */
		2E0105682B5E177A00A03873 /* Sources */ = {
			isa = PBXSourcesBuildPhase;
			buildActionMask = 2147483647;
			files = (
				2ECE3EFF2B5E1E5300B68BE7 /* EventView.swift in Sources */,
				2E0105712B5E177B00A03873 /* ContentView.swift in Sources */,
				2E01056F2B5E177B00A03873 /* CounterDownWatchApp.swift in Sources */,
			);
			runOnlyForDeploymentPostprocessing = 0;
		};
		2EBAA4F62B58D3A100F3005D /* Sources */ = {
			isa = PBXSourcesBuildPhase;
			buildActionMask = 2147483647;
			files = (
				2E1AD5492B5A394100F405A4 /* SystemSmallEventView.swift in Sources */,
				2EBAA4FF2B58D3A100F3005D /* WidgetsBundle.swift in Sources */,
				2EBAA5182B58DC5C00F3005D /* EventWidgetView.swift in Sources */,
				2EBAA5012B58D3A100F3005D /* EventWidget.swift in Sources */,
				2E1AD54A2B5A394500F405A4 /* SystemMediumEventView.swift in Sources */,
				2EBAA5112B58D7AC00F3005D /* EventTimelineProvider.swift in Sources */,
				2EBAA5032B58D3A100F3005D /* EventWidgetIntent.swift in Sources */,
				2EA86A9E2B5C715300E4B1FD /* AccessoryRectangularEventView.swift in Sources */,
			);
			runOnlyForDeploymentPostprocessing = 0;
		};
		2EFEBA332B525F4000AE19F3 /* Sources */ = {
			isa = PBXSourcesBuildPhase;
			buildActionMask = 2147483647;
			files = (
				2EBAA4662B5788AF00F3005D /* CalendarChooser.swift in Sources */,
				2EA86AA22B5CE6BB00E4B1FD /* EventGridView.swift in Sources */,
				2EFEBA3D2B525F4000AE19F3 /* ContentView.swift in Sources */,
				2EBAA4642B57885000F3005D /* SettingsView.swift in Sources */,
				2EA86AA02B5CE21100E4B1FD /* EventListView.swift in Sources */,
				2E1AD5432B5A37EE00F405A4 /* EventView.swift in Sources */,
				2EBAA4622B57802D00F3005D /* EventEditorView.swift in Sources */,
				2EFEBA3B2B525F4000AE19F3 /* CounterDownApp.swift in Sources */,
			);
			runOnlyForDeploymentPostprocessing = 0;
		};
/* End PBXSourcesBuildPhase section */

/* Begin PBXTargetDependency section */
		2E0105782B5E177C00A03873 /* PBXTargetDependency */ = {
			isa = PBXTargetDependency;
			target = 2E01056B2B5E177A00A03873 /* CounterDown (Watch) */;
			targetProxy = 2E0105772B5E177C00A03873 /* PBXContainerItemProxy */;
		};
		2E0105892B5E1A1F00A03873 /* PBXTargetDependency */ = {
			isa = PBXTargetDependency;
			target = 2EBAA4F92B58D3A100F3005D /* Widgets */;
			targetProxy = 2E0105882B5E1A1F00A03873 /* PBXContainerItemProxy */;
		};
		2EBAA5092B58D3A300F3005D /* PBXTargetDependency */ = {
			isa = PBXTargetDependency;
			target = 2EBAA4F92B58D3A100F3005D /* Widgets */;
			targetProxy = 2EBAA5082B58D3A300F3005D /* PBXContainerItemProxy */;
		};
/* End PBXTargetDependency section */

/* Begin XCBuildConfiguration section */
		2E01057A2B5E177C00A03873 /* Debug */ = {
			isa = XCBuildConfiguration;
			buildSettings = {
				ASSETCATALOG_COMPILER_APPICON_NAME = AppIcon;
				ASSETCATALOG_COMPILER_GLOBAL_ACCENT_COLOR_NAME = AccentColor;
				CODE_SIGN_ENTITLEMENTS = "Watch/CounterDown (Watch).entitlements";
				CODE_SIGN_IDENTITY = "Apple Development";
				CODE_SIGN_STYLE = Automatic;
				CURRENT_PROJECT_VERSION = 1.0.1;
				DEVELOPMENT_ASSET_PATHS = "";
				DEVELOPMENT_TEAM = 3S8XC6A264;
				ENABLE_PREVIEWS = YES;
				GENERATE_INFOPLIST_FILE = YES;
				INFOPLIST_FILE = Watch/CounterDownWatchInfo.plist;
				INFOPLIST_KEY_UISupportedInterfaceOrientations = "UIInterfaceOrientationPortrait UIInterfaceOrientationPortraitUpsideDown";
				INFOPLIST_KEY_WKCompanionAppBundleIdentifier = com.Cameron.Slash.Counterdown;
				LD_RUNPATH_SEARCH_PATHS = (
					"$(inherited)",
					"@executable_path/Frameworks",
				);
				MARKETING_VERSION = 1.0.1;
				PRODUCT_BUNDLE_IDENTIFIER = com.Cameron.Slash.Counterdown.watch;
				PRODUCT_NAME = CounterDown;
				PROVISIONING_PROFILE_SPECIFIER = "";
				SDKROOT = watchos;
				SKIP_INSTALL = YES;
				SWIFT_EMIT_LOC_STRINGS = YES;
				SWIFT_VERSION = 5.0;
				TARGETED_DEVICE_FAMILY = 4;
				WATCHOS_DEPLOYMENT_TARGET = 10.0;
			};
			name = Debug;
		};
		2E01057B2B5E177C00A03873 /* Release */ = {
			isa = XCBuildConfiguration;
			buildSettings = {
				ASSETCATALOG_COMPILER_APPICON_NAME = AppIcon;
				ASSETCATALOG_COMPILER_GLOBAL_ACCENT_COLOR_NAME = AccentColor;
				CODE_SIGN_ENTITLEMENTS = "Watch/CounterDown (Watch).entitlements";
				CODE_SIGN_IDENTITY = "Apple Development";
				CODE_SIGN_STYLE = Automatic;
				CURRENT_PROJECT_VERSION = 1.0.1;
				DEVELOPMENT_ASSET_PATHS = "";
				DEVELOPMENT_TEAM = 3S8XC6A264;
				ENABLE_PREVIEWS = YES;
				GENERATE_INFOPLIST_FILE = YES;
				INFOPLIST_FILE = Watch/CounterDownWatchInfo.plist;
				INFOPLIST_KEY_UISupportedInterfaceOrientations = "UIInterfaceOrientationPortrait UIInterfaceOrientationPortraitUpsideDown";
				INFOPLIST_KEY_WKCompanionAppBundleIdentifier = com.Cameron.Slash.Counterdown;
				LD_RUNPATH_SEARCH_PATHS = (
					"$(inherited)",
					"@executable_path/Frameworks",
				);
				MARKETING_VERSION = 1.0.1;
				PRODUCT_BUNDLE_IDENTIFIER = com.Cameron.Slash.Counterdown.watch;
				PRODUCT_NAME = CounterDown;
				PROVISIONING_PROFILE_SPECIFIER = "";
				SDKROOT = watchos;
				SKIP_INSTALL = YES;
				SWIFT_EMIT_LOC_STRINGS = YES;
				SWIFT_VERSION = 5.0;
				TARGETED_DEVICE_FAMILY = 4;
				VALIDATE_PRODUCT = YES;
				WATCHOS_DEPLOYMENT_TARGET = 10.0;
			};
			name = Release;
		};
		2EBAA50C2B58D3A300F3005D /* Debug */ = {
			isa = XCBuildConfiguration;
			buildSettings = {
				ASSETCATALOG_COMPILER_GLOBAL_ACCENT_COLOR_NAME = AccentColor;
				ASSETCATALOG_COMPILER_WIDGET_BACKGROUND_COLOR_NAME = WidgetBackground;
				CODE_SIGN_ENTITLEMENTS = Widgets/Widgets.entitlements;
				CODE_SIGN_IDENTITY = "Apple Development";
				CODE_SIGN_STYLE = Automatic;
				CURRENT_PROJECT_VERSION = 1.0.1;
				DEVELOPMENT_TEAM = 3S8XC6A264;
				ENABLE_HARDENED_RUNTIME = YES;
				GENERATE_INFOPLIST_FILE = YES;
				INFOPLIST_FILE = Widgets/Info.plist;
				INFOPLIST_KEY_CFBundleDisplayName = Widgets;
				INFOPLIST_KEY_LSApplicationCategoryType = "";
				INFOPLIST_KEY_NSHumanReadableCopyright = "";
				IPHONEOS_DEPLOYMENT_TARGET = 17.0;
				LD_RUNPATH_SEARCH_PATHS = (
					"$(inherited)",
					"@executable_path/Frameworks",
					"@executable_path/../../Frameworks",
				);
				"LD_RUNPATH_SEARCH_PATHS[sdk=macosx*]" = (
					"$(inherited)",
					"@executable_path/../Frameworks",
					"@executable_path/../../../../Frameworks",
				);
				MACOSX_DEPLOYMENT_TARGET = 14.0;
				MARKETING_VERSION = 1.0.1;
				PRODUCT_BUNDLE_IDENTIFIER = com.Cameron.Slash.Counterdown.Widgets;
				"PRODUCT_BUNDLE_IDENTIFIER[sdk=watchos*]" = com.Cameron.Slash.Counterdown.watch.Widgets;
				"PRODUCT_BUNDLE_IDENTIFIER[sdk=watchsimulator*]" = com.Cameron.Slash.Counterdown.watch.Widgets;
				PRODUCT_NAME = "$(TARGET_NAME)";
				SDKROOT = auto;
				SKIP_INSTALL = YES;
				SUPPORTED_PLATFORMS = "iphoneos iphonesimulator macosx watchos watchsimulator";
				SUPPORTS_MACCATALYST = NO;
				SWIFT_EMIT_LOC_STRINGS = YES;
				SWIFT_VERSION = 5.0;
				TARGETED_DEVICE_FAMILY = "1,2,4";
				WATCHOS_DEPLOYMENT_TARGET = 10.0;
			};
			name = Debug;
		};
		2EBAA50D2B58D3A300F3005D /* Release */ = {
			isa = XCBuildConfiguration;
			buildSettings = {
				ASSETCATALOG_COMPILER_GLOBAL_ACCENT_COLOR_NAME = AccentColor;
				ASSETCATALOG_COMPILER_WIDGET_BACKGROUND_COLOR_NAME = WidgetBackground;
				CODE_SIGN_ENTITLEMENTS = Widgets/Widgets.entitlements;
				CODE_SIGN_IDENTITY = "Apple Development";
				CODE_SIGN_STYLE = Automatic;
				CURRENT_PROJECT_VERSION = 1.0.1;
				DEVELOPMENT_TEAM = 3S8XC6A264;
				ENABLE_HARDENED_RUNTIME = YES;
				GENERATE_INFOPLIST_FILE = YES;
				INFOPLIST_FILE = Widgets/Info.plist;
				INFOPLIST_KEY_CFBundleDisplayName = Widgets;
				INFOPLIST_KEY_LSApplicationCategoryType = "";
				INFOPLIST_KEY_NSHumanReadableCopyright = "";
				IPHONEOS_DEPLOYMENT_TARGET = 17.0;
				LD_RUNPATH_SEARCH_PATHS = (
					"$(inherited)",
					"@executable_path/Frameworks",
					"@executable_path/../../Frameworks",
				);
				"LD_RUNPATH_SEARCH_PATHS[sdk=macosx*]" = (
					"$(inherited)",
					"@executable_path/../Frameworks",
					"@executable_path/../../../../Frameworks",
				);
				MACOSX_DEPLOYMENT_TARGET = 14.0;
				MARKETING_VERSION = 1.0.1;
				PRODUCT_BUNDLE_IDENTIFIER = com.Cameron.Slash.Counterdown.Widgets;
				"PRODUCT_BUNDLE_IDENTIFIER[sdk=watchos*]" = com.Cameron.Slash.Counterdown.watch.Widgets;
				"PRODUCT_BUNDLE_IDENTIFIER[sdk=watchsimulator*]" = com.Cameron.Slash.Counterdown.watch.Widgets;
				PRODUCT_NAME = "$(TARGET_NAME)";
				SDKROOT = auto;
				SKIP_INSTALL = YES;
				SUPPORTED_PLATFORMS = "iphoneos iphonesimulator macosx watchos watchsimulator";
				SUPPORTS_MACCATALYST = NO;
				SWIFT_EMIT_LOC_STRINGS = YES;
				SWIFT_VERSION = 5.0;
				TARGETED_DEVICE_FAMILY = "1,2,4";
				WATCHOS_DEPLOYMENT_TARGET = 10.0;
			};
			name = Release;
		};
		2EFEBA442B525F4100AE19F3 /* Debug */ = {
			isa = XCBuildConfiguration;
			buildSettings = {
				ALWAYS_SEARCH_USER_PATHS = NO;
				ASSETCATALOG_COMPILER_GENERATE_SWIFT_ASSET_SYMBOL_EXTENSIONS = YES;
				CLANG_ANALYZER_NONNULL = YES;
				CLANG_ANALYZER_NUMBER_OBJECT_CONVERSION = YES_AGGRESSIVE;
				CLANG_CXX_LANGUAGE_STANDARD = "gnu++20";
				CLANG_ENABLE_MODULES = YES;
				CLANG_ENABLE_OBJC_ARC = YES;
				CLANG_ENABLE_OBJC_WEAK = YES;
				CLANG_WARN_BLOCK_CAPTURE_AUTORELEASING = YES;
				CLANG_WARN_BOOL_CONVERSION = YES;
				CLANG_WARN_COMMA = YES;
				CLANG_WARN_CONSTANT_CONVERSION = YES;
				CLANG_WARN_DEPRECATED_OBJC_IMPLEMENTATIONS = YES;
				CLANG_WARN_DIRECT_OBJC_ISA_USAGE = YES_ERROR;
				CLANG_WARN_DOCUMENTATION_COMMENTS = YES;
				CLANG_WARN_EMPTY_BODY = YES;
				CLANG_WARN_ENUM_CONVERSION = YES;
				CLANG_WARN_INFINITE_RECURSION = YES;
				CLANG_WARN_INT_CONVERSION = YES;
				CLANG_WARN_NON_LITERAL_NULL_CONVERSION = YES;
				CLANG_WARN_OBJC_IMPLICIT_RETAIN_SELF = YES;
				CLANG_WARN_OBJC_LITERAL_CONVERSION = YES;
				CLANG_WARN_OBJC_ROOT_CLASS = YES_ERROR;
				CLANG_WARN_QUOTED_INCLUDE_IN_FRAMEWORK_HEADER = YES;
				CLANG_WARN_RANGE_LOOP_ANALYSIS = YES;
				CLANG_WARN_STRICT_PROTOTYPES = YES;
				CLANG_WARN_SUSPICIOUS_MOVE = YES;
				CLANG_WARN_UNGUARDED_AVAILABILITY = YES_AGGRESSIVE;
				CLANG_WARN_UNREACHABLE_CODE = YES;
				CLANG_WARN__DUPLICATE_METHOD_MATCH = YES;
				COPY_PHASE_STRIP = NO;
				DEBUG_INFORMATION_FORMAT = dwarf;
				ENABLE_STRICT_OBJC_MSGSEND = YES;
				ENABLE_TESTABILITY = YES;
				ENABLE_USER_SCRIPT_SANDBOXING = YES;
				GCC_C_LANGUAGE_STANDARD = gnu17;
				GCC_DYNAMIC_NO_PIC = NO;
				GCC_NO_COMMON_BLOCKS = YES;
				GCC_OPTIMIZATION_LEVEL = 0;
				GCC_PREPROCESSOR_DEFINITIONS = (
					"DEBUG=1",
					"$(inherited)",
				);
				GCC_WARN_64_TO_32_BIT_CONVERSION = YES;
				GCC_WARN_ABOUT_RETURN_TYPE = YES_ERROR;
				GCC_WARN_UNDECLARED_SELECTOR = YES;
				GCC_WARN_UNINITIALIZED_AUTOS = YES_AGGRESSIVE;
				GCC_WARN_UNUSED_FUNCTION = YES;
				GCC_WARN_UNUSED_VARIABLE = YES;
				IPHONEOS_DEPLOYMENT_TARGET = 17.0;
				LOCALIZATION_PREFERS_STRING_CATALOGS = YES;
				MACOSX_DEPLOYMENT_TARGET = 14.0;
				MTL_ENABLE_DEBUG_INFO = INCLUDE_SOURCE;
				MTL_FAST_MATH = YES;
				ONLY_ACTIVE_ARCH = YES;
				SWIFT_ACTIVE_COMPILATION_CONDITIONS = "DEBUG $(inherited)";
				SWIFT_OPTIMIZATION_LEVEL = "-Onone";
				WATCHOS_DEPLOYMENT_TARGET = 10.0;
				XROS_DEPLOYMENT_TARGET = 1.0;
			};
			name = Debug;
		};
		2EFEBA452B525F4100AE19F3 /* Release */ = {
			isa = XCBuildConfiguration;
			buildSettings = {
				ALWAYS_SEARCH_USER_PATHS = NO;
				ASSETCATALOG_COMPILER_GENERATE_SWIFT_ASSET_SYMBOL_EXTENSIONS = YES;
				CLANG_ANALYZER_NONNULL = YES;
				CLANG_ANALYZER_NUMBER_OBJECT_CONVERSION = YES_AGGRESSIVE;
				CLANG_CXX_LANGUAGE_STANDARD = "gnu++20";
				CLANG_ENABLE_MODULES = YES;
				CLANG_ENABLE_OBJC_ARC = YES;
				CLANG_ENABLE_OBJC_WEAK = YES;
				CLANG_WARN_BLOCK_CAPTURE_AUTORELEASING = YES;
				CLANG_WARN_BOOL_CONVERSION = YES;
				CLANG_WARN_COMMA = YES;
				CLANG_WARN_CONSTANT_CONVERSION = YES;
				CLANG_WARN_DEPRECATED_OBJC_IMPLEMENTATIONS = YES;
				CLANG_WARN_DIRECT_OBJC_ISA_USAGE = YES_ERROR;
				CLANG_WARN_DOCUMENTATION_COMMENTS = YES;
				CLANG_WARN_EMPTY_BODY = YES;
				CLANG_WARN_ENUM_CONVERSION = YES;
				CLANG_WARN_INFINITE_RECURSION = YES;
				CLANG_WARN_INT_CONVERSION = YES;
				CLANG_WARN_NON_LITERAL_NULL_CONVERSION = YES;
				CLANG_WARN_OBJC_IMPLICIT_RETAIN_SELF = YES;
				CLANG_WARN_OBJC_LITERAL_CONVERSION = YES;
				CLANG_WARN_OBJC_ROOT_CLASS = YES_ERROR;
				CLANG_WARN_QUOTED_INCLUDE_IN_FRAMEWORK_HEADER = YES;
				CLANG_WARN_RANGE_LOOP_ANALYSIS = YES;
				CLANG_WARN_STRICT_PROTOTYPES = YES;
				CLANG_WARN_SUSPICIOUS_MOVE = YES;
				CLANG_WARN_UNGUARDED_AVAILABILITY = YES_AGGRESSIVE;
				CLANG_WARN_UNREACHABLE_CODE = YES;
				CLANG_WARN__DUPLICATE_METHOD_MATCH = YES;
				COPY_PHASE_STRIP = NO;
				DEBUG_INFORMATION_FORMAT = "dwarf-with-dsym";
				ENABLE_NS_ASSERTIONS = NO;
				ENABLE_STRICT_OBJC_MSGSEND = YES;
				ENABLE_USER_SCRIPT_SANDBOXING = YES;
				GCC_C_LANGUAGE_STANDARD = gnu17;
				GCC_NO_COMMON_BLOCKS = YES;
				GCC_WARN_64_TO_32_BIT_CONVERSION = YES;
				GCC_WARN_ABOUT_RETURN_TYPE = YES_ERROR;
				GCC_WARN_UNDECLARED_SELECTOR = YES;
				GCC_WARN_UNINITIALIZED_AUTOS = YES_AGGRESSIVE;
				GCC_WARN_UNUSED_FUNCTION = YES;
				GCC_WARN_UNUSED_VARIABLE = YES;
				IPHONEOS_DEPLOYMENT_TARGET = 17.0;
				LOCALIZATION_PREFERS_STRING_CATALOGS = YES;
				MACOSX_DEPLOYMENT_TARGET = 14.0;
				MTL_ENABLE_DEBUG_INFO = NO;
				MTL_FAST_MATH = YES;
				SWIFT_COMPILATION_MODE = wholemodule;
				WATCHOS_DEPLOYMENT_TARGET = 10.0;
				XROS_DEPLOYMENT_TARGET = 1.0;
			};
			name = Release;
		};
		2EFEBA472B525F4100AE19F3 /* Debug */ = {
			isa = XCBuildConfiguration;
			buildSettings = {
				ALWAYS_EMBED_SWIFT_STANDARD_LIBRARIES = YES;
				ASSETCATALOG_COMPILER_APPICON_NAME = AppIcon;
				ASSETCATALOG_COMPILER_GLOBAL_ACCENT_COLOR_NAME = AccentColor;
				ASSETCATALOG_COMPILER_INCLUDE_ALL_APPICON_ASSETS = YES;
				CODE_SIGN_ENTITLEMENTS = CounterDown/CounterDown.entitlements;
				CODE_SIGN_IDENTITY = "Apple Development";
				CODE_SIGN_STYLE = Automatic;
				CURRENT_PROJECT_VERSION = 1.0.1;
				DEVELOPMENT_ASSET_PATHS = "\"CounterDown/Preview Content\"";
				DEVELOPMENT_TEAM = 3S8XC6A264;
				ENABLE_HARDENED_RUNTIME = YES;
				ENABLE_PREVIEWS = YES;
				GENERATE_INFOPLIST_FILE = YES;
				INFOPLIST_FILE = CounterDown/Info.plist;
				INFOPLIST_KEY_CFBundleDisplayName = CounterDown;
				INFOPLIST_KEY_LSApplicationCategoryType = "public.app-category.utilities";
				"INFOPLIST_KEY_UIApplicationSceneManifest_Generation[sdk=iphoneos*]" = YES;
				"INFOPLIST_KEY_UIApplicationSceneManifest_Generation[sdk=iphonesimulator*]" = YES;
				"INFOPLIST_KEY_UIApplicationSupportsIndirectInputEvents[sdk=iphoneos*]" = YES;
				"INFOPLIST_KEY_UIApplicationSupportsIndirectInputEvents[sdk=iphonesimulator*]" = YES;
				"INFOPLIST_KEY_UILaunchScreen_Generation[sdk=iphoneos*]" = YES;
				"INFOPLIST_KEY_UILaunchScreen_Generation[sdk=iphonesimulator*]" = YES;
				"INFOPLIST_KEY_UIStatusBarStyle[sdk=iphoneos*]" = UIStatusBarStyleDefault;
				"INFOPLIST_KEY_UIStatusBarStyle[sdk=iphonesimulator*]" = UIStatusBarStyleDefault;
				INFOPLIST_KEY_UISupportedInterfaceOrientations = UIInterfaceOrientationPortrait;
				INFOPLIST_KEY_UISupportedInterfaceOrientations_iPad = "UIInterfaceOrientationLandscapeLeft UIInterfaceOrientationLandscapeRight UIInterfaceOrientationPortrait UIInterfaceOrientationPortraitUpsideDown";
				IPHONEOS_DEPLOYMENT_TARGET = 17.0;
				LD_RUNPATH_SEARCH_PATHS = "@executable_path/Frameworks";
				"LD_RUNPATH_SEARCH_PATHS[sdk=macosx*]" = "@executable_path/../Frameworks";
				MACOSX_DEPLOYMENT_TARGET = 14.2;
				MARKETING_VERSION = 1.0.1;
				PRODUCT_BUNDLE_IDENTIFIER = com.Cameron.Slash.Counterdown;
				PRODUCT_NAME = "$(TARGET_NAME)";
				PROVISIONING_PROFILE_SPECIFIER = "";
				SDKROOT = auto;
				SUPPORTED_PLATFORMS = "iphoneos iphonesimulator";
				SUPPORTS_MACCATALYST = NO;
				SWIFT_EMIT_LOC_STRINGS = YES;
				SWIFT_VERSION = 5.0;
				TARGETED_DEVICE_FAMILY = "1,2";
			};
			name = Debug;
		};
		2EFEBA482B525F4100AE19F3 /* Release */ = {
			isa = XCBuildConfiguration;
			buildSettings = {
				ALWAYS_EMBED_SWIFT_STANDARD_LIBRARIES = YES;
				ASSETCATALOG_COMPILER_APPICON_NAME = AppIcon;
				ASSETCATALOG_COMPILER_GLOBAL_ACCENT_COLOR_NAME = AccentColor;
				ASSETCATALOG_COMPILER_INCLUDE_ALL_APPICON_ASSETS = YES;
				CODE_SIGN_ENTITLEMENTS = CounterDown/CounterDown.entitlements;
				CODE_SIGN_IDENTITY = "Apple Development";
				CODE_SIGN_STYLE = Automatic;
				CURRENT_PROJECT_VERSION = 1.0.1;
				DEVELOPMENT_ASSET_PATHS = "\"CounterDown/Preview Content\"";
				DEVELOPMENT_TEAM = 3S8XC6A264;
				ENABLE_HARDENED_RUNTIME = YES;
				ENABLE_PREVIEWS = YES;
				GENERATE_INFOPLIST_FILE = YES;
				INFOPLIST_FILE = CounterDown/Info.plist;
				INFOPLIST_KEY_CFBundleDisplayName = CounterDown;
				INFOPLIST_KEY_LSApplicationCategoryType = "public.app-category.utilities";
				"INFOPLIST_KEY_UIApplicationSceneManifest_Generation[sdk=iphoneos*]" = YES;
				"INFOPLIST_KEY_UIApplicationSceneManifest_Generation[sdk=iphonesimulator*]" = YES;
				"INFOPLIST_KEY_UIApplicationSupportsIndirectInputEvents[sdk=iphoneos*]" = YES;
				"INFOPLIST_KEY_UIApplicationSupportsIndirectInputEvents[sdk=iphonesimulator*]" = YES;
				"INFOPLIST_KEY_UILaunchScreen_Generation[sdk=iphoneos*]" = YES;
				"INFOPLIST_KEY_UILaunchScreen_Generation[sdk=iphonesimulator*]" = YES;
				"INFOPLIST_KEY_UIStatusBarStyle[sdk=iphoneos*]" = UIStatusBarStyleDefault;
				"INFOPLIST_KEY_UIStatusBarStyle[sdk=iphonesimulator*]" = UIStatusBarStyleDefault;
				INFOPLIST_KEY_UISupportedInterfaceOrientations = UIInterfaceOrientationPortrait;
				INFOPLIST_KEY_UISupportedInterfaceOrientations_iPad = "UIInterfaceOrientationLandscapeLeft UIInterfaceOrientationLandscapeRight UIInterfaceOrientationPortrait UIInterfaceOrientationPortraitUpsideDown";
				IPHONEOS_DEPLOYMENT_TARGET = 17.0;
				LD_RUNPATH_SEARCH_PATHS = "@executable_path/Frameworks";
				"LD_RUNPATH_SEARCH_PATHS[sdk=macosx*]" = "@executable_path/../Frameworks";
				MACOSX_DEPLOYMENT_TARGET = 14.2;
				MARKETING_VERSION = 1.0.1;
				PRODUCT_BUNDLE_IDENTIFIER = com.Cameron.Slash.Counterdown;
				PRODUCT_NAME = "$(TARGET_NAME)";
				PROVISIONING_PROFILE_SPECIFIER = "";
				SDKROOT = auto;
				SUPPORTED_PLATFORMS = "iphoneos iphonesimulator";
				SUPPORTS_MACCATALYST = NO;
				SWIFT_EMIT_LOC_STRINGS = YES;
				SWIFT_VERSION = 5.0;
				TARGETED_DEVICE_FAMILY = "1,2";
			};
			name = Release;
		};
/* End XCBuildConfiguration section */

/* Begin XCConfigurationList section */
		2E01057C2B5E177C00A03873 /* Build configuration list for PBXNativeTarget "CounterDown (Watch)" */ = {
			isa = XCConfigurationList;
			buildConfigurations = (
				2E01057A2B5E177C00A03873 /* Debug */,
				2E01057B2B5E177C00A03873 /* Release */,
			);
			defaultConfigurationIsVisible = 0;
			defaultConfigurationName = Release;
		};
		2EBAA50B2B58D3A300F3005D /* Build configuration list for PBXNativeTarget "Widgets" */ = {
			isa = XCConfigurationList;
			buildConfigurations = (
				2EBAA50C2B58D3A300F3005D /* Debug */,
				2EBAA50D2B58D3A300F3005D /* Release */,
			);
			defaultConfigurationIsVisible = 0;
			defaultConfigurationName = Release;
		};
		2EFEBA322B525F4000AE19F3 /* Build configuration list for PBXProject "CounterDown" */ = {
			isa = XCConfigurationList;
			buildConfigurations = (
				2EFEBA442B525F4100AE19F3 /* Debug */,
				2EFEBA452B525F4100AE19F3 /* Release */,
			);
			defaultConfigurationIsVisible = 0;
			defaultConfigurationName = Release;
		};
		2EFEBA462B525F4100AE19F3 /* Build configuration list for PBXNativeTarget "CounterDown" */ = {
			isa = XCConfigurationList;
			buildConfigurations = (
				2EFEBA472B525F4100AE19F3 /* Debug */,
				2EFEBA482B525F4100AE19F3 /* Release */,
			);
			defaultConfigurationIsVisible = 0;
			defaultConfigurationName = Release;
		};
/* End XCConfigurationList section */

/* Begin XCRemoteSwiftPackageReference section */
		2E66C1B42B5A1E0D0032249C /* XCRemoteSwiftPackageReference "DynamicColor" */ = {
			isa = XCRemoteSwiftPackageReference;
			repositoryURL = "https://github.com/yannickl/DynamicColor.git";
			requirement = {
				kind = upToNextMajorVersion;
				minimumVersion = 5.0.1;
			};
		};
/* End XCRemoteSwiftPackageReference section */

/* Begin XCSwiftPackageProductDependency section */
		2E01057D2B5E17A600A03873 /* DynamicColor */ = {
			isa = XCSwiftPackageProductDependency;
			package = 2E66C1B42B5A1E0D0032249C /* XCRemoteSwiftPackageReference "DynamicColor" */;
			productName = DynamicColor;
		};
		2E1AD5412B5A372900F405A4 /* DynamicColor */ = {
			isa = XCSwiftPackageProductDependency;
			package = 2E66C1B42B5A1E0D0032249C /* XCRemoteSwiftPackageReference "DynamicColor" */;
			productName = DynamicColor;
		};
		2E66C1B52B5A1E0D0032249C /* DynamicColor */ = {
			isa = XCSwiftPackageProductDependency;
			package = 2E66C1B42B5A1E0D0032249C /* XCRemoteSwiftPackageReference "DynamicColor" */;
			productName = DynamicColor;
		};
/* End XCSwiftPackageProductDependency section */
	};
	rootObject = 2EFEBA2F2B525F4000AE19F3 /* Project object */;
}
