// !$*UTF8*$!
{
	archiveVersion = 1;
	classes = {
	};
	objectVersion = 55;
	objects = {

/* Begin PBXBuildFile section */
		2E0AC7C428411EC1002666D7 /* ComponentView.swift in Sources */ = {isa = PBXBuildFile; fileRef = 2E0AC7C328411EC1002666D7 /* ComponentView.swift */; };
		2E0B80792845B97600BD5CE4 /* EnvironmentValues+Extension.swift in Sources */ = {isa = PBXBuildFile; fileRef = 2E0B80782845B97600BD5CE4 /* EnvironmentValues+Extension.swift */; };
		2E1A6E142860379400D91FBA /* WidgetKit.framework in Frameworks */ = {isa = PBXBuildFile; fileRef = 2EEE4E892841DBEB0041A0C8 /* WidgetKit.framework */; };
		2E1A6E152860379400D91FBA /* SwiftUI.framework in Frameworks */ = {isa = PBXBuildFile; fileRef = 2EEE4E8B2841DBEB0041A0C8 /* SwiftUI.framework */; };
		2E1A6E182860379400D91FBA /* CounterDownWidget.swift in Sources */ = {isa = PBXBuildFile; fileRef = 2E1A6E172860379400D91FBA /* CounterDownWidget.swift */; };
		2E1A6E1A2860379500D91FBA /* Assets.xcassets in Resources */ = {isa = PBXBuildFile; fileRef = 2E1A6E192860379500D91FBA /* Assets.xcassets */; };
		2E1A6E1E2860379500D91FBA /* CounterDownWidgetExtension.appex in Embed Foundation Extensions */ = {isa = PBXBuildFile; fileRef = 2E1A6E132860379400D91FBA /* CounterDownWidgetExtension.appex */; settings = {ATTRIBUTES = (RemoveHeadersOnCopy, ); }; };
		2E1A6E27286037C400D91FBA /* Intents.framework in Frameworks */ = {isa = PBXBuildFile; fileRef = 2E843FE92841E73B00BBA183 /* Intents.framework */; };
		2E1A6E2A286037C400D91FBA /* IntentHandler.swift in Sources */ = {isa = PBXBuildFile; fileRef = 2E1A6E29286037C400D91FBA /* IntentHandler.swift */; };
		2E1A6E2E286037C400D91FBA /* CounterDownIntentHandler.appex in Embed Foundation Extensions */ = {isa = PBXBuildFile; fileRef = 2E1A6E26286037C400D91FBA /* CounterDownIntentHandler.appex */; settings = {ATTRIBUTES = (RemoveHeadersOnCopy, ); }; };
		2E1A6E33286037EF00D91FBA /* DynamicEventSelection.intentdefinition in Sources */ = {isa = PBXBuildFile; fileRef = 2E1A6E32286037EF00D91FBA /* DynamicEventSelection.intentdefinition */; };
		2E1A6E34286037EF00D91FBA /* DynamicEventSelection.intentdefinition in Sources */ = {isa = PBXBuildFile; fileRef = 2E1A6E32286037EF00D91FBA /* DynamicEventSelection.intentdefinition */; };
		2E31B6D8286038B600AB086F /* ModelData.swift in Sources */ = {isa = PBXBuildFile; fileRef = 2E62478A2840417D00BB2A48 /* ModelData.swift */; };
		2E31B6D9286038B700AB086F /* ModelData.swift in Sources */ = {isa = PBXBuildFile; fileRef = 2E62478A2840417D00BB2A48 /* ModelData.swift */; };
		2E31B6DA286038C500AB086F /* Event.swift in Sources */ = {isa = PBXBuildFile; fileRef = 2E62478D284041AF00BB2A48 /* Event.swift */; };
		2E31B6DB286038C600AB086F /* Event.swift in Sources */ = {isa = PBXBuildFile; fileRef = 2E62478D284041AF00BB2A48 /* Event.swift */; };
		2E31B6DC286038CB00AB086F /* Color+Extension.swift in Sources */ = {isa = PBXBuildFile; fileRef = 2E58E73F2841090C00E278EB /* Color+Extension.swift */; };
		2E31B6DD286038CB00AB086F /* Color+Extension.swift in Sources */ = {isa = PBXBuildFile; fileRef = 2E58E73F2841090C00E278EB /* Color+Extension.swift */; };
		2E31B6DE286038CD00AB086F /* CalendarComponents+Extension.swift in Sources */ = {isa = PBXBuildFile; fileRef = 2E58E74128410DBB00E278EB /* CalendarComponents+Extension.swift */; };
		2E31B6DF286038CE00AB086F /* CalendarComponents+Extension.swift in Sources */ = {isa = PBXBuildFile; fileRef = 2E58E74128410DBB00E278EB /* CalendarComponents+Extension.swift */; };
		2E31B6E02860397700AB086F /* Preview_Events.swift in Sources */ = {isa = PBXBuildFile; fileRef = 2E62478F2840423F00BB2A48 /* Preview_Events.swift */; };
		2E31B6E228603FDD00AB086F /* SFSymbolsFinder in Frameworks */ = {isa = PBXBuildFile; productRef = 2E31B6E128603FDD00AB086F /* SFSymbolsFinder */; };
		2E31B6E428603FDD00AB086F /* DynamicColor in Frameworks */ = {isa = PBXBuildFile; productRef = 2E31B6E328603FDD00AB086F /* DynamicColor */; };
		2E31B6E72860462D00AB086F /* Preview_Events.swift in Sources */ = {isa = PBXBuildFile; fileRef = 2E62478F2840423F00BB2A48 /* Preview_Events.swift */; };
		2E58E7402841090C00E278EB /* Color+Extension.swift in Sources */ = {isa = PBXBuildFile; fileRef = 2E58E73F2841090C00E278EB /* Color+Extension.swift */; };
		2E58E74228410DBB00E278EB /* CalendarComponents+Extension.swift in Sources */ = {isa = PBXBuildFile; fileRef = 2E58E74128410DBB00E278EB /* CalendarComponents+Extension.swift */; };
		2E6247572840404B00BB2A48 /* CountdownApp.swift in Sources */ = {isa = PBXBuildFile; fileRef = 2E6247562840404B00BB2A48 /* CountdownApp.swift */; };
		2E6247592840404B00BB2A48 /* ContentView.swift in Sources */ = {isa = PBXBuildFile; fileRef = 2E6247582840404B00BB2A48 /* ContentView.swift */; };
		2E62475B2840404C00BB2A48 /* Assets.xcassets in Resources */ = {isa = PBXBuildFile; fileRef = 2E62475A2840404C00BB2A48 /* Assets.xcassets */; };
		2E62475E2840404C00BB2A48 /* Preview Assets.xcassets in Resources */ = {isa = PBXBuildFile; fileRef = 2E62475D2840404C00BB2A48 /* Preview Assets.xcassets */; };
		2E6247842840408200BB2A48 /* AddEventView.swift in Sources */ = {isa = PBXBuildFile; fileRef = 2E6247832840408200BB2A48 /* AddEventView.swift */; };
		2E6247862840409800BB2A48 /* AddEvent_ViewModel.swift in Sources */ = {isa = PBXBuildFile; fileRef = 2E6247852840409800BB2A48 /* AddEvent_ViewModel.swift */; };
		2E6247892840415E00BB2A48 /* EventView.swift in Sources */ = {isa = PBXBuildFile; fileRef = 2E6247882840415E00BB2A48 /* EventView.swift */; };
		2E62478B2840417D00BB2A48 /* ModelData.swift in Sources */ = {isa = PBXBuildFile; fileRef = 2E62478A2840417D00BB2A48 /* ModelData.swift */; };
		2E62478E284041AF00BB2A48 /* Event.swift in Sources */ = {isa = PBXBuildFile; fileRef = 2E62478D284041AF00BB2A48 /* Event.swift */; };
		2E6247902840423F00BB2A48 /* Preview_Events.swift in Sources */ = {isa = PBXBuildFile; fileRef = 2E62478F2840423F00BB2A48 /* Preview_Events.swift */; };
		2E6247922840462F00BB2A48 /* Event_ViewModel.swift in Sources */ = {isa = PBXBuildFile; fileRef = 2E6247912840462F00BB2A48 /* Event_ViewModel.swift */; };
		2E6D2D6D28654C23006DF9F7 /* CounterDownModel.xcdatamodeld in Sources */ = {isa = PBXBuildFile; fileRef = 2E6D2D6B28654C23006DF9F7 /* CounterDownModel.xcdatamodeld */; };
		2E6D2D6F28654C73006DF9F7 /* DataController.swift in Sources */ = {isa = PBXBuildFile; fileRef = 2E6D2D6E28654C73006DF9F7 /* DataController.swift */; };
		2E6D2D7328654FC2006DF9F7 /* SavedEvent+CoreDataClass.swift in Sources */ = {isa = PBXBuildFile; fileRef = 2E6D2D7128654FC2006DF9F7 /* SavedEvent+CoreDataClass.swift */; };
		2E6D2D7428654FC2006DF9F7 /* SavedEvent+CoreDataProperties.swift in Sources */ = {isa = PBXBuildFile; fileRef = 2E6D2D7228654FC2006DF9F7 /* SavedEvent+CoreDataProperties.swift */; };
		2E6D2D7528654FC8006DF9F7 /* SavedEvent+CoreDataClass.swift in Sources */ = {isa = PBXBuildFile; fileRef = 2E6D2D7128654FC2006DF9F7 /* SavedEvent+CoreDataClass.swift */; };
		2E6D2D7628654FC8006DF9F7 /* SavedEvent+CoreDataClass.swift in Sources */ = {isa = PBXBuildFile; fileRef = 2E6D2D7128654FC2006DF9F7 /* SavedEvent+CoreDataClass.swift */; };
		2E6D2D7728654FC8006DF9F7 /* SavedEvent+CoreDataProperties.swift in Sources */ = {isa = PBXBuildFile; fileRef = 2E6D2D7228654FC2006DF9F7 /* SavedEvent+CoreDataProperties.swift */; };
		2E6D2D7828654FC8006DF9F7 /* SavedEvent+CoreDataProperties.swift in Sources */ = {isa = PBXBuildFile; fileRef = 2E6D2D7228654FC2006DF9F7 /* SavedEvent+CoreDataProperties.swift */; };
		2E6D2D79286553F2006DF9F7 /* DataController.swift in Sources */ = {isa = PBXBuildFile; fileRef = 2E6D2D6E28654C73006DF9F7 /* DataController.swift */; };
		2E6D2D7A286553F2006DF9F7 /* DataController.swift in Sources */ = {isa = PBXBuildFile; fileRef = 2E6D2D6E28654C73006DF9F7 /* DataController.swift */; };
		2E6D2D7C28655463006DF9F7 /* CounterDownModel.xcdatamodeld in Sources */ = {isa = PBXBuildFile; fileRef = 2E6D2D6B28654C23006DF9F7 /* CounterDownModel.xcdatamodeld */; };
		2E6D2D7D28655463006DF9F7 /* CounterDownModel.xcdatamodeld in Sources */ = {isa = PBXBuildFile; fileRef = 2E6D2D6B28654C23006DF9F7 /* CounterDownModel.xcdatamodeld */; };
		2E6D2D7F2865587C006DF9F7 /* DispatchQueue+Extension.swift in Sources */ = {isa = PBXBuildFile; fileRef = 2E6D2D7E2865587C006DF9F7 /* DispatchQueue+Extension.swift */; };
		2E6D2D802865591B006DF9F7 /* DispatchQueue+Extension.swift in Sources */ = {isa = PBXBuildFile; fileRef = 2E6D2D7E2865587C006DF9F7 /* DispatchQueue+Extension.swift */; };
		2E6D2D812865591B006DF9F7 /* DispatchQueue+Extension.swift in Sources */ = {isa = PBXBuildFile; fileRef = 2E6D2D7E2865587C006DF9F7 /* DispatchQueue+Extension.swift */; };
		2E6D2D8428655D2C006DF9F7 /* SPAlert in Frameworks */ = {isa = PBXBuildFile; productRef = 2E6D2D8328655D2C006DF9F7 /* SPAlert */; };
		2E7BAD5E285E7E5A001F0505 /* SFSymbolsFinder in Frameworks */ = {isa = PBXBuildFile; productRef = 2E7BAD5D285E7E5A001F0505 /* SFSymbolsFinder */; };
		2E7BAD61285E7E62001F0505 /* DynamicColor in Frameworks */ = {isa = PBXBuildFile; productRef = 2E7BAD60285E7E62001F0505 /* DynamicColor */; };
		2E87A1912846D18600AD3624 /* SettingsView.swift in Sources */ = {isa = PBXBuildFile; fileRef = 2E87A1902846D18600AD3624 /* SettingsView.swift */; };
		2E87A1952847014000AD3624 /* CalendarChooser.swift in Sources */ = {isa = PBXBuildFile; fileRef = 2E87A1942847014000AD3624 /* CalendarChooser.swift */; };
		2E92EAC028417532008E7393 /* Content_ViewModel.swift in Sources */ = {isa = PBXBuildFile; fileRef = 2E92EABF28417532008E7393 /* Content_ViewModel.swift */; };
		2E9AE099285D780E00C1EBCF /* EditEventView.swift in Sources */ = {isa = PBXBuildFile; fileRef = 2E9AE098285D780E00C1EBCF /* EditEventView.swift */; };
		2E9AE09B285D781C00C1EBCF /* EditEvent_ViewModel.swift in Sources */ = {isa = PBXBuildFile; fileRef = 2E9AE09A285D781C00C1EBCF /* EditEvent_ViewModel.swift */; };
		2EAE12582862739000755BAF /* AccessoryRectangularCounterDownWidget.swift in Sources */ = {isa = PBXBuildFile; fileRef = 2EAE12572862739000755BAF /* AccessoryRectangularCounterDownWidget.swift */; };
		2EAE125B286273A400755BAF /* SystemSmallCounterDownWidget.swift in Sources */ = {isa = PBXBuildFile; fileRef = 2EAE125A286273A400755BAF /* SystemSmallCounterDownWidget.swift */; };
		2EC61D992860BFB80018EEDF /* SFSymbolsFinder in Frameworks */ = {isa = PBXBuildFile; productRef = 2EC61D982860BFB80018EEDF /* SFSymbolsFinder */; };
		2EC61D9B2860BFB80018EEDF /* DynamicColor in Frameworks */ = {isa = PBXBuildFile; productRef = 2EC61D9A2860BFB80018EEDF /* DynamicColor */; };
/* End PBXBuildFile section */

/* Begin PBXContainerItemProxy section */
		2E1A6E1C2860379500D91FBA /* PBXContainerItemProxy */ = {
			isa = PBXContainerItemProxy;
			containerPortal = 2E62474B2840404B00BB2A48 /* Project object */;
			proxyType = 1;
			remoteGlobalIDString = 2E1A6E122860379400D91FBA;
			remoteInfo = CounterDownWidgetExtension;
		};
		2E1A6E2C286037C400D91FBA /* PBXContainerItemProxy */ = {
			isa = PBXContainerItemProxy;
			containerPortal = 2E62474B2840404B00BB2A48 /* Project object */;
			proxyType = 1;
			remoteGlobalIDString = 2E1A6E25286037C400D91FBA;
			remoteInfo = CounterDownIntentHandler;
		};
/* End PBXContainerItemProxy section */

/* Begin PBXCopyFilesBuildPhase section */
		2EEE4E992841DBEC0041A0C8 /* Embed Foundation Extensions */ = {
			isa = PBXCopyFilesBuildPhase;
			buildActionMask = 2147483647;
			dstPath = "";
			dstSubfolderSpec = 13;
			files = (
				2E1A6E2E286037C400D91FBA /* CounterDownIntentHandler.appex in Embed Foundation Extensions */,
				2E1A6E1E2860379500D91FBA /* CounterDownWidgetExtension.appex in Embed Foundation Extensions */,
			);
			name = "Embed Foundation Extensions";
			runOnlyForDeploymentPostprocessing = 0;
		};
/* End PBXCopyFilesBuildPhase section */

/* Begin PBXFileReference section */
		2E0AC7C328411EC1002666D7 /* ComponentView.swift */ = {isa = PBXFileReference; lastKnownFileType = sourcecode.swift; path = ComponentView.swift; sourceTree = "<group>"; };
		2E0B80782845B97600BD5CE4 /* EnvironmentValues+Extension.swift */ = {isa = PBXFileReference; lastKnownFileType = sourcecode.swift; path = "EnvironmentValues+Extension.swift"; sourceTree = "<group>"; };
		2E1A6E132860379400D91FBA /* CounterDownWidgetExtension.appex */ = {isa = PBXFileReference; explicitFileType = "wrapper.app-extension"; includeInIndex = 0; path = CounterDownWidgetExtension.appex; sourceTree = BUILT_PRODUCTS_DIR; };
		2E1A6E172860379400D91FBA /* CounterDownWidget.swift */ = {isa = PBXFileReference; lastKnownFileType = sourcecode.swift; path = CounterDownWidget.swift; sourceTree = "<group>"; };
		2E1A6E192860379500D91FBA /* Assets.xcassets */ = {isa = PBXFileReference; lastKnownFileType = folder.assetcatalog; path = Assets.xcassets; sourceTree = "<group>"; };
		2E1A6E1B2860379500D91FBA /* Info.plist */ = {isa = PBXFileReference; lastKnownFileType = text.plist.xml; path = Info.plist; sourceTree = "<group>"; };
		2E1A6E26286037C400D91FBA /* CounterDownIntentHandler.appex */ = {isa = PBXFileReference; explicitFileType = "wrapper.app-extension"; includeInIndex = 0; path = CounterDownIntentHandler.appex; sourceTree = BUILT_PRODUCTS_DIR; };
		2E1A6E29286037C400D91FBA /* IntentHandler.swift */ = {isa = PBXFileReference; lastKnownFileType = sourcecode.swift; path = IntentHandler.swift; sourceTree = "<group>"; };
		2E1A6E2B286037C400D91FBA /* Info.plist */ = {isa = PBXFileReference; lastKnownFileType = text.plist.xml; path = Info.plist; sourceTree = "<group>"; };
		2E1A6E32286037EF00D91FBA /* DynamicEventSelection.intentdefinition */ = {isa = PBXFileReference; lastKnownFileType = file.intentdefinition; path = DynamicEventSelection.intentdefinition; sourceTree = "<group>"; };
		2E31B6E5286042B300AB086F /* CounterDownIntentHandler.entitlements */ = {isa = PBXFileReference; lastKnownFileType = text.plist.entitlements; path = CounterDownIntentHandler.entitlements; sourceTree = "<group>"; };
		2E31B6E6286042E300AB086F /* CounterDown.entitlements */ = {isa = PBXFileReference; lastKnownFileType = text.plist.entitlements; path = CounterDown.entitlements; sourceTree = "<group>"; };
		2E58E73F2841090C00E278EB /* Color+Extension.swift */ = {isa = PBXFileReference; fileEncoding = 4; lastKnownFileType = sourcecode.swift; path = "Color+Extension.swift"; sourceTree = "<group>"; };
		2E58E74128410DBB00E278EB /* CalendarComponents+Extension.swift */ = {isa = PBXFileReference; lastKnownFileType = sourcecode.swift; path = "CalendarComponents+Extension.swift"; sourceTree = "<group>"; };
		2E6247532840404B00BB2A48 /* CounterDown.app */ = {isa = PBXFileReference; explicitFileType = wrapper.application; includeInIndex = 0; path = CounterDown.app; sourceTree = BUILT_PRODUCTS_DIR; };
		2E6247562840404B00BB2A48 /* CountdownApp.swift */ = {isa = PBXFileReference; lastKnownFileType = sourcecode.swift; path = CountdownApp.swift; sourceTree = "<group>"; };
		2E6247582840404B00BB2A48 /* ContentView.swift */ = {isa = PBXFileReference; lastKnownFileType = sourcecode.swift; path = ContentView.swift; sourceTree = "<group>"; };
		2E62475A2840404C00BB2A48 /* Assets.xcassets */ = {isa = PBXFileReference; lastKnownFileType = folder.assetcatalog; path = Assets.xcassets; sourceTree = "<group>"; };
		2E62475D2840404C00BB2A48 /* Preview Assets.xcassets */ = {isa = PBXFileReference; lastKnownFileType = folder.assetcatalog; path = "Preview Assets.xcassets"; sourceTree = "<group>"; };
		2E6247832840408200BB2A48 /* AddEventView.swift */ = {isa = PBXFileReference; lastKnownFileType = sourcecode.swift; path = AddEventView.swift; sourceTree = "<group>"; };
		2E6247852840409800BB2A48 /* AddEvent_ViewModel.swift */ = {isa = PBXFileReference; lastKnownFileType = sourcecode.swift; path = AddEvent_ViewModel.swift; sourceTree = "<group>"; };
		2E6247882840415E00BB2A48 /* EventView.swift */ = {isa = PBXFileReference; lastKnownFileType = sourcecode.swift; path = EventView.swift; sourceTree = "<group>"; };
		2E62478A2840417D00BB2A48 /* ModelData.swift */ = {isa = PBXFileReference; lastKnownFileType = sourcecode.swift; path = ModelData.swift; sourceTree = "<group>"; };
		2E62478D284041AF00BB2A48 /* Event.swift */ = {isa = PBXFileReference; lastKnownFileType = sourcecode.swift; path = Event.swift; sourceTree = "<group>"; };
		2E62478F2840423F00BB2A48 /* Preview_Events.swift */ = {isa = PBXFileReference; lastKnownFileType = sourcecode.swift; path = Preview_Events.swift; sourceTree = "<group>"; };
		2E6247912840462F00BB2A48 /* Event_ViewModel.swift */ = {isa = PBXFileReference; lastKnownFileType = sourcecode.swift; path = Event_ViewModel.swift; sourceTree = "<group>"; };
		2E6D2D6C28654C23006DF9F7 /* CounterDownModel.xcdatamodel */ = {isa = PBXFileReference; lastKnownFileType = wrapper.xcdatamodel; path = CounterDownModel.xcdatamodel; sourceTree = "<group>"; };
		2E6D2D6E28654C73006DF9F7 /* DataController.swift */ = {isa = PBXFileReference; lastKnownFileType = sourcecode.swift; path = DataController.swift; sourceTree = "<group>"; };
		2E6D2D7128654FC2006DF9F7 /* SavedEvent+CoreDataClass.swift */ = {isa = PBXFileReference; lastKnownFileType = sourcecode.swift; path = "SavedEvent+CoreDataClass.swift"; sourceTree = "<group>"; };
		2E6D2D7228654FC2006DF9F7 /* SavedEvent+CoreDataProperties.swift */ = {isa = PBXFileReference; lastKnownFileType = sourcecode.swift; path = "SavedEvent+CoreDataProperties.swift"; sourceTree = "<group>"; };
		2E6D2D7E2865587C006DF9F7 /* DispatchQueue+Extension.swift */ = {isa = PBXFileReference; lastKnownFileType = sourcecode.swift; path = "DispatchQueue+Extension.swift"; sourceTree = "<group>"; };
		2E843FE92841E73B00BBA183 /* Intents.framework */ = {isa = PBXFileReference; lastKnownFileType = wrapper.framework; name = Intents.framework; path = System/Library/Frameworks/Intents.framework; sourceTree = SDKROOT; };
		2E843FF42841E73B00BBA183 /* IntentsUI.framework */ = {isa = PBXFileReference; lastKnownFileType = wrapper.framework; name = IntentsUI.framework; path = System/Library/Frameworks/IntentsUI.framework; sourceTree = SDKROOT; };
		2E87A1902846D18600AD3624 /* SettingsView.swift */ = {isa = PBXFileReference; lastKnownFileType = sourcecode.swift; path = SettingsView.swift; sourceTree = "<group>"; };
		2E87A1942847014000AD3624 /* CalendarChooser.swift */ = {isa = PBXFileReference; lastKnownFileType = sourcecode.swift; path = CalendarChooser.swift; sourceTree = "<group>"; };
		2E8D55032861143500852B4D /* CounterDownWidgetExtension.entitlements */ = {isa = PBXFileReference; lastKnownFileType = text.plist.entitlements; path = CounterDownWidgetExtension.entitlements; sourceTree = "<group>"; };
		2E91A7CD284995E200593037 /* Info.plist */ = {isa = PBXFileReference; lastKnownFileType = text.plist; path = Info.plist; sourceTree = "<group>"; };
		2E92EABF28417532008E7393 /* Content_ViewModel.swift */ = {isa = PBXFileReference; lastKnownFileType = sourcecode.swift; path = Content_ViewModel.swift; sourceTree = "<group>"; };
		2E9AE098285D780E00C1EBCF /* EditEventView.swift */ = {isa = PBXFileReference; lastKnownFileType = sourcecode.swift; path = EditEventView.swift; sourceTree = "<group>"; };
		2E9AE09A285D781C00C1EBCF /* EditEvent_ViewModel.swift */ = {isa = PBXFileReference; lastKnownFileType = sourcecode.swift; path = EditEvent_ViewModel.swift; sourceTree = "<group>"; };
		2EAE12572862739000755BAF /* AccessoryRectangularCounterDownWidget.swift */ = {isa = PBXFileReference; lastKnownFileType = sourcecode.swift; path = AccessoryRectangularCounterDownWidget.swift; sourceTree = "<group>"; };
		2EAE125A286273A400755BAF /* SystemSmallCounterDownWidget.swift */ = {isa = PBXFileReference; lastKnownFileType = sourcecode.swift; path = SystemSmallCounterDownWidget.swift; sourceTree = "<group>"; };
		2EEE4E892841DBEB0041A0C8 /* WidgetKit.framework */ = {isa = PBXFileReference; lastKnownFileType = wrapper.framework; name = WidgetKit.framework; path = System/Library/Frameworks/WidgetKit.framework; sourceTree = SDKROOT; };
		2EEE4E8B2841DBEB0041A0C8 /* SwiftUI.framework */ = {isa = PBXFileReference; lastKnownFileType = wrapper.framework; name = SwiftUI.framework; path = System/Library/Frameworks/SwiftUI.framework; sourceTree = SDKROOT; };
/* End PBXFileReference section */

/* Begin PBXFrameworksBuildPhase section */
		2E1A6E102860379400D91FBA /* Frameworks */ = {
			isa = PBXFrameworksBuildPhase;
			buildActionMask = 2147483647;
			files = (
				2E31B6E428603FDD00AB086F /* DynamicColor in Frameworks */,
				2E1A6E152860379400D91FBA /* SwiftUI.framework in Frameworks */,
				2E31B6E228603FDD00AB086F /* SFSymbolsFinder in Frameworks */,
				2E1A6E142860379400D91FBA /* WidgetKit.framework in Frameworks */,
			);
			runOnlyForDeploymentPostprocessing = 0;
		};
		2E1A6E23286037C400D91FBA /* Frameworks */ = {
			isa = PBXFrameworksBuildPhase;
			buildActionMask = 2147483647;
			files = (
				2E1A6E27286037C400D91FBA /* Intents.framework in Frameworks */,
				2EC61D9B2860BFB80018EEDF /* DynamicColor in Frameworks */,
				2EC61D992860BFB80018EEDF /* SFSymbolsFinder in Frameworks */,
			);
			runOnlyForDeploymentPostprocessing = 0;
		};
		2E6247502840404B00BB2A48 /* Frameworks */ = {
			isa = PBXFrameworksBuildPhase;
			buildActionMask = 2147483647;
			files = (
				2E6D2D8428655D2C006DF9F7 /* SPAlert in Frameworks */,
				2E7BAD61285E7E62001F0505 /* DynamicColor in Frameworks */,
				2E7BAD5E285E7E5A001F0505 /* SFSymbolsFinder in Frameworks */,
			);
			runOnlyForDeploymentPostprocessing = 0;
		};
/* End PBXFrameworksBuildPhase section */

/* Begin PBXGroup section */
		2E1A6E162860379400D91FBA /* CounterDownWidget */ = {
			isa = PBXGroup;
			children = (
				2E1A6E172860379400D91FBA /* CounterDownWidget.swift */,
				2E1A6E32286037EF00D91FBA /* DynamicEventSelection.intentdefinition */,
				2EAE125D286280F400755BAF /* WidgetViews */,
				2E1A6E192860379500D91FBA /* Assets.xcassets */,
				2E1A6E1B2860379500D91FBA /* Info.plist */,
			);
			path = CounterDownWidget;
			sourceTree = "<group>";
		};
		2E1A6E28286037C400D91FBA /* CounterDownIntentHandler */ = {
			isa = PBXGroup;
			children = (
				2E31B6E5286042B300AB086F /* CounterDownIntentHandler.entitlements */,
				2E1A6E29286037C400D91FBA /* IntentHandler.swift */,
				2E1A6E2B286037C400D91FBA /* Info.plist */,
			);
			path = CounterDownIntentHandler;
			sourceTree = "<group>";
		};
		2E58E73A284108A700E278EB /* Resources */ = {
			isa = PBXGroup;
			children = (
				2E58E73E284108FF00E278EB /* Extensions */,
			);
			path = Resources;
			sourceTree = "<group>";
		};
		2E58E73E284108FF00E278EB /* Extensions */ = {
			isa = PBXGroup;
			children = (
				2E58E73F2841090C00E278EB /* Color+Extension.swift */,
				2E58E74128410DBB00E278EB /* CalendarComponents+Extension.swift */,
				2E0B80782845B97600BD5CE4 /* EnvironmentValues+Extension.swift */,
				2E6D2D7E2865587C006DF9F7 /* DispatchQueue+Extension.swift */,
			);
			path = Extensions;
			sourceTree = "<group>";
		};
		2E62474A2840404B00BB2A48 = {
			isa = PBXGroup;
			children = (
				2E8D55032861143500852B4D /* CounterDownWidgetExtension.entitlements */,
				2E6247552840404B00BB2A48 /* CounterDown */,
				2E1A6E162860379400D91FBA /* CounterDownWidget */,
				2E1A6E28286037C400D91FBA /* CounterDownIntentHandler */,
				2EEE4E882841DBEB0041A0C8 /* Frameworks */,
				2E6247542840404B00BB2A48 /* Products */,
			);
			sourceTree = "<group>";
		};
		2E6247542840404B00BB2A48 /* Products */ = {
			isa = PBXGroup;
			children = (
				2E6247532840404B00BB2A48 /* CounterDown.app */,
				2E1A6E132860379400D91FBA /* CounterDownWidgetExtension.appex */,
				2E1A6E26286037C400D91FBA /* CounterDownIntentHandler.appex */,
			);
			name = Products;
			sourceTree = "<group>";
		};
		2E6247552840404B00BB2A48 /* CounterDown */ = {
			isa = PBXGroup;
			children = (
				2E31B6E6286042E300AB086F /* CounterDown.entitlements */,
				2E6247562840404B00BB2A48 /* CountdownApp.swift */,
				2E62475A2840404C00BB2A48 /* Assets.xcassets */,
				2E91A7CD284995E200593037 /* Info.plist */,
				2E6D2D6A28654BD3006DF9F7 /* CoreData */,
				2E6247822840406400BB2A48 /* Models */,
				2E6247812840405E00BB2A48 /* ViewModels */,
				2E6247802840405800BB2A48 /* Views */,
				2E62475C2840404C00BB2A48 /* Preview Content */,
			);
			path = CounterDown;
			sourceTree = "<group>";
		};
		2E62475C2840404C00BB2A48 /* Preview Content */ = {
			isa = PBXGroup;
			children = (
				2E62475D2840404C00BB2A48 /* Preview Assets.xcassets */,
			);
			path = "Preview Content";
			sourceTree = "<group>";
		};
		2E6247802840405800BB2A48 /* Views */ = {
			isa = PBXGroup;
			children = (
				2E6247872840414A00BB2A48 /* Components */,
				2E6247582840404B00BB2A48 /* ContentView.swift */,
				2E6247832840408200BB2A48 /* AddEventView.swift */,
				2E87A1902846D18600AD3624 /* SettingsView.swift */,
				2E87A1942847014000AD3624 /* CalendarChooser.swift */,
				2E9AE098285D780E00C1EBCF /* EditEventView.swift */,
			);
			path = Views;
			sourceTree = "<group>";
		};
		2E6247812840405E00BB2A48 /* ViewModels */ = {
			isa = PBXGroup;
			children = (
				2E6247852840409800BB2A48 /* AddEvent_ViewModel.swift */,
				2E6247912840462F00BB2A48 /* Event_ViewModel.swift */,
				2E92EABF28417532008E7393 /* Content_ViewModel.swift */,
				2E9AE09A285D781C00C1EBCF /* EditEvent_ViewModel.swift */,
			);
			path = ViewModels;
			sourceTree = "<group>";
		};
		2E6247822840406400BB2A48 /* Models */ = {
			isa = PBXGroup;
			children = (
				2E62478A2840417D00BB2A48 /* ModelData.swift */,
				2E62478F2840423F00BB2A48 /* Preview_Events.swift */,
				2E58E73A284108A700E278EB /* Resources */,
				2E62478C284041A300BB2A48 /* Objects */,
			);
			path = Models;
			sourceTree = "<group>";
		};
		2E6247872840414A00BB2A48 /* Components */ = {
			isa = PBXGroup;
			children = (
				2E6247882840415E00BB2A48 /* EventView.swift */,
				2E0AC7C328411EC1002666D7 /* ComponentView.swift */,
			);
			path = Components;
			sourceTree = "<group>";
		};
		2E62478C284041A300BB2A48 /* Objects */ = {
			isa = PBXGroup;
			children = (
				2E6D2D7128654FC2006DF9F7 /* SavedEvent+CoreDataClass.swift */,
				2E6D2D7228654FC2006DF9F7 /* SavedEvent+CoreDataProperties.swift */,
				2E62478D284041AF00BB2A48 /* Event.swift */,
			);
			path = Objects;
			sourceTree = "<group>";
		};
		2E6D2D6A28654BD3006DF9F7 /* CoreData */ = {
			isa = PBXGroup;
			children = (
				2E6D2D6B28654C23006DF9F7 /* CounterDownModel.xcdatamodeld */,
				2E6D2D6E28654C73006DF9F7 /* DataController.swift */,
			);
			path = CoreData;
			sourceTree = "<group>";
		};
		2EAE125D286280F400755BAF /* WidgetViews */ = {
			isa = PBXGroup;
			children = (
				2EAE12572862739000755BAF /* AccessoryRectangularCounterDownWidget.swift */,
				2EAE125A286273A400755BAF /* SystemSmallCounterDownWidget.swift */,
			);
			path = WidgetViews;
			sourceTree = "<group>";
		};
		2EEE4E882841DBEB0041A0C8 /* Frameworks */ = {
			isa = PBXGroup;
			children = (
				2EEE4E892841DBEB0041A0C8 /* WidgetKit.framework */,
				2EEE4E8B2841DBEB0041A0C8 /* SwiftUI.framework */,
				2E843FE92841E73B00BBA183 /* Intents.framework */,
				2E843FF42841E73B00BBA183 /* IntentsUI.framework */,
			);
			name = Frameworks;
			sourceTree = "<group>";
		};
/* End PBXGroup section */

/* Begin PBXNativeTarget section */
		2E1A6E122860379400D91FBA /* CounterDownWidgetExtension */ = {
			isa = PBXNativeTarget;
			buildConfigurationList = 2E1A6E1F2860379500D91FBA /* Build configuration list for PBXNativeTarget "CounterDownWidgetExtension" */;
			buildPhases = (
				2E1A6E0F2860379400D91FBA /* Sources */,
				2E1A6E102860379400D91FBA /* Frameworks */,
				2E1A6E112860379400D91FBA /* Resources */,
			);
			buildRules = (
			);
			dependencies = (
			);
			name = CounterDownWidgetExtension;
			packageProductDependencies = (
				2E31B6E128603FDD00AB086F /* SFSymbolsFinder */,
				2E31B6E328603FDD00AB086F /* DynamicColor */,
			);
			productName = CounterDownWidgetExtension;
			productReference = 2E1A6E132860379400D91FBA /* CounterDownWidgetExtension.appex */;
			productType = "com.apple.product-type.app-extension";
		};
		2E1A6E25286037C400D91FBA /* CounterDownIntentHandler */ = {
			isa = PBXNativeTarget;
			buildConfigurationList = 2E1A6E2F286037C400D91FBA /* Build configuration list for PBXNativeTarget "CounterDownIntentHandler" */;
			buildPhases = (
				2E1A6E22286037C400D91FBA /* Sources */,
				2E1A6E23286037C400D91FBA /* Frameworks */,
				2E1A6E24286037C400D91FBA /* Resources */,
			);
			buildRules = (
			);
			dependencies = (
			);
			name = CounterDownIntentHandler;
			packageProductDependencies = (
				2EC61D982860BFB80018EEDF /* SFSymbolsFinder */,
				2EC61D9A2860BFB80018EEDF /* DynamicColor */,
			);
			productName = CounterDownIntentHandler;
			productReference = 2E1A6E26286037C400D91FBA /* CounterDownIntentHandler.appex */;
			productType = "com.apple.product-type.app-extension";
		};
		2E6247522840404B00BB2A48 /* CounterDown */ = {
			isa = PBXNativeTarget;
			buildConfigurationList = 2E6247772840404C00BB2A48 /* Build configuration list for PBXNativeTarget "CounterDown" */;
			buildPhases = (
				2E62474F2840404B00BB2A48 /* Sources */,
				2E6247502840404B00BB2A48 /* Frameworks */,
				2E6247512840404B00BB2A48 /* Resources */,
				2EEE4E992841DBEC0041A0C8 /* Embed Foundation Extensions */,
			);
			buildRules = (
			);
			dependencies = (
				2E1A6E1D2860379500D91FBA /* PBXTargetDependency */,
				2E1A6E2D286037C400D91FBA /* PBXTargetDependency */,
			);
			name = CounterDown;
			packageProductDependencies = (
				2E7BAD5D285E7E5A001F0505 /* SFSymbolsFinder */,
				2E7BAD60285E7E62001F0505 /* DynamicColor */,
				2E6D2D8328655D2C006DF9F7 /* SPAlert */,
			);
			productName = Countdown;
			productReference = 2E6247532840404B00BB2A48 /* CounterDown.app */;
			productType = "com.apple.product-type.application";
		};
/* End PBXNativeTarget section */

/* Begin PBXProject section */
		2E62474B2840404B00BB2A48 /* Project object */ = {
			isa = PBXProject;
			attributes = {
				BuildIndependentTargetsInParallel = 1;
				LastSwiftUpdateCheck = 1400;
				LastUpgradeCheck = 1400;
				TargetAttributes = {
					2E1A6E122860379400D91FBA = {
						CreatedOnToolsVersion = 14.0;
					};
					2E1A6E25286037C400D91FBA = {
						CreatedOnToolsVersion = 14.0;
					};
					2E6247522840404B00BB2A48 = {
						CreatedOnToolsVersion = 13.4;
					};
				};
			};
			buildConfigurationList = 2E62474E2840404B00BB2A48 /* Build configuration list for PBXProject "CounterDown" */;
			compatibilityVersion = "Xcode 13.0";
			developmentRegion = en;
			hasScannedForEncodings = 0;
			knownRegions = (
				en,
				Base,
			);
			mainGroup = 2E62474A2840404B00BB2A48;
			packageReferences = (
				2E7BAD5C285E7E5A001F0505 /* XCRemoteSwiftPackageReference "SFSymbolsFinder" */,
				2E7BAD5F285E7E62001F0505 /* XCRemoteSwiftPackageReference "DynamicColor" */,
				2E6D2D8228655D2C006DF9F7 /* XCRemoteSwiftPackageReference "SPAlert" */,
			);
			productRefGroup = 2E6247542840404B00BB2A48 /* Products */;
			projectDirPath = "";
			projectRoot = "";
			targets = (
				2E6247522840404B00BB2A48 /* CounterDown */,
				2E1A6E122860379400D91FBA /* CounterDownWidgetExtension */,
				2E1A6E25286037C400D91FBA /* CounterDownIntentHandler */,
			);
		};
/* End PBXProject section */

/* Begin PBXResourcesBuildPhase section */
		2E1A6E112860379400D91FBA /* Resources */ = {
			isa = PBXResourcesBuildPhase;
			buildActionMask = 2147483647;
			files = (
				2E1A6E1A2860379500D91FBA /* Assets.xcassets in Resources */,
			);
			runOnlyForDeploymentPostprocessing = 0;
		};
		2E1A6E24286037C400D91FBA /* Resources */ = {
			isa = PBXResourcesBuildPhase;
			buildActionMask = 2147483647;
			files = (
			);
			runOnlyForDeploymentPostprocessing = 0;
		};
		2E6247512840404B00BB2A48 /* Resources */ = {
			isa = PBXResourcesBuildPhase;
			buildActionMask = 2147483647;
			files = (
				2E62475E2840404C00BB2A48 /* Preview Assets.xcassets in Resources */,
				2E62475B2840404C00BB2A48 /* Assets.xcassets in Resources */,
			);
			runOnlyForDeploymentPostprocessing = 0;
		};
/* End PBXResourcesBuildPhase section */

/* Begin PBXSourcesBuildPhase section */
		2E1A6E0F2860379400D91FBA /* Sources */ = {
			isa = PBXSourcesBuildPhase;
			buildActionMask = 2147483647;
			files = (
				2E31B6DA286038C500AB086F /* Event.swift in Sources */,
				2E6D2D802865591B006DF9F7 /* DispatchQueue+Extension.swift in Sources */,
				2E6D2D7628654FC8006DF9F7 /* SavedEvent+CoreDataClass.swift in Sources */,
				2E6D2D7828654FC8006DF9F7 /* SavedEvent+CoreDataProperties.swift in Sources */,
				2E31B6DE286038CD00AB086F /* CalendarComponents+Extension.swift in Sources */,
				2E31B6DC286038CB00AB086F /* Color+Extension.swift in Sources */,
				2E31B6E02860397700AB086F /* Preview_Events.swift in Sources */,
				2E1A6E33286037EF00D91FBA /* DynamicEventSelection.intentdefinition in Sources */,
				2E1A6E182860379400D91FBA /* CounterDownWidget.swift in Sources */,
				2EAE12582862739000755BAF /* AccessoryRectangularCounterDownWidget.swift in Sources */,
				2EAE125B286273A400755BAF /* SystemSmallCounterDownWidget.swift in Sources */,
				2E6D2D79286553F2006DF9F7 /* DataController.swift in Sources */,
				2E31B6D8286038B600AB086F /* ModelData.swift in Sources */,
				2E6D2D7C28655463006DF9F7 /* CounterDownModel.xcdatamodeld in Sources */,
			);
			runOnlyForDeploymentPostprocessing = 0;
		};
		2E1A6E22286037C400D91FBA /* Sources */ = {
			isa = PBXSourcesBuildPhase;
			buildActionMask = 2147483647;
			files = (
				2E31B6DB286038C600AB086F /* Event.swift in Sources */,
				2E6D2D812865591B006DF9F7 /* DispatchQueue+Extension.swift in Sources */,
				2E31B6DF286038CE00AB086F /* CalendarComponents+Extension.swift in Sources */,
				2E6D2D7528654FC8006DF9F7 /* SavedEvent+CoreDataClass.swift in Sources */,
				2E31B6DD286038CB00AB086F /* Color+Extension.swift in Sources */,
				2E31B6E72860462D00AB086F /* Preview_Events.swift in Sources */,
				2E6D2D7A286553F2006DF9F7 /* DataController.swift in Sources */,
				2E1A6E34286037EF00D91FBA /* DynamicEventSelection.intentdefinition in Sources */,
				2E1A6E2A286037C400D91FBA /* IntentHandler.swift in Sources */,
				2E6D2D7D28655463006DF9F7 /* CounterDownModel.xcdatamodeld in Sources */,
				2E31B6D9286038B700AB086F /* ModelData.swift in Sources */,
				2E6D2D7728654FC8006DF9F7 /* SavedEvent+CoreDataProperties.swift in Sources */,
			);
			runOnlyForDeploymentPostprocessing = 0;
		};
		2E62474F2840404B00BB2A48 /* Sources */ = {
			isa = PBXSourcesBuildPhase;
			buildActionMask = 2147483647;
			files = (
				2E87A1912846D18600AD3624 /* SettingsView.swift in Sources */,
				2E9AE09B285D781C00C1EBCF /* EditEvent_ViewModel.swift in Sources */,
				2E6D2D6D28654C23006DF9F7 /* CounterDownModel.xcdatamodeld in Sources */,
				2E6247592840404B00BB2A48 /* ContentView.swift in Sources */,
				2E92EAC028417532008E7393 /* Content_ViewModel.swift in Sources */,
				2E6D2D7F2865587C006DF9F7 /* DispatchQueue+Extension.swift in Sources */,
				2E6D2D6F28654C73006DF9F7 /* DataController.swift in Sources */,
				2E58E7402841090C00E278EB /* Color+Extension.swift in Sources */,
				2E6D2D7328654FC2006DF9F7 /* SavedEvent+CoreDataClass.swift in Sources */,
				2E6247572840404B00BB2A48 /* CountdownApp.swift in Sources */,
				2E6247862840409800BB2A48 /* AddEvent_ViewModel.swift in Sources */,
				2E58E74228410DBB00E278EB /* CalendarComponents+Extension.swift in Sources */,
				2E87A1952847014000AD3624 /* CalendarChooser.swift in Sources */,
				2E6247842840408200BB2A48 /* AddEventView.swift in Sources */,
				2E6247892840415E00BB2A48 /* EventView.swift in Sources */,
				2E6247902840423F00BB2A48 /* Preview_Events.swift in Sources */,
				2E0B80792845B97600BD5CE4 /* EnvironmentValues+Extension.swift in Sources */,
				2E0AC7C428411EC1002666D7 /* ComponentView.swift in Sources */,
				2E6247922840462F00BB2A48 /* Event_ViewModel.swift in Sources */,
				2E6D2D7428654FC2006DF9F7 /* SavedEvent+CoreDataProperties.swift in Sources */,
				2E62478E284041AF00BB2A48 /* Event.swift in Sources */,
				2E62478B2840417D00BB2A48 /* ModelData.swift in Sources */,
				2E9AE099285D780E00C1EBCF /* EditEventView.swift in Sources */,
			);
			runOnlyForDeploymentPostprocessing = 0;
		};
/* End PBXSourcesBuildPhase section */

/* Begin PBXTargetDependency section */
		2E1A6E1D2860379500D91FBA /* PBXTargetDependency */ = {
			isa = PBXTargetDependency;
			target = 2E1A6E122860379400D91FBA /* CounterDownWidgetExtension */;
			targetProxy = 2E1A6E1C2860379500D91FBA /* PBXContainerItemProxy */;
		};
		2E1A6E2D286037C400D91FBA /* PBXTargetDependency */ = {
			isa = PBXTargetDependency;
			target = 2E1A6E25286037C400D91FBA /* CounterDownIntentHandler */;
			targetProxy = 2E1A6E2C286037C400D91FBA /* PBXContainerItemProxy */;
		};
/* End PBXTargetDependency section */

/* Begin XCBuildConfiguration section */
		2E1A6E202860379500D91FBA /* Debug */ = {
			isa = XCBuildConfiguration;
			buildSettings = {
				ASSETCATALOG_COMPILER_GLOBAL_ACCENT_COLOR_NAME = AccentColor;
				ASSETCATALOG_COMPILER_WIDGET_BACKGROUND_COLOR_NAME = WidgetBackground;
				CODE_SIGN_ENTITLEMENTS = CounterDownWidgetExtension.entitlements;
				CODE_SIGN_STYLE = Automatic;
				CURRENT_PROJECT_VERSION = 1;
				DEVELOPMENT_TEAM = 3S8XC6A264;
				GENERATE_INFOPLIST_FILE = YES;
				INFOPLIST_FILE = CounterDownWidget/Info.plist;
				INFOPLIST_KEY_CFBundleDisplayName = CounterDownWidget;
				INFOPLIST_KEY_NSHumanReadableCopyright = "";
				IPHONEOS_DEPLOYMENT_TARGET = 14.0;
				LD_RUNPATH_SEARCH_PATHS = (
					"$(inherited)",
					"@executable_path/Frameworks",
					"@executable_path/../../Frameworks",
				);
				MARKETING_VERSION = 1.0;
				PRODUCT_BUNDLE_IDENTIFIER = com.Cameron.Slash.Counterdown.CounterDownWidget;
				PRODUCT_NAME = "$(TARGET_NAME)";
				SKIP_INSTALL = YES;
				SWIFT_EMIT_LOC_STRINGS = YES;
				SWIFT_VERSION = 5.0;
				TARGETED_DEVICE_FAMILY = 1;
			};
			name = Debug;
		};
		2E1A6E212860379500D91FBA /* Release */ = {
			isa = XCBuildConfiguration;
			buildSettings = {
				ASSETCATALOG_COMPILER_GLOBAL_ACCENT_COLOR_NAME = AccentColor;
				ASSETCATALOG_COMPILER_WIDGET_BACKGROUND_COLOR_NAME = WidgetBackground;
				CODE_SIGN_ENTITLEMENTS = CounterDownWidgetExtension.entitlements;
				CODE_SIGN_STYLE = Automatic;
				CURRENT_PROJECT_VERSION = 1;
				DEVELOPMENT_TEAM = 3S8XC6A264;
				GENERATE_INFOPLIST_FILE = YES;
				INFOPLIST_FILE = CounterDownWidget/Info.plist;
				INFOPLIST_KEY_CFBundleDisplayName = CounterDownWidget;
				INFOPLIST_KEY_NSHumanReadableCopyright = "";
				IPHONEOS_DEPLOYMENT_TARGET = 14.0;
				LD_RUNPATH_SEARCH_PATHS = (
					"$(inherited)",
					"@executable_path/Frameworks",
					"@executable_path/../../Frameworks",
				);
				MARKETING_VERSION = 1.0;
				PRODUCT_BUNDLE_IDENTIFIER = com.Cameron.Slash.Counterdown.CounterDownWidget;
				PRODUCT_NAME = "$(TARGET_NAME)";
				SKIP_INSTALL = YES;
				SWIFT_EMIT_LOC_STRINGS = YES;
				SWIFT_VERSION = 5.0;
				TARGETED_DEVICE_FAMILY = 1;
			};
			name = Release;
		};
		2E1A6E30286037C400D91FBA /* Debug */ = {
			isa = XCBuildConfiguration;
			buildSettings = {
				CODE_SIGN_ENTITLEMENTS = CounterDownIntentHandler/CounterDownIntentHandler.entitlements;
				CODE_SIGN_STYLE = Automatic;
				CURRENT_PROJECT_VERSION = 1;
				DEVELOPMENT_TEAM = 3S8XC6A264;
				GENERATE_INFOPLIST_FILE = YES;
				INFOPLIST_FILE = CounterDownIntentHandler/Info.plist;
				INFOPLIST_KEY_CFBundleDisplayName = CounterDownIntentHandler;
				INFOPLIST_KEY_NSHumanReadableCopyright = "";
				IPHONEOS_DEPLOYMENT_TARGET = 14.0;
				LD_RUNPATH_SEARCH_PATHS = (
					"$(inherited)",
					"@executable_path/Frameworks",
					"@executable_path/../../Frameworks",
				);
				MARKETING_VERSION = 1.0;
				PRODUCT_BUNDLE_IDENTIFIER = com.Cameron.Slash.Counterdown.CounterDownIntentHandler;
				PRODUCT_NAME = "$(TARGET_NAME)";
				SKIP_INSTALL = YES;
				SWIFT_EMIT_LOC_STRINGS = YES;
				SWIFT_VERSION = 5.0;
				TARGETED_DEVICE_FAMILY = 1;
			};
			name = Debug;
		};
		2E1A6E31286037C400D91FBA /* Release */ = {
			isa = XCBuildConfiguration;
			buildSettings = {
				CODE_SIGN_ENTITLEMENTS = CounterDownIntentHandler/CounterDownIntentHandler.entitlements;
				CODE_SIGN_STYLE = Automatic;
				CURRENT_PROJECT_VERSION = 1;
				DEVELOPMENT_TEAM = 3S8XC6A264;
				GENERATE_INFOPLIST_FILE = YES;
				INFOPLIST_FILE = CounterDownIntentHandler/Info.plist;
				INFOPLIST_KEY_CFBundleDisplayName = CounterDownIntentHandler;
				INFOPLIST_KEY_NSHumanReadableCopyright = "";
				IPHONEOS_DEPLOYMENT_TARGET = 14.0;
				LD_RUNPATH_SEARCH_PATHS = (
					"$(inherited)",
					"@executable_path/Frameworks",
					"@executable_path/../../Frameworks",
				);
				MARKETING_VERSION = 1.0;
				PRODUCT_BUNDLE_IDENTIFIER = com.Cameron.Slash.Counterdown.CounterDownIntentHandler;
				PRODUCT_NAME = "$(TARGET_NAME)";
				SKIP_INSTALL = YES;
				SWIFT_EMIT_LOC_STRINGS = YES;
				SWIFT_VERSION = 5.0;
				TARGETED_DEVICE_FAMILY = 1;
			};
			name = Release;
		};
		2E6247752840404C00BB2A48 /* Debug */ = {
			isa = XCBuildConfiguration;
			buildSettings = {
				ALWAYS_SEARCH_USER_PATHS = NO;
				CLANG_ANALYZER_NONNULL = YES;
				CLANG_ANALYZER_NUMBER_OBJECT_CONVERSION = YES_AGGRESSIVE;
				CLANG_CXX_LANGUAGE_STANDARD = "gnu++17";
				CLANG_ENABLE_MODULES = YES;
				CLANG_ENABLE_OBJC_ARC = YES;
				CLANG_ENABLE_OBJC_WEAK = YES;
				CLANG_WARN_BLOCK_CAPTURE_AUTORELEASING = YES;
				CLANG_WARN_BOOL_CONVERSION = YES;
				CLANG_WARN_COMMA = YES;
				CLANG_WARN_CONSTANT_CONVERSION = YES;
				CLANG_WARN_DEPRECATED_OBJC_IMPLEMENTATIONS = YES;
				CLANG_WARN_DIRECT_OBJC_ISA_USAGE = YES_ERROR;
				CLANG_WARN_DOCUMENTATION_COMMENTS = YES;
				CLANG_WARN_EMPTY_BODY = YES;
				CLANG_WARN_ENUM_CONVERSION = YES;
				CLANG_WARN_INFINITE_RECURSION = YES;
				CLANG_WARN_INT_CONVERSION = YES;
				CLANG_WARN_NON_LITERAL_NULL_CONVERSION = YES;
				CLANG_WARN_OBJC_IMPLICIT_RETAIN_SELF = YES;
				CLANG_WARN_OBJC_LITERAL_CONVERSION = YES;
				CLANG_WARN_OBJC_ROOT_CLASS = YES_ERROR;
				CLANG_WARN_QUOTED_INCLUDE_IN_FRAMEWORK_HEADER = YES;
				CLANG_WARN_RANGE_LOOP_ANALYSIS = YES;
				CLANG_WARN_STRICT_PROTOTYPES = YES;
				CLANG_WARN_SUSPICIOUS_MOVE = YES;
				CLANG_WARN_UNGUARDED_AVAILABILITY = YES_AGGRESSIVE;
				CLANG_WARN_UNREACHABLE_CODE = YES;
				CLANG_WARN__DUPLICATE_METHOD_MATCH = YES;
				COPY_PHASE_STRIP = NO;
				DEBUG_INFORMATION_FORMAT = dwarf;
				ENABLE_STRICT_OBJC_MSGSEND = YES;
				ENABLE_TESTABILITY = YES;
				GCC_C_LANGUAGE_STANDARD = gnu11;
				GCC_DYNAMIC_NO_PIC = NO;
				GCC_NO_COMMON_BLOCKS = YES;
				GCC_OPTIMIZATION_LEVEL = 0;
				GCC_PREPROCESSOR_DEFINITIONS = (
					"DEBUG=1",
					"$(inherited)",
				);
				GCC_WARN_64_TO_32_BIT_CONVERSION = YES;
				GCC_WARN_ABOUT_RETURN_TYPE = YES_ERROR;
				GCC_WARN_UNDECLARED_SELECTOR = YES;
				GCC_WARN_UNINITIALIZED_AUTOS = YES_AGGRESSIVE;
				GCC_WARN_UNUSED_FUNCTION = YES;
				GCC_WARN_UNUSED_VARIABLE = YES;
				IPHONEOS_DEPLOYMENT_TARGET = 14.0;
				MTL_ENABLE_DEBUG_INFO = INCLUDE_SOURCE;
				MTL_FAST_MATH = YES;
				ONLY_ACTIVE_ARCH = YES;
				SDKROOT = iphoneos;
				SWIFT_ACTIVE_COMPILATION_CONDITIONS = DEBUG;
				SWIFT_OPTIMIZATION_LEVEL = "-Onone";
			};
			name = Debug;
		};
		2E6247762840404C00BB2A48 /* Release */ = {
			isa = XCBuildConfiguration;
			buildSettings = {
				ALWAYS_SEARCH_USER_PATHS = NO;
				CLANG_ANALYZER_NONNULL = YES;
				CLANG_ANALYZER_NUMBER_OBJECT_CONVERSION = YES_AGGRESSIVE;
				CLANG_CXX_LANGUAGE_STANDARD = "gnu++17";
				CLANG_ENABLE_MODULES = YES;
				CLANG_ENABLE_OBJC_ARC = YES;
				CLANG_ENABLE_OBJC_WEAK = YES;
				CLANG_WARN_BLOCK_CAPTURE_AUTORELEASING = YES;
				CLANG_WARN_BOOL_CONVERSION = YES;
				CLANG_WARN_COMMA = YES;
				CLANG_WARN_CONSTANT_CONVERSION = YES;
				CLANG_WARN_DEPRECATED_OBJC_IMPLEMENTATIONS = YES;
				CLANG_WARN_DIRECT_OBJC_ISA_USAGE = YES_ERROR;
				CLANG_WARN_DOCUMENTATION_COMMENTS = YES;
				CLANG_WARN_EMPTY_BODY = YES;
				CLANG_WARN_ENUM_CONVERSION = YES;
				CLANG_WARN_INFINITE_RECURSION = YES;
				CLANG_WARN_INT_CONVERSION = YES;
				CLANG_WARN_NON_LITERAL_NULL_CONVERSION = YES;
				CLANG_WARN_OBJC_IMPLICIT_RETAIN_SELF = YES;
				CLANG_WARN_OBJC_LITERAL_CONVERSION = YES;
				CLANG_WARN_OBJC_ROOT_CLASS = YES_ERROR;
				CLANG_WARN_QUOTED_INCLUDE_IN_FRAMEWORK_HEADER = YES;
				CLANG_WARN_RANGE_LOOP_ANALYSIS = YES;
				CLANG_WARN_STRICT_PROTOTYPES = YES;
				CLANG_WARN_SUSPICIOUS_MOVE = YES;
				CLANG_WARN_UNGUARDED_AVAILABILITY = YES_AGGRESSIVE;
				CLANG_WARN_UNREACHABLE_CODE = YES;
				CLANG_WARN__DUPLICATE_METHOD_MATCH = YES;
				COPY_PHASE_STRIP = NO;
				DEBUG_INFORMATION_FORMAT = "dwarf-with-dsym";
				ENABLE_NS_ASSERTIONS = NO;
				ENABLE_STRICT_OBJC_MSGSEND = YES;
				GCC_C_LANGUAGE_STANDARD = gnu11;
				GCC_NO_COMMON_BLOCKS = YES;
				GCC_WARN_64_TO_32_BIT_CONVERSION = YES;
				GCC_WARN_ABOUT_RETURN_TYPE = YES_ERROR;
				GCC_WARN_UNDECLARED_SELECTOR = YES;
				GCC_WARN_UNINITIALIZED_AUTOS = YES_AGGRESSIVE;
				GCC_WARN_UNUSED_FUNCTION = YES;
				GCC_WARN_UNUSED_VARIABLE = YES;
				IPHONEOS_DEPLOYMENT_TARGET = 14.0;
				MTL_ENABLE_DEBUG_INFO = NO;
				MTL_FAST_MATH = YES;
				SDKROOT = iphoneos;
				SWIFT_COMPILATION_MODE = wholemodule;
				SWIFT_OPTIMIZATION_LEVEL = "-O";
				VALIDATE_PRODUCT = YES;
			};
			name = Release;
		};
		2E6247782840404C00BB2A48 /* Debug */ = {
			isa = XCBuildConfiguration;
			buildSettings = {
				ALWAYS_EMBED_SWIFT_STANDARD_LIBRARIES = YES;
				ASSETCATALOG_COMPILER_APPICON_NAME = AppIcon;
				ASSETCATALOG_COMPILER_GLOBAL_ACCENT_COLOR_NAME = AccentColor;
				CODE_SIGN_ENTITLEMENTS = CounterDown/CounterDown.entitlements;
				CODE_SIGN_STYLE = Automatic;
				CURRENT_PROJECT_VERSION = 1;
				DEVELOPMENT_ASSET_PATHS = "\"CounterDown/Preview Content\"";
				DEVELOPMENT_TEAM = 3S8XC6A264;
				ENABLE_PREVIEWS = YES;
				GENERATE_INFOPLIST_FILE = YES;
				INFOPLIST_FILE = CounterDown/Info.plist;
				INFOPLIST_KEY_CFBundleDisplayName = CounterDown;
				INFOPLIST_KEY_LSApplicationCategoryType = "public.app-category.utilities";
				INFOPLIST_KEY_NSCalendarsUsageDescription = "Add calendar events to countdown to.";
				INFOPLIST_KEY_UIApplicationSceneManifest_Generation = YES;
				INFOPLIST_KEY_UIApplicationSupportsIndirectInputEvents = YES;
				INFOPLIST_KEY_UILaunchScreen_Generation = YES;
				INFOPLIST_KEY_UISupportedInterfaceOrientations_iPhone = UIInterfaceOrientationPortrait;
				IPHONEOS_DEPLOYMENT_TARGET = 14.0;
				LD_RUNPATH_SEARCH_PATHS = (
					"$(inherited)",
					"@executable_path/Frameworks",
				);
				MARKETING_VERSION = 1.0;
				PRODUCT_BUNDLE_IDENTIFIER = com.Cameron.Slash.Counterdown;
				PRODUCT_NAME = "$(TARGET_NAME)";
				SUPPORTED_PLATFORMS = "iphoneos iphonesimulator";
				SUPPORTS_MACCATALYST = NO;
				SUPPORTS_MAC_DESIGNED_FOR_IPHONE_IPAD = NO;
				SWIFT_EMIT_LOC_STRINGS = YES;
				SWIFT_VERSION = 5.0;
				TARGETED_DEVICE_FAMILY = 1;
			};
			name = Debug;
		};
		2E6247792840404C00BB2A48 /* Release */ = {
			isa = XCBuildConfiguration;
			buildSettings = {
				ALWAYS_EMBED_SWIFT_STANDARD_LIBRARIES = YES;
				ASSETCATALOG_COMPILER_APPICON_NAME = AppIcon;
				ASSETCATALOG_COMPILER_GLOBAL_ACCENT_COLOR_NAME = AccentColor;
				CODE_SIGN_ENTITLEMENTS = CounterDown/CounterDown.entitlements;
				CODE_SIGN_STYLE = Automatic;
				CURRENT_PROJECT_VERSION = 1;
				DEVELOPMENT_ASSET_PATHS = "\"CounterDown/Preview Content\"";
				DEVELOPMENT_TEAM = 3S8XC6A264;
				ENABLE_PREVIEWS = YES;
				GENERATE_INFOPLIST_FILE = YES;
				INFOPLIST_FILE = CounterDown/Info.plist;
				INFOPLIST_KEY_CFBundleDisplayName = CounterDown;
				INFOPLIST_KEY_LSApplicationCategoryType = "public.app-category.utilities";
				INFOPLIST_KEY_NSCalendarsUsageDescription = "Add calendar events to countdown to.";
				INFOPLIST_KEY_UIApplicationSceneManifest_Generation = YES;
				INFOPLIST_KEY_UIApplicationSupportsIndirectInputEvents = YES;
				INFOPLIST_KEY_UILaunchScreen_Generation = YES;
				INFOPLIST_KEY_UISupportedInterfaceOrientations_iPhone = UIInterfaceOrientationPortrait;
				IPHONEOS_DEPLOYMENT_TARGET = 14.0;
				LD_RUNPATH_SEARCH_PATHS = (
					"$(inherited)",
					"@executable_path/Frameworks",
				);
				MARKETING_VERSION = 1.0;
				PRODUCT_BUNDLE_IDENTIFIER = com.Cameron.Slash.Counterdown;
				PRODUCT_NAME = "$(TARGET_NAME)";
				SUPPORTED_PLATFORMS = "iphoneos iphonesimulator";
				SUPPORTS_MACCATALYST = NO;
				SUPPORTS_MAC_DESIGNED_FOR_IPHONE_IPAD = NO;
				SWIFT_EMIT_LOC_STRINGS = YES;
				SWIFT_VERSION = 5.0;
				TARGETED_DEVICE_FAMILY = 1;
			};
			name = Release;
		};
/* End XCBuildConfiguration section */

/* Begin XCConfigurationList section */
		2E1A6E1F2860379500D91FBA /* Build configuration list for PBXNativeTarget "CounterDownWidgetExtension" */ = {
			isa = XCConfigurationList;
			buildConfigurations = (
				2E1A6E202860379500D91FBA /* Debug */,
				2E1A6E212860379500D91FBA /* Release */,
			);
			defaultConfigurationIsVisible = 0;
			defaultConfigurationName = Release;
		};
		2E1A6E2F286037C400D91FBA /* Build configuration list for PBXNativeTarget "CounterDownIntentHandler" */ = {
			isa = XCConfigurationList;
			buildConfigurations = (
				2E1A6E30286037C400D91FBA /* Debug */,
				2E1A6E31286037C400D91FBA /* Release */,
			);
			defaultConfigurationIsVisible = 0;
			defaultConfigurationName = Release;
		};
		2E62474E2840404B00BB2A48 /* Build configuration list for PBXProject "CounterDown" */ = {
			isa = XCConfigurationList;
			buildConfigurations = (
				2E6247752840404C00BB2A48 /* Debug */,
				2E6247762840404C00BB2A48 /* Release */,
			);
			defaultConfigurationIsVisible = 0;
			defaultConfigurationName = Release;
		};
		2E6247772840404C00BB2A48 /* Build configuration list for PBXNativeTarget "CounterDown" */ = {
			isa = XCConfigurationList;
			buildConfigurations = (
				2E6247782840404C00BB2A48 /* Debug */,
				2E6247792840404C00BB2A48 /* Release */,
			);
			defaultConfigurationIsVisible = 0;
			defaultConfigurationName = Release;
		};
/* End XCConfigurationList section */

/* Begin XCRemoteSwiftPackageReference section */
		2E6D2D8228655D2C006DF9F7 /* XCRemoteSwiftPackageReference "SPAlert" */ = {
			isa = XCRemoteSwiftPackageReference;
			repositoryURL = "https://github.com/ivanvorobei/SPAlert";
			requirement = {
				branch = main;
				kind = branch;
			};
		};
		2E7BAD5C285E7E5A001F0505 /* XCRemoteSwiftPackageReference "SFSymbolsFinder" */ = {
			isa = XCRemoteSwiftPackageReference;
			repositoryURL = "https://github.com/abadikaka/SFSymbolsFinder.git";
			requirement = {
				branch = master;
				kind = branch;
			};
		};
		2E7BAD5F285E7E62001F0505 /* XCRemoteSwiftPackageReference "DynamicColor" */ = {
			isa = XCRemoteSwiftPackageReference;
			repositoryURL = "https://github.com/yannickl/DynamicColor.git";
			requirement = {
				branch = master;
				kind = branch;
			};
		};
/* End XCRemoteSwiftPackageReference section */

/* Begin XCSwiftPackageProductDependency section */
		2E31B6E128603FDD00AB086F /* SFSymbolsFinder */ = {
			isa = XCSwiftPackageProductDependency;
			package = 2E7BAD5C285E7E5A001F0505 /* XCRemoteSwiftPackageReference "SFSymbolsFinder" */;
			productName = SFSymbolsFinder;
		};
		2E31B6E328603FDD00AB086F /* DynamicColor */ = {
			isa = XCSwiftPackageProductDependency;
			package = 2E7BAD5F285E7E62001F0505 /* XCRemoteSwiftPackageReference "DynamicColor" */;
			productName = DynamicColor;
		};
		2E6D2D8328655D2C006DF9F7 /* SPAlert */ = {
			isa = XCSwiftPackageProductDependency;
			package = 2E6D2D8228655D2C006DF9F7 /* XCRemoteSwiftPackageReference "SPAlert" */;
			productName = SPAlert;
		};
		2E7BAD5D285E7E5A001F0505 /* SFSymbolsFinder */ = {
			isa = XCSwiftPackageProductDependency;
			package = 2E7BAD5C285E7E5A001F0505 /* XCRemoteSwiftPackageReference "SFSymbolsFinder" */;
			productName = SFSymbolsFinder;
		};
		2E7BAD60285E7E62001F0505 /* DynamicColor */ = {
			isa = XCSwiftPackageProductDependency;
			package = 2E7BAD5F285E7E62001F0505 /* XCRemoteSwiftPackageReference "DynamicColor" */;
			productName = DynamicColor;
		};
		2EC61D982860BFB80018EEDF /* SFSymbolsFinder */ = {
			isa = XCSwiftPackageProductDependency;
			package = 2E7BAD5C285E7E5A001F0505 /* XCRemoteSwiftPackageReference "SFSymbolsFinder" */;
			productName = SFSymbolsFinder;
		};
		2EC61D9A2860BFB80018EEDF /* DynamicColor */ = {
			isa = XCSwiftPackageProductDependency;
			package = 2E7BAD5F285E7E62001F0505 /* XCRemoteSwiftPackageReference "DynamicColor" */;
			productName = DynamicColor;
		};
/* End XCSwiftPackageProductDependency section */

/* Begin XCVersionGroup section */
		2E6D2D6B28654C23006DF9F7 /* CounterDownModel.xcdatamodeld */ = {
			isa = XCVersionGroup;
			children = (
				2E6D2D6C28654C23006DF9F7 /* CounterDownModel.xcdatamodel */,
			);
			currentVersion = 2E6D2D6C28654C23006DF9F7 /* CounterDownModel.xcdatamodel */;
			path = CounterDownModel.xcdatamodeld;
			sourceTree = "<group>";
			versionGroupType = wrapper.xcdatamodel;
		};
/* End XCVersionGroup section */
	};
	rootObject = 2E62474B2840404B00BB2A48 /* Project object */;
}
