// !$*UTF8*$!
{
	archiveVersion = 1;
	classes = {
	};
	objectVersion = 56;
	objects = {

/* Begin PBXBuildFile section */
		2EBAA43C2B538C6000F3005D /* Utilities.swift in Sources */ = {isa = PBXBuildFile; fileRef = 2EBAA43B2B538C6000F3005D /* Utilities.swift */; };
		2EBAA43F2B538EB200F3005D /* SlashKit in Frameworks */ = {isa = PBXBuildFile; productRef = 2EBAA43E2B538EB200F3005D /* SlashKit */; };
		2EBAA4412B538F6E00F3005D /* DateService.swift in Sources */ = {isa = PBXBuildFile; fileRef = 2EBAA4402B538F6E00F3005D /* DateService.swift */; };
		2EBAA4492B5497B500F3005D /* SavedEvent.swift in Sources */ = {isa = PBXBuildFile; fileRef = 2EBAA4482B5497B500F3005D /* SavedEvent.swift */; };
		2EBAA44B2B54991400F3005D /* RecurrenceInterval.swift in Sources */ = {isa = PBXBuildFile; fileRef = 2EBAA44A2B54991400F3005D /* RecurrenceInterval.swift */; };
		2EBAA5132B58DA1300F3005D /* SavedEventSnapshot.swift in Sources */ = {isa = PBXBuildFile; fileRef = 2EBAA5122B58DA1300F3005D /* SavedEventSnapshot.swift */; };
		2EBAA5152B58DAA700F3005D /* TimeInterval+Extensions.swift in Sources */ = {isa = PBXBuildFile; fileRef = 2EBAA5142B58DAA700F3005D /* TimeInterval+Extensions.swift */; };
		2EFEBA282B52587500AE19F3 /* CounterKit.h in Headers */ = {isa = PBXBuildFile; fileRef = 2EFEBA272B52587500AE19F3 /* CounterKit.h */; settings = {ATTRIBUTES = (Public, ); }; };
		2EFEBA4A2B537E6100AE19F3 /* PermissionsService.swift in Sources */ = {isa = PBXBuildFile; fileRef = 2EFEBA492B537E6100AE19F3 /* PermissionsService.swift */; };
/* End PBXBuildFile section */

/* Begin PBXFileReference section */
		2EBAA43B2B538C6000F3005D /* Utilities.swift */ = {isa = PBXFileReference; lastKnownFileType = sourcecode.swift; path = Utilities.swift; sourceTree = "<group>"; };
		2EBAA4402B538F6E00F3005D /* DateService.swift */ = {isa = PBXFileReference; lastKnownFileType = sourcecode.swift; path = DateService.swift; sourceTree = "<group>"; };
		2EBAA4482B5497B500F3005D /* SavedEvent.swift */ = {isa = PBXFileReference; lastKnownFileType = sourcecode.swift; path = SavedEvent.swift; sourceTree = "<group>"; };
		2EBAA44A2B54991400F3005D /* RecurrenceInterval.swift */ = {isa = PBXFileReference; lastKnownFileType = sourcecode.swift; path = RecurrenceInterval.swift; sourceTree = "<group>"; };
		2EBAA5122B58DA1300F3005D /* SavedEventSnapshot.swift */ = {isa = PBXFileReference; lastKnownFileType = sourcecode.swift; path = SavedEventSnapshot.swift; sourceTree = "<group>"; };
		2EBAA5142B58DAA700F3005D /* TimeInterval+Extensions.swift */ = {isa = PBXFileReference; lastKnownFileType = sourcecode.swift; path = "TimeInterval+Extensions.swift"; sourceTree = "<group>"; };
		2EFEBA242B52587500AE19F3 /* CounterKit.framework */ = {isa = PBXFileReference; explicitFileType = wrapper.framework; includeInIndex = 0; path = CounterKit.framework; sourceTree = BUILT_PRODUCTS_DIR; };
		2EFEBA272B52587500AE19F3 /* CounterKit.h */ = {isa = PBXFileReference; lastKnownFileType = sourcecode.c.h; path = CounterKit.h; sourceTree = "<group>"; };
		2EFEBA492B537E6100AE19F3 /* PermissionsService.swift */ = {isa = PBXFileReference; lastKnownFileType = sourcecode.swift; path = PermissionsService.swift; sourceTree = "<group>"; };
/* End PBXFileReference section */

/* Begin PBXFrameworksBuildPhase section */
		2EFEBA212B52587500AE19F3 /* Frameworks */ = {
			isa = PBXFrameworksBuildPhase;
			buildActionMask = 2147483647;
			files = (
				2EBAA43F2B538EB200F3005D /* SlashKit in Frameworks */,
			);
			runOnlyForDeploymentPostprocessing = 0;
		};
/* End PBXFrameworksBuildPhase section */

/* Begin PBXGroup section */
		2EBAA4422B538FEA00F3005D /* Services */ = {
			isa = PBXGroup;
			children = (
				2EBAA43B2B538C6000F3005D /* Utilities.swift */,
				2EFEBA492B537E6100AE19F3 /* PermissionsService.swift */,
				2EBAA4402B538F6E00F3005D /* DateService.swift */,
			);
			path = Services;
			sourceTree = "<group>";
		};
		2EBAA4472B54979F00F3005D /* Model */ = {
			isa = PBXGroup;
			children = (
				2EBAA4482B5497B500F3005D /* SavedEvent.swift */,
				2EBAA44A2B54991400F3005D /* RecurrenceInterval.swift */,
				2EBAA5122B58DA1300F3005D /* SavedEventSnapshot.swift */,
			);
			path = Model;
			sourceTree = "<group>";
		};
		2EBAA5162B58DBA400F3005D /* Extensions */ = {
			isa = PBXGroup;
			children = (
				2EBAA5142B58DAA700F3005D /* TimeInterval+Extensions.swift */,
			);
			path = Extensions;
			sourceTree = "<group>";
		};
		2EFEBA1A2B52587500AE19F3 = {
			isa = PBXGroup;
			children = (
				2EFEBA262B52587500AE19F3 /* CounterKit */,
				2EFEBA252B52587500AE19F3 /* Products */,
			);
			sourceTree = "<group>";
		};
		2EFEBA252B52587500AE19F3 /* Products */ = {
			isa = PBXGroup;
			children = (
				2EFEBA242B52587500AE19F3 /* CounterKit.framework */,
			);
			name = Products;
			sourceTree = "<group>";
		};
		2EFEBA262B52587500AE19F3 /* CounterKit */ = {
			isa = PBXGroup;
			children = (
				2EBAA5162B58DBA400F3005D /* Extensions */,
				2EBAA4472B54979F00F3005D /* Model */,
				2EBAA4422B538FEA00F3005D /* Services */,
				2EFEBA272B52587500AE19F3 /* CounterKit.h */,
			);
			path = CounterKit;
			sourceTree = "<group>";
		};
/* End PBXGroup section */

/* Begin PBXHeadersBuildPhase section */
		2EFEBA1F2B52587500AE19F3 /* Headers */ = {
			isa = PBXHeadersBuildPhase;
			buildActionMask = 2147483647;
			files = (
				2EFEBA282B52587500AE19F3 /* CounterKit.h in Headers */,
			);
			runOnlyForDeploymentPostprocessing = 0;
		};
/* End PBXHeadersBuildPhase section */

/* Begin PBXNativeTarget section */
		2EFEBA232B52587500AE19F3 /* CounterKit */ = {
			isa = PBXNativeTarget;
			buildConfigurationList = 2EFEBA2B2B52587500AE19F3 /* Build configuration list for PBXNativeTarget "CounterKit" */;
			buildPhases = (
				2EFEBA1F2B52587500AE19F3 /* Headers */,
				2EFEBA202B52587500AE19F3 /* Sources */,
				2EFEBA212B52587500AE19F3 /* Frameworks */,
				2EFEBA222B52587500AE19F3 /* Resources */,
			);
			buildRules = (
			);
			dependencies = (
			);
			name = CounterKit;
			packageProductDependencies = (
				2EBAA43E2B538EB200F3005D /* SlashKit */,
			);
			productName = CounterKit;
			productReference = 2EFEBA242B52587500AE19F3 /* CounterKit.framework */;
			productType = "com.apple.product-type.framework";
		};
/* End PBXNativeTarget section */

/* Begin PBXProject section */
		2EFEBA1B2B52587500AE19F3 /* Project object */ = {
			isa = PBXProject;
			attributes = {
				BuildIndependentTargetsInParallel = 1;
				LastUpgradeCheck = 1520;
				TargetAttributes = {
					2EFEBA232B52587500AE19F3 = {
						CreatedOnToolsVersion = 15.2;
						LastSwiftMigration = 1520;
					};
				};
			};
			buildConfigurationList = 2EFEBA1E2B52587500AE19F3 /* Build configuration list for PBXProject "CounterKit" */;
			compatibilityVersion = "Xcode 14.0";
			developmentRegion = en;
			hasScannedForEncodings = 0;
			knownRegions = (
				en,
				Base,
			);
			mainGroup = 2EFEBA1A2B52587500AE19F3;
			packageReferences = (
				2EBAA43D2B538EB100F3005D /* XCRemoteSwiftPackageReference "SlashKit" */,
			);
			productRefGroup = 2EFEBA252B52587500AE19F3 /* Products */;
			projectDirPath = "";
			projectRoot = "";
			targets = (
				2EFEBA232B52587500AE19F3 /* CounterKit */,
			);
		};
/* End PBXProject section */

/* Begin PBXResourcesBuildPhase section */
		2EFEBA222B52587500AE19F3 /* Resources */ = {
			isa = PBXResourcesBuildPhase;
			buildActionMask = 2147483647;
			files = (
			);
			runOnlyForDeploymentPostprocessing = 0;
		};
/* End PBXResourcesBuildPhase section */

/* Begin PBXSourcesBuildPhase section */
		2EFEBA202B52587500AE19F3 /* Sources */ = {
			isa = PBXSourcesBuildPhase;
			buildActionMask = 2147483647;
			files = (
				2EBAA4412B538F6E00F3005D /* DateService.swift in Sources */,
				2EBAA43C2B538C6000F3005D /* Utilities.swift in Sources */,
				2EFEBA4A2B537E6100AE19F3 /* PermissionsService.swift in Sources */,
				2EBAA5152B58DAA700F3005D /* TimeInterval+Extensions.swift in Sources */,
				2EBAA44B2B54991400F3005D /* RecurrenceInterval.swift in Sources */,
				2EBAA5132B58DA1300F3005D /* SavedEventSnapshot.swift in Sources */,
				2EBAA4492B5497B500F3005D /* SavedEvent.swift in Sources */,
			);
			runOnlyForDeploymentPostprocessing = 0;
		};
/* End PBXSourcesBuildPhase section */

/* Begin XCBuildConfiguration section */
		2EFEBA292B52587500AE19F3 /* Debug */ = {
			isa = XCBuildConfiguration;
			buildSettings = {
				ALWAYS_SEARCH_USER_PATHS = NO;
				ASSETCATALOG_COMPILER_GENERATE_SWIFT_ASSET_SYMBOL_EXTENSIONS = YES;
				CLANG_ANALYZER_NONNULL = YES;
				CLANG_ANALYZER_NUMBER_OBJECT_CONVERSION = YES_AGGRESSIVE;
				CLANG_CXX_LANGUAGE_STANDARD = "gnu++20";
				CLANG_ENABLE_MODULES = YES;
				CLANG_ENABLE_OBJC_ARC = YES;
				CLANG_ENABLE_OBJC_WEAK = YES;
				CLANG_WARN_BLOCK_CAPTURE_AUTORELEASING = YES;
				CLANG_WARN_BOOL_CONVERSION = YES;
				CLANG_WARN_COMMA = YES;
				CLANG_WARN_CONSTANT_CONVERSION = YES;
				CLANG_WARN_DEPRECATED_OBJC_IMPLEMENTATIONS = YES;
				CLANG_WARN_DIRECT_OBJC_ISA_USAGE = YES_ERROR;
				CLANG_WARN_DOCUMENTATION_COMMENTS = YES;
				CLANG_WARN_EMPTY_BODY = YES;
				CLANG_WARN_ENUM_CONVERSION = YES;
				CLANG_WARN_INFINITE_RECURSION = YES;
				CLANG_WARN_INT_CONVERSION = YES;
				CLANG_WARN_NON_LITERAL_NULL_CONVERSION = YES;
				CLANG_WARN_OBJC_IMPLICIT_RETAIN_SELF = YES;
				CLANG_WARN_OBJC_LITERAL_CONVERSION = YES;
				CLANG_WARN_OBJC_ROOT_CLASS = YES_ERROR;
				CLANG_WARN_QUOTED_INCLUDE_IN_FRAMEWORK_HEADER = YES;
				CLANG_WARN_RANGE_LOOP_ANALYSIS = YES;
				CLANG_WARN_STRICT_PROTOTYPES = YES;
				CLANG_WARN_SUSPICIOUS_MOVE = YES;
				CLANG_WARN_UNGUARDED_AVAILABILITY = YES_AGGRESSIVE;
				CLANG_WARN_UNREACHABLE_CODE = YES;
				CLANG_WARN__DUPLICATE_METHOD_MATCH = YES;
				COPY_PHASE_STRIP = NO;
				CURRENT_PROJECT_VERSION = 1;
				DEBUG_INFORMATION_FORMAT = dwarf;
				ENABLE_STRICT_OBJC_MSGSEND = YES;
				ENABLE_TESTABILITY = YES;
				ENABLE_USER_SCRIPT_SANDBOXING = YES;
				GCC_C_LANGUAGE_STANDARD = gnu17;
				GCC_DYNAMIC_NO_PIC = NO;
				GCC_NO_COMMON_BLOCKS = YES;
				GCC_OPTIMIZATION_LEVEL = 0;
				GCC_PREPROCESSOR_DEFINITIONS = (
					"DEBUG=1",
					"$(inherited)",
				);
				GCC_WARN_64_TO_32_BIT_CONVERSION = YES;
				GCC_WARN_ABOUT_RETURN_TYPE = YES_ERROR;
				GCC_WARN_UNDECLARED_SELECTOR = YES;
				GCC_WARN_UNINITIALIZED_AUTOS = YES_AGGRESSIVE;
				GCC_WARN_UNUSED_FUNCTION = YES;
				GCC_WARN_UNUSED_VARIABLE = YES;
				IPHONEOS_DEPLOYMENT_TARGET = 16.0;
				LOCALIZATION_PREFERS_STRING_CATALOGS = YES;
				MACOSX_DEPLOYMENT_TARGET = 13.0;
				MTL_ENABLE_DEBUG_INFO = INCLUDE_SOURCE;
				MTL_FAST_MATH = YES;
				ONLY_ACTIVE_ARCH = YES;
				SWIFT_ACTIVE_COMPILATION_CONDITIONS = "DEBUG $(inherited)";
				SWIFT_OPTIMIZATION_LEVEL = "-Onone";
				VERSIONING_SYSTEM = "apple-generic";
				VERSION_INFO_PREFIX = "";
				XROS_DEPLOYMENT_TARGET = 1.0;
			};
			name = Debug;
		};
		2EFEBA2A2B52587500AE19F3 /* Release */ = {
			isa = XCBuildConfiguration;
			buildSettings = {
				ALWAYS_SEARCH_USER_PATHS = NO;
				ASSETCATALOG_COMPILER_GENERATE_SWIFT_ASSET_SYMBOL_EXTENSIONS = YES;
				CLANG_ANALYZER_NONNULL = YES;
				CLANG_ANALYZER_NUMBER_OBJECT_CONVERSION = YES_AGGRESSIVE;
				CLANG_CXX_LANGUAGE_STANDARD = "gnu++20";
				CLANG_ENABLE_MODULES = YES;
				CLANG_ENABLE_OBJC_ARC = YES;
				CLANG_ENABLE_OBJC_WEAK = YES;
				CLANG_WARN_BLOCK_CAPTURE_AUTORELEASING = YES;
				CLANG_WARN_BOOL_CONVERSION = YES;
				CLANG_WARN_COMMA = YES;
				CLANG_WARN_CONSTANT_CONVERSION = YES;
				CLANG_WARN_DEPRECATED_OBJC_IMPLEMENTATIONS = YES;
				CLANG_WARN_DIRECT_OBJC_ISA_USAGE = YES_ERROR;
				CLANG_WARN_DOCUMENTATION_COMMENTS = YES;
				CLANG_WARN_EMPTY_BODY = YES;
				CLANG_WARN_ENUM_CONVERSION = YES;
				CLANG_WARN_INFINITE_RECURSION = YES;
				CLANG_WARN_INT_CONVERSION = YES;
				CLANG_WARN_NON_LITERAL_NULL_CONVERSION = YES;
				CLANG_WARN_OBJC_IMPLICIT_RETAIN_SELF = YES;
				CLANG_WARN_OBJC_LITERAL_CONVERSION = YES;
				CLANG_WARN_OBJC_ROOT_CLASS = YES_ERROR;
				CLANG_WARN_QUOTED_INCLUDE_IN_FRAMEWORK_HEADER = YES;
				CLANG_WARN_RANGE_LOOP_ANALYSIS = YES;
				CLANG_WARN_STRICT_PROTOTYPES = YES;
				CLANG_WARN_SUSPICIOUS_MOVE = YES;
				CLANG_WARN_UNGUARDED_AVAILABILITY = YES_AGGRESSIVE;
				CLANG_WARN_UNREACHABLE_CODE = YES;
				CLANG_WARN__DUPLICATE_METHOD_MATCH = YES;
				COPY_PHASE_STRIP = NO;
				CURRENT_PROJECT_VERSION = 1;
				DEBUG_INFORMATION_FORMAT = "dwarf-with-dsym";
				ENABLE_NS_ASSERTIONS = NO;
				ENABLE_STRICT_OBJC_MSGSEND = YES;
				ENABLE_USER_SCRIPT_SANDBOXING = YES;
				GCC_C_LANGUAGE_STANDARD = gnu17;
				GCC_NO_COMMON_BLOCKS = YES;
				GCC_WARN_64_TO_32_BIT_CONVERSION = YES;
				GCC_WARN_ABOUT_RETURN_TYPE = YES_ERROR;
				GCC_WARN_UNDECLARED_SELECTOR = YES;
				GCC_WARN_UNINITIALIZED_AUTOS = YES_AGGRESSIVE;
				GCC_WARN_UNUSED_FUNCTION = YES;
				GCC_WARN_UNUSED_VARIABLE = YES;
				IPHONEOS_DEPLOYMENT_TARGET = 16.0;
				LOCALIZATION_PREFERS_STRING_CATALOGS = YES;
				MACOSX_DEPLOYMENT_TARGET = 13.0;
				MTL_ENABLE_DEBUG_INFO = NO;
				MTL_FAST_MATH = YES;
				SWIFT_COMPILATION_MODE = wholemodule;
				VERSIONING_SYSTEM = "apple-generic";
				VERSION_INFO_PREFIX = "";
				XROS_DEPLOYMENT_TARGET = 1.0;
			};
			name = Release;
		};
		2EFEBA2C2B52587500AE19F3 /* Debug */ = {
			isa = XCBuildConfiguration;
			buildSettings = {
				CLANG_ENABLE_MODULES = YES;
				CODE_SIGN_STYLE = Automatic;
				CURRENT_PROJECT_VERSION = 1;
				DEFINES_MODULE = YES;
				DEVELOPMENT_TEAM = 3S8XC6A264;
				DYLIB_COMPATIBILITY_VERSION = 1;
				DYLIB_CURRENT_VERSION = 1;
				DYLIB_INSTALL_NAME_BASE = "@rpath";
				ENABLE_MODULE_VERIFIER = YES;
				GENERATE_INFOPLIST_FILE = YES;
				INFOPLIST_KEY_NSHumanReadableCopyright = "";
				INSTALL_PATH = "$(LOCAL_LIBRARY_DIR)/Frameworks";
				IPHONEOS_DEPLOYMENT_TARGET = 17.0;
				LD_RUNPATH_SEARCH_PATHS = (
					"@executable_path/Frameworks",
					"@loader_path/Frameworks",
				);
				"LD_RUNPATH_SEARCH_PATHS[sdk=macosx*]" = (
					"@executable_path/../Frameworks",
					"@loader_path/Frameworks",
				);
				MACOSX_DEPLOYMENT_TARGET = 14.0;
				MARKETING_VERSION = 1.0;
				MODULE_VERIFIER_SUPPORTED_LANGUAGES = "objective-c objective-c++";
				MODULE_VERIFIER_SUPPORTED_LANGUAGE_STANDARDS = "gnu17 gnu++20";
				PRODUCT_BUNDLE_IDENTIFIER = com.Cameron.Slash.CounterKit;
				PRODUCT_NAME = "$(TARGET_NAME:c99extidentifier)";
				SDKROOT = auto;
				SKIP_INSTALL = YES;
				SUPPORTED_PLATFORMS = "iphoneos iphonesimulator macosx xros xrsimulator";
				SUPPORTS_MACCATALYST = NO;
				SWIFT_EMIT_LOC_STRINGS = YES;
				SWIFT_OPTIMIZATION_LEVEL = "-Onone";
				SWIFT_VERSION = 5.0;
				TARGETED_DEVICE_FAMILY = "1,2,7";
			};
			name = Debug;
		};
		2EFEBA2D2B52587500AE19F3 /* Release */ = {
			isa = XCBuildConfiguration;
			buildSettings = {
				CLANG_ENABLE_MODULES = YES;
				CODE_SIGN_STYLE = Automatic;
				CURRENT_PROJECT_VERSION = 1;
				DEFINES_MODULE = YES;
				DEVELOPMENT_TEAM = 3S8XC6A264;
				DYLIB_COMPATIBILITY_VERSION = 1;
				DYLIB_CURRENT_VERSION = 1;
				DYLIB_INSTALL_NAME_BASE = "@rpath";
				ENABLE_MODULE_VERIFIER = YES;
				GENERATE_INFOPLIST_FILE = YES;
				INFOPLIST_KEY_NSHumanReadableCopyright = "";
				INSTALL_PATH = "$(LOCAL_LIBRARY_DIR)/Frameworks";
				IPHONEOS_DEPLOYMENT_TARGET = 17.0;
				LD_RUNPATH_SEARCH_PATHS = (
					"@executable_path/Frameworks",
					"@loader_path/Frameworks",
				);
				"LD_RUNPATH_SEARCH_PATHS[sdk=macosx*]" = (
					"@executable_path/../Frameworks",
					"@loader_path/Frameworks",
				);
				MACOSX_DEPLOYMENT_TARGET = 14.0;
				MARKETING_VERSION = 1.0;
				MODULE_VERIFIER_SUPPORTED_LANGUAGES = "objective-c objective-c++";
				MODULE_VERIFIER_SUPPORTED_LANGUAGE_STANDARDS = "gnu17 gnu++20";
				PRODUCT_BUNDLE_IDENTIFIER = com.Cameron.Slash.CounterKit;
				PRODUCT_NAME = "$(TARGET_NAME:c99extidentifier)";
				SDKROOT = auto;
				SKIP_INSTALL = YES;
				SUPPORTED_PLATFORMS = "iphoneos iphonesimulator macosx xros xrsimulator";
				SUPPORTS_MACCATALYST = NO;
				SWIFT_EMIT_LOC_STRINGS = YES;
				SWIFT_VERSION = 5.0;
				TARGETED_DEVICE_FAMILY = "1,2,7";
			};
			name = Release;
		};
/* End XCBuildConfiguration section */

/* Begin XCConfigurationList section */
		2EFEBA1E2B52587500AE19F3 /* Build configuration list for PBXProject "CounterKit" */ = {
			isa = XCConfigurationList;
			buildConfigurations = (
				2EFEBA292B52587500AE19F3 /* Debug */,
				2EFEBA2A2B52587500AE19F3 /* Release */,
			);
			defaultConfigurationIsVisible = 0;
			defaultConfigurationName = Release;
		};
		2EFEBA2B2B52587500AE19F3 /* Build configuration list for PBXNativeTarget "CounterKit" */ = {
			isa = XCConfigurationList;
			buildConfigurations = (
				2EFEBA2C2B52587500AE19F3 /* Debug */,
				2EFEBA2D2B52587500AE19F3 /* Release */,
			);
			defaultConfigurationIsVisible = 0;
			defaultConfigurationName = Release;
		};
/* End XCConfigurationList section */

/* Begin XCRemoteSwiftPackageReference section */
		2EBAA43D2B538EB100F3005D /* XCRemoteSwiftPackageReference "SlashKit" */ = {
			isa = XCRemoteSwiftPackageReference;
			repositoryURL = "https://github.com/caslash/SlashKit";
			requirement = {
				branch = main;
				kind = branch;
			};
		};
/* End XCRemoteSwiftPackageReference section */

/* Begin XCSwiftPackageProductDependency section */
		2EBAA43E2B538EB200F3005D /* SlashKit */ = {
			isa = XCSwiftPackageProductDependency;
			package = 2EBAA43D2B538EB100F3005D /* XCRemoteSwiftPackageReference "SlashKit" */;
			productName = SlashKit;
		};
/* End XCSwiftPackageProductDependency section */
	};
	rootObject = 2EFEBA1B2B52587500AE19F3 /* Project object */;
}
