// !$*UTF8*$!
{
	archiveVersion = 1;
	classes = {
	};
	objectVersion = 56;
	objects = {

/* Begin PBXBuildFile section */
		2E33229A28729B5700D74706 /* CounterDownMacApp.swift in Sources */ = {isa = PBXBuildFile; fileRef = 2E33229928729B5700D74706 /* CounterDownMacApp.swift */; };
		2E33229C28729B5700D74706 /* ContentView.swift in Sources */ = {isa = PBXBuildFile; fileRef = 2E33229B28729B5700D74706 /* ContentView.swift */; };
		2E33229E28729B5700D74706 /* Assets.xcassets in Resources */ = {isa = PBXBuildFile; fileRef = 2E33229D28729B5700D74706 /* Assets.xcassets */; };
		2E3322A128729B5800D74706 /* Preview Assets.xcassets in Resources */ = {isa = PBXBuildFile; fileRef = 2E3322A028729B5800D74706 /* Preview Assets.xcassets */; };
		2E3322AA28729B7900D74706 /* CounterKit.framework in Frameworks */ = {isa = PBXBuildFile; fileRef = 2E3322A928729B7900D74706 /* CounterKit.framework */; };
		2E3322AB28729B7900D74706 /* CounterKit.framework in Embed Frameworks */ = {isa = PBXBuildFile; fileRef = 2E3322A928729B7900D74706 /* CounterKit.framework */; settings = {ATTRIBUTES = (CodeSignOnCopy, RemoveHeadersOnCopy, ); }; };
		2E3322B128729C1D00D74706 /* ModelData.swift in Sources */ = {isa = PBXBuildFile; fileRef = 2E3322B028729C1D00D74706 /* ModelData.swift */; };
/* End PBXBuildFile section */

/* Begin PBXCopyFilesBuildPhase section */
		2E3322AC28729B7900D74706 /* Embed Frameworks */ = {
			isa = PBXCopyFilesBuildPhase;
			buildActionMask = 2147483647;
			dstPath = "";
			dstSubfolderSpec = 10;
			files = (
				2E3322AB28729B7900D74706 /* CounterKit.framework in Embed Frameworks */,
			);
			name = "Embed Frameworks";
			runOnlyForDeploymentPostprocessing = 0;
		};
/* End PBXCopyFilesBuildPhase section */

/* Begin PBXFileReference section */
		2E33229628729B5700D74706 /* CounterDownMac.app */ = {isa = PBXFileReference; explicitFileType = wrapper.application; includeInIndex = 0; path = CounterDownMac.app; sourceTree = BUILT_PRODUCTS_DIR; };
		2E33229928729B5700D74706 /* CounterDownMacApp.swift */ = {isa = PBXFileReference; lastKnownFileType = sourcecode.swift; path = CounterDownMacApp.swift; sourceTree = "<group>"; };
		2E33229B28729B5700D74706 /* ContentView.swift */ = {isa = PBXFileReference; lastKnownFileType = sourcecode.swift; path = ContentView.swift; sourceTree = "<group>"; };
		2E33229D28729B5700D74706 /* Assets.xcassets */ = {isa = PBXFileReference; lastKnownFileType = folder.assetcatalog; path = Assets.xcassets; sourceTree = "<group>"; };
		2E3322A028729B5800D74706 /* Preview Assets.xcassets */ = {isa = PBXFileReference; lastKnownFileType = folder.assetcatalog; path = "Preview Assets.xcassets"; sourceTree = "<group>"; };
		2E3322A228729B5800D74706 /* CounterDownMac.entitlements */ = {isa = PBXFileReference; lastKnownFileType = text.plist.entitlements; path = CounterDownMac.entitlements; sourceTree = "<group>"; };
		2E3322A928729B7900D74706 /* CounterKit.framework */ = {isa = PBXFileReference; explicitFileType = wrapper.framework; path = CounterKit.framework; sourceTree = BUILT_PRODUCTS_DIR; };
		2E3322B028729C1D00D74706 /* ModelData.swift */ = {isa = PBXFileReference; lastKnownFileType = sourcecode.swift; path = ModelData.swift; sourceTree = "<group>"; };
/* End PBXFileReference section */

/* Begin PBXFrameworksBuildPhase section */
		2E33229328729B5700D74706 /* Frameworks */ = {
			isa = PBXFrameworksBuildPhase;
			buildActionMask = 2147483647;
			files = (
				2E3322AA28729B7900D74706 /* CounterKit.framework in Frameworks */,
			);
			runOnlyForDeploymentPostprocessing = 0;
		};
/* End PBXFrameworksBuildPhase section */

/* Begin PBXGroup section */
		2E33228D28729B5700D74706 = {
			isa = PBXGroup;
			children = (
				2E33229828729B5700D74706 /* CounterDownMac */,
				2E33229728729B5700D74706 /* Products */,
				2E3322A828729B7900D74706 /* Frameworks */,
			);
			sourceTree = "<group>";
		};
		2E33229728729B5700D74706 /* Products */ = {
			isa = PBXGroup;
			children = (
				2E33229628729B5700D74706 /* CounterDownMac.app */,
			);
			name = Products;
			sourceTree = "<group>";
		};
		2E33229828729B5700D74706 /* CounterDownMac */ = {
			isa = PBXGroup;
			children = (
				2E3322AD28729C0200D74706 /* Models */,
				2E3322AF28729C0D00D74706 /* ViewModels */,
				2E3322AE28729C0800D74706 /* Views */,
				2E33229928729B5700D74706 /* CounterDownMacApp.swift */,
				2E33229B28729B5700D74706 /* ContentView.swift */,
				2E33229D28729B5700D74706 /* Assets.xcassets */,
				2E3322A228729B5800D74706 /* CounterDownMac.entitlements */,
				2E33229F28729B5800D74706 /* Preview Content */,
			);
			path = CounterDownMac;
			sourceTree = "<group>";
		};
		2E33229F28729B5800D74706 /* Preview Content */ = {
			isa = PBXGroup;
			children = (
				2E3322A028729B5800D74706 /* Preview Assets.xcassets */,
			);
			path = "Preview Content";
			sourceTree = "<group>";
		};
		2E3322A828729B7900D74706 /* Frameworks */ = {
			isa = PBXGroup;
			children = (
				2E3322A928729B7900D74706 /* CounterKit.framework */,
			);
			name = Frameworks;
			sourceTree = "<group>";
		};
		2E3322AD28729C0200D74706 /* Models */ = {
			isa = PBXGroup;
			children = (
				2E3322B028729C1D00D74706 /* ModelData.swift */,
			);
			path = Models;
			sourceTree = "<group>";
		};
		2E3322AE28729C0800D74706 /* Views */ = {
			isa = PBXGroup;
			children = (
			);
			path = Views;
			sourceTree = "<group>";
		};
		2E3322AF28729C0D00D74706 /* ViewModels */ = {
			isa = PBXGroup;
			children = (
			);
			path = ViewModels;
			sourceTree = "<group>";
		};
/* End PBXGroup section */

/* Begin PBXNativeTarget section */
		2E33229528729B5700D74706 /* CounterDownMac */ = {
			isa = PBXNativeTarget;
			buildConfigurationList = 2E3322A528729B5800D74706 /* Build configuration list for PBXNativeTarget "CounterDownMac" */;
			buildPhases = (
				2E33229228729B5700D74706 /* Sources */,
				2E33229328729B5700D74706 /* Frameworks */,
				2E33229428729B5700D74706 /* Resources */,
				2E3322AC28729B7900D74706 /* Embed Frameworks */,
			);
			buildRules = (
			);
			dependencies = (
			);
			name = CounterDownMac;
			productName = CounterDownMac;
			productReference = 2E33229628729B5700D74706 /* CounterDownMac.app */;
			productType = "com.apple.product-type.application";
		};
/* End PBXNativeTarget section */

/* Begin PBXProject section */
		2E33228E28729B5700D74706 /* Project object */ = {
			isa = PBXProject;
			attributes = {
				BuildIndependentTargetsInParallel = 1;
				LastSwiftUpdateCheck = 1400;
				LastUpgradeCheck = 1400;
				TargetAttributes = {
					2E33229528729B5700D74706 = {
						CreatedOnToolsVersion = 14.0;
					};
				};
			};
			buildConfigurationList = 2E33229128729B5700D74706 /* Build configuration list for PBXProject "CounterDownMac" */;
			compatibilityVersion = "Xcode 14.0";
			developmentRegion = en;
			hasScannedForEncodings = 0;
			knownRegions = (
				en,
				Base,
			);
			mainGroup = 2E33228D28729B5700D74706;
			productRefGroup = 2E33229728729B5700D74706 /* Products */;
			projectDirPath = "";
			projectRoot = "";
			targets = (
				2E33229528729B5700D74706 /* CounterDownMac */,
			);
		};
/* End PBXProject section */

/* Begin PBXResourcesBuildPhase section */
		2E33229428729B5700D74706 /* Resources */ = {
			isa = PBXResourcesBuildPhase;
			buildActionMask = 2147483647;
			files = (
				2E3322A128729B5800D74706 /* Preview Assets.xcassets in Resources */,
				2E33229E28729B5700D74706 /* Assets.xcassets in Resources */,
			);
			runOnlyForDeploymentPostprocessing = 0;
		};
/* End PBXResourcesBuildPhase section */

/* Begin PBXSourcesBuildPhase section */
		2E33229228729B5700D74706 /* Sources */ = {
			isa = PBXSourcesBuildPhase;
			buildActionMask = 2147483647;
			files = (
				2E33229C28729B5700D74706 /* ContentView.swift in Sources */,
				2E33229A28729B5700D74706 /* CounterDownMacApp.swift in Sources */,
				2E3322B128729C1D00D74706 /* ModelData.swift in Sources */,
			);
			runOnlyForDeploymentPostprocessing = 0;
		};
/* End PBXSourcesBuildPhase section */

/* Begin XCBuildConfiguration section */
		2E3322A328729B5800D74706 /* Debug */ = {
			isa = XCBuildConfiguration;
			buildSettings = {
				ALWAYS_SEARCH_USER_PATHS = NO;
				CLANG_ANALYZER_NONNULL = YES;
				CLANG_ANALYZER_NUMBER_OBJECT_CONVERSION = YES_AGGRESSIVE;
				CLANG_CXX_LANGUAGE_STANDARD = "gnu++17";
				CLANG_ENABLE_MODULES = YES;
				CLANG_ENABLE_OBJC_ARC = YES;
				CLANG_ENABLE_OBJC_WEAK = YES;
				CLANG_WARN_BLOCK_CAPTURE_AUTORELEASING = YES;
				CLANG_WARN_BOOL_CONVERSION = YES;
				CLANG_WARN_COMMA = YES;
				CLANG_WARN_CONSTANT_CONVERSION = YES;
				CLANG_WARN_DEPRECATED_OBJC_IMPLEMENTATIONS = YES;
				CLANG_WARN_DIRECT_OBJC_ISA_USAGE = YES_ERROR;
				CLANG_WARN_DOCUMENTATION_COMMENTS = YES;
				CLANG_WARN_EMPTY_BODY = YES;
				CLANG_WARN_ENUM_CONVERSION = YES;
				CLANG_WARN_INFINITE_RECURSION = YES;
				CLANG_WARN_INT_CONVERSION = YES;
				CLANG_WARN_NON_LITERAL_NULL_CONVERSION = YES;
				CLANG_WARN_OBJC_IMPLICIT_RETAIN_SELF = YES;
				CLANG_WARN_OBJC_LITERAL_CONVERSION = YES;
				CLANG_WARN_OBJC_ROOT_CLASS = YES_ERROR;
				CLANG_WARN_QUOTED_INCLUDE_IN_FRAMEWORK_HEADER = YES;
				CLANG_WARN_RANGE_LOOP_ANALYSIS = YES;
				CLANG_WARN_STRICT_PROTOTYPES = YES;
				CLANG_WARN_SUSPICIOUS_MOVE = YES;
				CLANG_WARN_UNGUARDED_AVAILABILITY = YES_AGGRESSIVE;
				CLANG_WARN_UNREACHABLE_CODE = YES;
				CLANG_WARN__DUPLICATE_METHOD_MATCH = YES;
				COPY_PHASE_STRIP = NO;
				DEBUG_INFORMATION_FORMAT = dwarf;
				ENABLE_STRICT_OBJC_MSGSEND = YES;
				ENABLE_TESTABILITY = YES;
				GCC_C_LANGUAGE_STANDARD = gnu11;
				GCC_DYNAMIC_NO_PIC = NO;
				GCC_NO_COMMON_BLOCKS = YES;
				GCC_OPTIMIZATION_LEVEL = 0;
				GCC_PREPROCESSOR_DEFINITIONS = (
					"DEBUG=1",
					"$(inherited)",
				);
				GCC_WARN_64_TO_32_BIT_CONVERSION = YES;
				GCC_WARN_ABOUT_RETURN_TYPE = YES_ERROR;
				GCC_WARN_UNDECLARED_SELECTOR = YES;
				GCC_WARN_UNINITIALIZED_AUTOS = YES_AGGRESSIVE;
				GCC_WARN_UNUSED_FUNCTION = YES;
				GCC_WARN_UNUSED_VARIABLE = YES;
				MACOSX_DEPLOYMENT_TARGET = 12.4;
				MTL_ENABLE_DEBUG_INFO = INCLUDE_SOURCE;
				MTL_FAST_MATH = YES;
				ONLY_ACTIVE_ARCH = YES;
				SDKROOT = macosx;
				SWIFT_ACTIVE_COMPILATION_CONDITIONS = DEBUG;
				SWIFT_OPTIMIZATION_LEVEL = "-Onone";
			};
			name = Debug;
		};
		2E3322A428729B5800D74706 /* Release */ = {
			isa = XCBuildConfiguration;
			buildSettings = {
				ALWAYS_SEARCH_USER_PATHS = NO;
				CLANG_ANALYZER_NONNULL = YES;
				CLANG_ANALYZER_NUMBER_OBJECT_CONVERSION = YES_AGGRESSIVE;
				CLANG_CXX_LANGUAGE_STANDARD = "gnu++17";
				CLANG_ENABLE_MODULES = YES;
				CLANG_ENABLE_OBJC_ARC = YES;
				CLANG_ENABLE_OBJC_WEAK = YES;
				CLANG_WARN_BLOCK_CAPTURE_AUTORELEASING = YES;
				CLANG_WARN_BOOL_CONVERSION = YES;
				CLANG_WARN_COMMA = YES;
				CLANG_WARN_CONSTANT_CONVERSION = YES;
				CLANG_WARN_DEPRECATED_OBJC_IMPLEMENTATIONS = YES;
				CLANG_WARN_DIRECT_OBJC_ISA_USAGE = YES_ERROR;
				CLANG_WARN_DOCUMENTATION_COMMENTS = YES;
				CLANG_WARN_EMPTY_BODY = YES;
				CLANG_WARN_ENUM_CONVERSION = YES;
				CLANG_WARN_INFINITE_RECURSION = YES;
				CLANG_WARN_INT_CONVERSION = YES;
				CLANG_WARN_NON_LITERAL_NULL_CONVERSION = YES;
				CLANG_WARN_OBJC_IMPLICIT_RETAIN_SELF = YES;
				CLANG_WARN_OBJC_LITERAL_CONVERSION = YES;
				CLANG_WARN_OBJC_ROOT_CLASS = YES_ERROR;
				CLANG_WARN_QUOTED_INCLUDE_IN_FRAMEWORK_HEADER = YES;
				CLANG_WARN_RANGE_LOOP_ANALYSIS = YES;
				CLANG_WARN_STRICT_PROTOTYPES = YES;
				CLANG_WARN_SUSPICIOUS_MOVE = YES;
				CLANG_WARN_UNGUARDED_AVAILABILITY = YES_AGGRESSIVE;
				CLANG_WARN_UNREACHABLE_CODE = YES;
				CLANG_WARN__DUPLICATE_METHOD_MATCH = YES;
				COPY_PHASE_STRIP = NO;
				DEBUG_INFORMATION_FORMAT = "dwarf-with-dsym";
				ENABLE_NS_ASSERTIONS = NO;
				ENABLE_STRICT_OBJC_MSGSEND = YES;
				GCC_C_LANGUAGE_STANDARD = gnu11;
				GCC_NO_COMMON_BLOCKS = YES;
				GCC_WARN_64_TO_32_BIT_CONVERSION = YES;
				GCC_WARN_ABOUT_RETURN_TYPE = YES_ERROR;
				GCC_WARN_UNDECLARED_SELECTOR = YES;
				GCC_WARN_UNINITIALIZED_AUTOS = YES_AGGRESSIVE;
				GCC_WARN_UNUSED_FUNCTION = YES;
				GCC_WARN_UNUSED_VARIABLE = YES;
				MACOSX_DEPLOYMENT_TARGET = 12.4;
				MTL_ENABLE_DEBUG_INFO = NO;
				MTL_FAST_MATH = YES;
				SDKROOT = macosx;
				SWIFT_COMPILATION_MODE = wholemodule;
				SWIFT_OPTIMIZATION_LEVEL = "-O";
			};
			name = Release;
		};
		2E3322A628729B5800D74706 /* Debug */ = {
			isa = XCBuildConfiguration;
			buildSettings = {
				ASSETCATALOG_COMPILER_APPICON_NAME = AppIcon;
				ASSETCATALOG_COMPILER_GLOBAL_ACCENT_COLOR_NAME = AccentColor;
				CODE_SIGN_ENTITLEMENTS = CounterDownMac/CounterDownMac.entitlements;
				CODE_SIGN_STYLE = Automatic;
				COMBINE_HIDPI_IMAGES = YES;
				CURRENT_PROJECT_VERSION = 1;
				DEVELOPMENT_ASSET_PATHS = "\"CounterDownMac/Preview Content\"";
				DEVELOPMENT_TEAM = 3S8XC6A264;
				ENABLE_HARDENED_RUNTIME = YES;
				ENABLE_PREVIEWS = YES;
				GENERATE_INFOPLIST_FILE = YES;
				INFOPLIST_KEY_CFBundleDisplayName = CounterDown;
				INFOPLIST_KEY_NSHumanReadableCopyright = "";
				LD_RUNPATH_SEARCH_PATHS = (
					"$(inherited)",
					"@executable_path/../Frameworks",
				);
				MARKETING_VERSION = 1.0;
				PRODUCT_BUNDLE_IDENTIFIER = com.Cameron.Slash.CounterDownMac;
				PRODUCT_NAME = "$(TARGET_NAME)";
				SWIFT_EMIT_LOC_STRINGS = YES;
				SWIFT_VERSION = 5.0;
			};
			name = Debug;
		};
		2E3322A728729B5800D74706 /* Release */ = {
			isa = XCBuildConfiguration;
			buildSettings = {
				ASSETCATALOG_COMPILER_APPICON_NAME = AppIcon;
				ASSETCATALOG_COMPILER_GLOBAL_ACCENT_COLOR_NAME = AccentColor;
				CODE_SIGN_ENTITLEMENTS = CounterDownMac/CounterDownMac.entitlements;
				CODE_SIGN_STYLE = Automatic;
				COMBINE_HIDPI_IMAGES = YES;
				CURRENT_PROJECT_VERSION = 1;
				DEVELOPMENT_ASSET_PATHS = "\"CounterDownMac/Preview Content\"";
				DEVELOPMENT_TEAM = 3S8XC6A264;
				ENABLE_HARDENED_RUNTIME = YES;
				ENABLE_PREVIEWS = YES;
				GENERATE_INFOPLIST_FILE = YES;
				INFOPLIST_KEY_CFBundleDisplayName = CounterDown;
				INFOPLIST_KEY_NSHumanReadableCopyright = "";
				LD_RUNPATH_SEARCH_PATHS = (
					"$(inherited)",
					"@executable_path/../Frameworks",
				);
				MARKETING_VERSION = 1.0;
				PRODUCT_BUNDLE_IDENTIFIER = com.Cameron.Slash.CounterDownMac;
				PRODUCT_NAME = "$(TARGET_NAME)";
				SWIFT_EMIT_LOC_STRINGS = YES;
				SWIFT_VERSION = 5.0;
			};
			name = Release;
		};
/* End XCBuildConfiguration section */

/* Begin XCConfigurationList section */
		2E33229128729B5700D74706 /* Build configuration list for PBXProject "CounterDownMac" */ = {
			isa = XCConfigurationList;
			buildConfigurations = (
				2E3322A328729B5800D74706 /* Debug */,
				2E3322A428729B5800D74706 /* Release */,
			);
			defaultConfigurationIsVisible = 0;
			defaultConfigurationName = Release;
		};
		2E3322A528729B5800D74706 /* Build configuration list for PBXNativeTarget "CounterDownMac" */ = {
			isa = XCConfigurationList;
			buildConfigurations = (
				2E3322A628729B5800D74706 /* Debug */,
				2E3322A728729B5800D74706 /* Release */,
			);
			defaultConfigurationIsVisible = 0;
			defaultConfigurationName = Release;
		};
/* End XCConfigurationList section */
	};
	rootObject = 2E33228E28729B5700D74706 /* Project object */;
}
